{
  "version": 4,
  "terraform_version": "1.6.6",
  "serial": 160,
  "lineage": "aff48936-c050-bed3-cc25-b41e235e1cbb",
  "outputs": {},
  "resources": [
    {
      "mode": "managed",
      "type": "google_compute_address",
      "name": "gateway-public-ip",
      "provider": "provider[\"registry.terraform.io/hashicorp/google\"]",
      "instances": [
        {
          "schema_version": 0,
          "attributes": {
            "address": "34.155.133.193",
            "address_type": "EXTERNAL",
            "creation_timestamp": "2024-03-30T12:08:48.178-07:00",
            "description": "",
            "effective_labels": {},
            "id": "projects/bigdata-project-418815/regions/europe-west9/addresses/gateway-public-ip",
            "ip_version": "",
            "ipv6_endpoint_type": "",
            "label_fingerprint": "42WmSpB8rSM=",
            "labels": null,
            "name": "gateway-public-ip",
            "network": "",
            "network_tier": "PREMIUM",
            "prefix_length": 0,
            "project": "bigdata-project-418815",
            "purpose": "",
            "region": "europe-west9",
            "self_link": "https://www.googleapis.com/compute/v1/projects/bigdata-project-418815/regions/europe-west9/addresses/gateway-public-ip",
            "subnetwork": "",
            "terraform_labels": {},
            "timeouts": null,
            "users": []
          },
          "sensitive_attributes": [],
          "private": "eyJlMmJmYjczMC1lY2FhLTExZTYtOGY4OC0zNDM2M2JjN2M0YzAiOnsiY3JlYXRlIjoxMjAwMDAwMDAwMDAwLCJkZWxldGUiOjEyMDAwMDAwMDAwMDAsInVwZGF0ZSI6MTIwMDAwMDAwMDAwMH19"
        }
      ]
    },
    {
      "mode": "managed",
      "type": "google_compute_firewall",
      "name": "external",
      "provider": "provider[\"registry.terraform.io/hashicorp/google\"]",
      "instances": [
        {
          "schema_version": 1,
          "attributes": {
            "allow": [
              {
                "ports": [
                  "22",
                  "443",
                  "80",
                  "8080",
                  "8081",
                  "8082"
                ],
                "protocol": "tcp"
              }
            ],
            "creation_timestamp": "2024-03-30T12:09:09.863-07:00",
            "deny": [],
            "description": "",
            "destination_ranges": [],
            "direction": "INGRESS",
            "disabled": false,
            "enable_logging": null,
            "id": "projects/bigdata-project-418815/global/firewalls/allow-external",
            "log_config": [],
            "name": "allow-external",
            "network": "https://www.googleapis.com/compute/v1/projects/bigdata-project-418815/global/networks/sdtd-network",
            "priority": 1000,
            "project": "bigdata-project-418815",
            "self_link": "https://www.googleapis.com/compute/v1/projects/bigdata-project-418815/global/firewalls/allow-external",
            "source_ranges": [
              "0.0.0.0/0"
            ],
            "source_service_accounts": null,
            "source_tags": null,
            "target_service_accounts": null,
            "target_tags": null,
            "timeouts": null
          },
          "sensitive_attributes": [],
          "private": "eyJlMmJmYjczMC1lY2FhLTExZTYtOGY4OC0zNDM2M2JjN2M0YzAiOnsiY3JlYXRlIjoxMjAwMDAwMDAwMDAwLCJkZWxldGUiOjEyMDAwMDAwMDAwMDAsInVwZGF0ZSI6MTIwMDAwMDAwMDAwMH0sInNjaGVtYV92ZXJzaW9uIjoiMSJ9",
          "dependencies": [
            "google_compute_network.default"
          ]
        }
      ]
    },
    {
      "mode": "managed",
      "type": "google_compute_firewall",
      "name": "internal",
      "provider": "provider[\"registry.terraform.io/hashicorp/google\"]",
      "instances": [
        {
          "schema_version": 1,
          "attributes": {
            "allow": [
              {
                "ports": [
                  "22",
                  "6443",
                  "2379-2380",
                  "10250",
                  "10259",
                  "10257",
                  "30000-32767"
                ],
                "protocol": "tcp"
              },
              {
                "ports": [],
                "protocol": "icmp"
              },
              {
                "ports": [],
                "protocol": "udp"
              }
            ],
            "creation_timestamp": "2024-03-30T12:09:09.922-07:00",
            "deny": [],
            "description": "",
            "destination_ranges": [],
            "direction": "INGRESS",
            "disabled": false,
            "enable_logging": null,
            "id": "projects/bigdata-project-418815/global/firewalls/allow-internal",
            "log_config": [],
            "name": "allow-internal",
            "network": "https://www.googleapis.com/compute/v1/projects/bigdata-project-418815/global/networks/sdtd-network",
            "priority": 1000,
            "project": "bigdata-project-418815",
            "self_link": "https://www.googleapis.com/compute/v1/projects/bigdata-project-418815/global/firewalls/allow-internal",
            "source_ranges": [
              "192.168.7.0/24"
            ],
            "source_service_accounts": null,
            "source_tags": null,
            "target_service_accounts": null,
            "target_tags": null,
            "timeouts": null
          },
          "sensitive_attributes": [],
          "private": "eyJlMmJmYjczMC1lY2FhLTExZTYtOGY4OC0zNDM2M2JjN2M0YzAiOnsiY3JlYXRlIjoxMjAwMDAwMDAwMDAwLCJkZWxldGUiOjEyMDAwMDAwMDAwMDAsInVwZGF0ZSI6MTIwMDAwMDAwMDAwMH0sInNjaGVtYV92ZXJzaW9uIjoiMSJ9",
          "dependencies": [
            "google_compute_network.default"
          ]
        }
      ]
    },
    {
      "mode": "managed",
      "type": "google_compute_instance",
      "name": "gateway-server",
      "provider": "provider[\"registry.terraform.io/hashicorp/google\"]",
      "instances": [
        {
          "schema_version": 6,
          "attributes": {
            "advanced_machine_features": [],
            "allow_stopping_for_update": null,
            "attached_disk": [],
            "boot_disk": [
              {
                "auto_delete": true,
                "device_name": "persistent-disk-0",
                "disk_encryption_key_raw": "",
                "disk_encryption_key_sha256": "",
                "initialize_params": [
                  {
                    "enable_confidential_compute": false,
                    "image": "https://www.googleapis.com/compute/v1/projects/ubuntu-os-cloud/global/images/ubuntu-2004-focal-v20240307b",
                    "labels": {},
                    "provisioned_iops": 0,
                    "provisioned_throughput": 0,
                    "resource_manager_tags": null,
                    "size": 10,
                    "type": "pd-standard"
                  }
                ],
                "kms_key_self_link": "",
                "mode": "READ_WRITE",
                "source": "https://www.googleapis.com/compute/v1/projects/bigdata-project-418815/zones/europe-west9-a/disks/gateway-server"
              }
            ],
            "can_ip_forward": false,
            "confidential_instance_config": [],
            "cpu_platform": "Intel Broadwell",
            "current_status": "RUNNING",
            "deletion_protection": false,
            "description": "",
            "desired_status": null,
            "effective_labels": {},
            "enable_display": false,
            "guest_accelerator": [],
            "hostname": "",
            "id": "projects/bigdata-project-418815/zones/europe-west9-a/instances/gateway-server",
            "instance_id": "822731238101343620",
            "label_fingerprint": "42WmSpB8rSM=",
            "labels": null,
            "machine_type": "e2-standard-2",
            "metadata": null,
            "metadata_fingerprint": "mPl7b2QF-tA=",
            "metadata_startup_script": null,
            "min_cpu_platform": "",
            "name": "gateway-server",
            "network_interface": [
              {
                "access_config": [
                  {
                    "nat_ip": "34.155.133.193",
                    "network_tier": "PREMIUM",
                    "public_ptr_domain_name": ""
                  }
                ],
                "alias_ip_range": [],
                "internal_ipv6_prefix_length": 0,
                "ipv6_access_config": [],
                "ipv6_access_type": "",
                "ipv6_address": "",
                "name": "nic0",
                "network": "https://www.googleapis.com/compute/v1/projects/bigdata-project-418815/global/networks/sdtd-network",
                "network_ip": "192.168.7.30",
                "nic_type": "",
                "queue_count": 0,
                "stack_type": "IPV4_ONLY",
                "subnetwork": "https://www.googleapis.com/compute/v1/projects/bigdata-project-418815/regions/europe-west9/subnetworks/sdtd-sub-network",
                "subnetwork_project": "bigdata-project-418815"
              }
            ],
            "network_performance_config": [],
            "params": [],
            "project": "bigdata-project-418815",
            "reservation_affinity": [],
            "resource_policies": null,
            "scheduling": [
              {
                "automatic_restart": true,
                "instance_termination_action": "",
                "local_ssd_recovery_timeout": [],
                "min_node_cpus": 0,
                "node_affinities": [],
                "on_host_maintenance": "MIGRATE",
                "preemptible": false,
                "provisioning_model": "STANDARD"
              }
            ],
            "scratch_disk": [],
            "self_link": "https://www.googleapis.com/compute/v1/projects/bigdata-project-418815/zones/europe-west9-a/instances/gateway-server",
            "service_account": [],
            "shielded_instance_config": [
              {
                "enable_integrity_monitoring": true,
                "enable_secure_boot": false,
                "enable_vtpm": true
              }
            ],
            "tags": [
              "gateway"
            ],
            "tags_fingerprint": "UrM6jlsUTDs=",
            "terraform_labels": {},
            "timeouts": null,
            "zone": "europe-west9-a"
          },
          "sensitive_attributes": [],
          "private": "eyJlMmJmYjczMC1lY2FhLTExZTYtOGY4OC0zNDM2M2JjN2M0YzAiOnsiY3JlYXRlIjoxMjAwMDAwMDAwMDAwLCJkZWxldGUiOjEyMDAwMDAwMDAwMDAsInVwZGF0ZSI6MTIwMDAwMDAwMDAwMH0sInNjaGVtYV92ZXJzaW9uIjoiNiJ9",
          "dependencies": [
            "google_compute_address.gateway-public-ip",
            "google_compute_network.default",
            "google_compute_subnetwork.default",
            "local_sensitive_file.private_key",
            "tls_private_key.ssh"
          ]
        }
      ]
    },
    {
      "mode": "managed",
      "type": "google_compute_instance",
      "name": "master",
      "provider": "provider[\"registry.terraform.io/hashicorp/google\"]",
      "instances": [
        {
          "index_key": 0,
          "schema_version": 6,
          "attributes": {
            "advanced_machine_features": [],
            "allow_stopping_for_update": null,
            "attached_disk": [],
            "boot_disk": [
              {
                "auto_delete": true,
                "device_name": "persistent-disk-0",
                "disk_encryption_key_raw": "",
                "disk_encryption_key_sha256": "",
                "initialize_params": [
                  {
                    "enable_confidential_compute": false,
                    "image": "https://www.googleapis.com/compute/v1/projects/ubuntu-os-cloud/global/images/ubuntu-2004-focal-v20240307b",
                    "labels": {},
                    "provisioned_iops": 0,
                    "provisioned_throughput": 0,
                    "resource_manager_tags": null,
                    "size": 10,
                    "type": "pd-standard"
                  }
                ],
                "kms_key_self_link": "",
                "mode": "READ_WRITE",
                "source": "https://www.googleapis.com/compute/v1/projects/bigdata-project-418815/zones/europe-west9-a/disks/master-0"
              }
            ],
            "can_ip_forward": false,
            "confidential_instance_config": [],
            "cpu_platform": "Intel Broadwell",
            "current_status": "RUNNING",
            "deletion_protection": false,
            "description": "",
            "desired_status": null,
            "effective_labels": {},
            "enable_display": false,
            "guest_accelerator": [],
            "hostname": "",
            "id": "projects/bigdata-project-418815/zones/europe-west9-a/instances/master-0",
            "instance_id": "1753609019473649027",
            "label_fingerprint": "42WmSpB8rSM=",
            "labels": null,
            "machine_type": "e2-standard-2",
            "metadata": null,
            "metadata_fingerprint": "mPl7b2QF-tA=",
            "metadata_startup_script": null,
            "min_cpu_platform": "",
            "name": "master-0",
            "network_interface": [
              {
                "access_config": [],
                "alias_ip_range": [],
                "internal_ipv6_prefix_length": 0,
                "ipv6_access_config": [],
                "ipv6_access_type": "",
                "ipv6_address": "",
                "name": "nic0",
                "network": "https://www.googleapis.com/compute/v1/projects/bigdata-project-418815/global/networks/sdtd-network",
                "network_ip": "192.168.7.10",
                "nic_type": "",
                "queue_count": 0,
                "stack_type": "IPV4_ONLY",
                "subnetwork": "https://www.googleapis.com/compute/v1/projects/bigdata-project-418815/regions/europe-west9/subnetworks/sdtd-sub-network",
                "subnetwork_project": "bigdata-project-418815"
              }
            ],
            "network_performance_config": [],
            "params": [],
            "project": "bigdata-project-418815",
            "reservation_affinity": [],
            "resource_policies": null,
            "scheduling": [
              {
                "automatic_restart": true,
                "instance_termination_action": "",
                "local_ssd_recovery_timeout": [],
                "min_node_cpus": 0,
                "node_affinities": [],
                "on_host_maintenance": "MIGRATE",
                "preemptible": false,
                "provisioning_model": "STANDARD"
              }
            ],
            "scratch_disk": [],
            "self_link": "https://www.googleapis.com/compute/v1/projects/bigdata-project-418815/zones/europe-west9-a/instances/master-0",
            "service_account": [],
            "shielded_instance_config": [
              {
                "enable_integrity_monitoring": true,
                "enable_secure_boot": false,
                "enable_vtpm": true
              }
            ],
            "tags": [
              "master"
            ],
            "tags_fingerprint": "4y7qQ8dL1yM=",
            "terraform_labels": {},
            "timeouts": null,
            "zone": "europe-west9-a"
          },
          "sensitive_attributes": [],
          "private": "eyJlMmJmYjczMC1lY2FhLTExZTYtOGY4OC0zNDM2M2JjN2M0YzAiOnsiY3JlYXRlIjoxMjAwMDAwMDAwMDAwLCJkZWxldGUiOjEyMDAwMDAwMDAwMDAsInVwZGF0ZSI6MTIwMDAwMDAwMDAwMH0sInNjaGVtYV92ZXJzaW9uIjoiNiJ9",
          "dependencies": [
            "google_compute_network.default",
            "google_compute_subnetwork.default"
          ]
        }
      ]
    },
    {
      "mode": "managed",
      "type": "google_compute_instance",
      "name": "worker",
      "provider": "provider[\"registry.terraform.io/hashicorp/google\"]",
      "instances": [
        {
          "index_key": 0,
          "schema_version": 6,
          "attributes": {
            "advanced_machine_features": [],
            "allow_stopping_for_update": null,
            "attached_disk": [],
            "boot_disk": [
              {
                "auto_delete": true,
                "device_name": "persistent-disk-0",
                "disk_encryption_key_raw": "",
                "disk_encryption_key_sha256": "",
                "initialize_params": [
                  {
                    "enable_confidential_compute": false,
                    "image": "https://www.googleapis.com/compute/v1/projects/ubuntu-os-cloud/global/images/ubuntu-2004-focal-v20240307b",
                    "labels": {},
                    "provisioned_iops": 0,
                    "provisioned_throughput": 0,
                    "resource_manager_tags": null,
                    "size": 10,
                    "type": "pd-standard"
                  }
                ],
                "kms_key_self_link": "",
                "mode": "READ_WRITE",
                "source": "https://www.googleapis.com/compute/v1/projects/bigdata-project-418815/zones/europe-west9-a/disks/worker-0"
              }
            ],
            "can_ip_forward": false,
            "confidential_instance_config": [],
            "cpu_platform": "Intel Broadwell",
            "current_status": "RUNNING",
            "deletion_protection": false,
            "description": "",
            "desired_status": null,
            "effective_labels": {},
            "enable_display": false,
            "guest_accelerator": [],
            "hostname": "",
            "id": "projects/bigdata-project-418815/zones/europe-west9-a/instances/worker-0",
            "instance_id": "2804827399318265219",
            "label_fingerprint": "42WmSpB8rSM=",
            "labels": null,
            "machine_type": "e2-standard-2",
            "metadata": null,
            "metadata_fingerprint": "mPl7b2QF-tA=",
            "metadata_startup_script": null,
            "min_cpu_platform": "",
            "name": "worker-0",
            "network_interface": [
              {
                "access_config": [],
                "alias_ip_range": [],
                "internal_ipv6_prefix_length": 0,
                "ipv6_access_config": [],
                "ipv6_access_type": "",
                "ipv6_address": "",
                "name": "nic0",
                "network": "https://www.googleapis.com/compute/v1/projects/bigdata-project-418815/global/networks/sdtd-network",
                "network_ip": "192.168.7.20",
                "nic_type": "",
                "queue_count": 0,
                "stack_type": "IPV4_ONLY",
                "subnetwork": "https://www.googleapis.com/compute/v1/projects/bigdata-project-418815/regions/europe-west9/subnetworks/sdtd-sub-network",
                "subnetwork_project": "bigdata-project-418815"
              }
            ],
            "network_performance_config": [],
            "params": [],
            "project": "bigdata-project-418815",
            "reservation_affinity": [],
            "resource_policies": null,
            "scheduling": [
              {
                "automatic_restart": true,
                "instance_termination_action": "",
                "local_ssd_recovery_timeout": [],
                "min_node_cpus": 0,
                "node_affinities": [],
                "on_host_maintenance": "MIGRATE",
                "preemptible": false,
                "provisioning_model": "STANDARD"
              }
            ],
            "scratch_disk": [],
            "self_link": "https://www.googleapis.com/compute/v1/projects/bigdata-project-418815/zones/europe-west9-a/instances/worker-0",
            "service_account": [],
            "shielded_instance_config": [
              {
                "enable_integrity_monitoring": true,
                "enable_secure_boot": false,
                "enable_vtpm": true
              }
            ],
            "tags": [
              "worker"
            ],
            "tags_fingerprint": "uvqiNQvnefU=",
            "terraform_labels": {},
            "timeouts": null,
            "zone": "europe-west9-a"
          },
          "sensitive_attributes": [],
          "private": "eyJlMmJmYjczMC1lY2FhLTExZTYtOGY4OC0zNDM2M2JjN2M0YzAiOnsiY3JlYXRlIjoxMjAwMDAwMDAwMDAwLCJkZWxldGUiOjEyMDAwMDAwMDAwMDAsInVwZGF0ZSI6MTIwMDAwMDAwMDAwMH0sInNjaGVtYV92ZXJzaW9uIjoiNiJ9",
          "dependencies": [
            "google_compute_network.default",
            "google_compute_subnetwork.default"
          ]
        }
      ]
    },
    {
      "mode": "managed",
      "type": "google_compute_network",
      "name": "default",
      "provider": "provider[\"registry.terraform.io/hashicorp/google\"]",
      "instances": [
        {
          "schema_version": 0,
          "attributes": {
            "auto_create_subnetworks": false,
            "delete_default_routes_on_create": false,
            "description": "",
            "enable_ula_internal_ipv6": false,
            "gateway_ipv4": "",
            "id": "projects/bigdata-project-418815/global/networks/sdtd-network",
            "internal_ipv6_range": "",
            "mtu": 0,
            "name": "sdtd-network",
            "network_firewall_policy_enforcement_order": "AFTER_CLASSIC_FIREWALL",
            "numeric_id": "4869870898123234768",
            "project": "bigdata-project-418815",
            "routing_mode": "REGIONAL",
            "self_link": "https://www.googleapis.com/compute/v1/projects/bigdata-project-418815/global/networks/sdtd-network",
            "timeouts": null
          },
          "sensitive_attributes": [],
          "private": "eyJlMmJmYjczMC1lY2FhLTExZTYtOGY4OC0zNDM2M2JjN2M0YzAiOnsiY3JlYXRlIjoxMjAwMDAwMDAwMDAwLCJkZWxldGUiOjEyMDAwMDAwMDAwMDAsInVwZGF0ZSI6MTIwMDAwMDAwMDAwMH19"
        }
      ]
    },
    {
      "mode": "managed",
      "type": "google_compute_project_metadata",
      "name": "default",
      "provider": "provider[\"registry.terraform.io/hashicorp/google\"]",
      "instances": [
        {
          "schema_version": 0,
          "attributes": {
            "id": "bigdata-project-418815",
            "metadata": {
              "ssh-keys": "root:ssh-rsa AAAAB3NzaC1yc2EAAAADAQABAAACAQDudNuih2YlL9P0VPoJ7Dc9JwS+dWN3NfitEzXfWfVAqbTdsw++EaRFmOVrwHO6oyT4x2I8pIUhOlDTPQrgbV7VsaVWY1NOvrpLP6YMNvBbb8Q07Iqk60RRkvRON/6ZZReRSD5Q22PppkAxe9axgrB17DfR01l7Mubim8mMypubsx0J8tVemqE6jsmX41fvJvvqtJ93y0qMDpcUBWoPtW4ee7DIW5qDweCnlDAVqrnXQ6E8MJiOGk3ZjNYWZYGksDydhuH/T1+8BYOeM2dw1hZnYwfLPHms9XvkESCjuY0Nb7519HpKbxsR4Eg23mCVpn1rUvhVZLMm0D5vJolPg4ALaDTs1CDG5sKSf2Dr4gKogRwBxxkMeIs7iPdfz9swUKw1h2XRM13tn8ID9oL948a9DRFx8Hz6hEPUlyU8bJPlCA6G8V18OwasK1MPzJKZFC4LAUrs/OTiF4YjLoOlyqpAQTKcR9hXBdOyjtwqKXYBH+05VQl+z0hnpp1M0o3MboerTC9+EnlF/mMFg8ZDtNZFlXHmLr93XRxZwhsSpq18zVyR/AzZl+H9rwjOVfiIZ54drYFPOWiIRPK0nRpmgZuY9eoX54vW7uNoSKjfqJsulDMRHJfQ8MwrVW8HhufJecTdgpCAFEuC7vfsJAGWcbP62jaZQL7OmdjCtFXwN8elUw==\n"
            },
            "project": "bigdata-project-418815",
            "timeouts": null
          },
          "sensitive_attributes": [],
          "private": "eyJlMmJmYjczMC1lY2FhLTExZTYtOGY4OC0zNDM2M2JjN2M0YzAiOnsiY3JlYXRlIjoyNDAwMDAwMDAwMDAsImRlbGV0ZSI6MjQwMDAwMDAwMDAwfX0=",
          "dependencies": [
            "tls_private_key.ssh"
          ]
        }
      ]
    },
    {
      "mode": "managed",
      "type": "google_compute_router",
      "name": "nat_router",
      "provider": "provider[\"registry.terraform.io/hashicorp/google\"]",
      "instances": [
        {
          "schema_version": 0,
          "attributes": {
            "bgp": [
              {
                "advertise_mode": "DEFAULT",
                "advertised_groups": null,
                "advertised_ip_ranges": [],
                "asn": 64514,
                "keepalive_interval": 20
              }
            ],
            "creation_timestamp": "2024-03-30T12:09:10.054-07:00",
            "description": "",
            "encrypted_interconnect_router": false,
            "id": "projects/bigdata-project-418815/regions/europe-west9/routers/nat-router",
            "name": "nat-router",
            "network": "https://www.googleapis.com/compute/v1/projects/bigdata-project-418815/global/networks/sdtd-network",
            "project": "bigdata-project-418815",
            "region": "europe-west9",
            "self_link": "https://www.googleapis.com/compute/v1/projects/bigdata-project-418815/regions/europe-west9/routers/nat-router",
            "timeouts": null
          },
          "sensitive_attributes": [],
          "private": "eyJlMmJmYjczMC1lY2FhLTExZTYtOGY4OC0zNDM2M2JjN2M0YzAiOnsiY3JlYXRlIjoxMjAwMDAwMDAwMDAwLCJkZWxldGUiOjEyMDAwMDAwMDAwMDAsInVwZGF0ZSI6MTIwMDAwMDAwMDAwMH19",
          "dependencies": [
            "google_compute_network.default"
          ]
        }
      ]
    },
    {
      "mode": "managed",
      "type": "google_compute_router_nat",
      "name": "nat_gateway",
      "provider": "provider[\"registry.terraform.io/hashicorp/google\"]",
      "instances": [
        {
          "schema_version": 0,
          "attributes": {
            "drain_nat_ips": null,
            "enable_dynamic_port_allocation": false,
            "enable_endpoint_independent_mapping": false,
            "icmp_idle_timeout_sec": 30,
            "id": "bigdata-project-418815/europe-west9/nat-router/nat-gateway",
            "log_config": [],
            "max_ports_per_vm": 0,
            "min_ports_per_vm": 0,
            "name": "nat-gateway",
            "nat_ip_allocate_option": "AUTO_ONLY",
            "nat_ips": null,
            "project": "bigdata-project-418815",
            "region": "europe-west9",
            "router": "nat-router",
            "rules": [],
            "source_subnetwork_ip_ranges_to_nat": "ALL_SUBNETWORKS_ALL_IP_RANGES",
            "subnetwork": [],
            "tcp_established_idle_timeout_sec": 1200,
            "tcp_time_wait_timeout_sec": 120,
            "tcp_transitory_idle_timeout_sec": 30,
            "timeouts": null,
            "udp_idle_timeout_sec": 30
          },
          "sensitive_attributes": [],
          "private": "eyJlMmJmYjczMC1lY2FhLTExZTYtOGY4OC0zNDM2M2JjN2M0YzAiOnsiY3JlYXRlIjoxMjAwMDAwMDAwMDAwLCJkZWxldGUiOjEyMDAwMDAwMDAwMDAsInVwZGF0ZSI6MTIwMDAwMDAwMDAwMH19",
          "dependencies": [
            "google_compute_network.default",
            "google_compute_router.nat_router"
          ]
        }
      ]
    },
    {
      "mode": "managed",
      "type": "google_compute_subnetwork",
      "name": "default",
      "provider": "provider[\"registry.terraform.io/hashicorp/google\"]",
      "instances": [
        {
          "schema_version": 0,
          "attributes": {
            "creation_timestamp": "2024-03-30T12:09:10.482-07:00",
            "description": "",
            "external_ipv6_prefix": "",
            "fingerprint": null,
            "gateway_address": "192.168.7.1",
            "id": "projects/bigdata-project-418815/regions/europe-west9/subnetworks/sdtd-sub-network",
            "internal_ipv6_prefix": "",
            "ip_cidr_range": "192.168.7.0/24",
            "ipv6_access_type": "",
            "ipv6_cidr_range": "",
            "log_config": [],
            "name": "sdtd-sub-network",
            "network": "https://www.googleapis.com/compute/v1/projects/bigdata-project-418815/global/networks/sdtd-network",
            "private_ip_google_access": false,
            "private_ipv6_google_access": "DISABLE_GOOGLE_ACCESS",
            "project": "bigdata-project-418815",
            "purpose": "PRIVATE",
            "region": "europe-west9",
            "role": "",
            "secondary_ip_range": [],
            "self_link": "https://www.googleapis.com/compute/v1/projects/bigdata-project-418815/regions/europe-west9/subnetworks/sdtd-sub-network",
            "stack_type": "IPV4_ONLY",
            "timeouts": null
          },
          "sensitive_attributes": [],
          "private": "eyJlMmJmYjczMC1lY2FhLTExZTYtOGY4OC0zNDM2M2JjN2M0YzAiOnsiY3JlYXRlIjoxMjAwMDAwMDAwMDAwLCJkZWxldGUiOjEyMDAwMDAwMDAwMDAsInVwZGF0ZSI6MTIwMDAwMDAwMDAwMH19",
          "dependencies": [
            "google_compute_network.default"
          ]
        }
      ]
    },
    {
      "mode": "managed",
      "type": "local_sensitive_file",
      "name": "private_key",
      "provider": "provider[\"registry.terraform.io/hashicorp/local\"]",
      "instances": [
        {
          "schema_version": 0,
          "attributes": {
            "content": "-----BEGIN RSA PRIVATE KEY-----\nMIIJKAIBAAKCAgEA7nTboodmJS/T9FT6Cew3PScEvnVjdzX4rRM131n1QKm03bMP\nvhGkRZjla8BzuqMk+MdiPKSFITpQ0z0K4G1e1bGlVmNTTr66Sz+mDDbwW2/ENOyK\npOtEUZL0Tjf+mWUXkUg+UNtj6aZAMXvWsYKwdew30dNZezLm4pvJjMqbm7MdCfLV\nXpqhOo7Jl+NX7yb76rSfd8tKjA6XFAVqD7VuHnuwyFuag8Hgp5QwFaq510OhPDCY\njhpN2YzWFmWBpLA8nYbh/09fvAWDnjNncNYWZ2MHyzx5rPV75BEgo7mNDW++dfR6\nSm8bEeBINt5glaZ9a1L4VWSzJtA+byaJT4OAC2g07NQgxubCkn9g6+ICqIEcAccZ\nDHiLO4j3X8/bMFCsNYdl0TNd7Z/CA/aC/ePGvQ0RcfB8+oRD1JclPGyT5QgOhvFd\nfDsGrCtTD8ySmRQuCwFK7Pzk4heGIy6DpcqqQEEynEfYVwXTso7cKil2AR/tOVUJ\nfs9IZ6adTNKNzG6Hq0wvfhJ5Rf5jBYPGQ7TWRZVx5i6/d10cWcIbEqatfM1ckfwM\n2Zfh/a8IzlX4iGeeHa2BTzloiETytJ0aZoGbmPXqF+eL1u7jaEio36ibLpQzERyX\n0PDMK1VvB4bnyXnE3YKQgBRLgu737CQBlnGz+to2mUC+zpnYwrRV8DfHpVMCAwEA\nAQKCAgAek/WmPd6nXh678jmuFBBxUxOUqND8dHtTFmeOIKcGh7ydwVx/bxu1oQmq\na59ri4guLsM2K5K21BeRPv6qENxcYs9k6I/CRUr2Y08TuefQkeCDOOH+i/zSyRly\n/lMzsHb5Nl5nV/rT93G75rl9QdkHBieSTJvo5HofDQMnfsO9j5ZltDIQU5vhOnY3\nd/vKuyEK0+avIe6JT0WoV5lmMknQtuPQjY6e3rnEQ4h2/tGd/Ror8b9eWZkqEJlT\nfejGCaN8P9OzPaZ1Ie/i1YyqN4nf8B8LvNGNkF02vcuFs0GXO4Ec9yDHcr/x5uTb\nxGB2UEc9AALAUI14qLOY5UQuYhqFHJUMIbrbNxo/mmHUKnC4O/HRiia4x8tsSmH6\n6dmQAKnuV3Vac9ySQ0/cv+W1mJH6xGEFOYpTGLM6KdDDfbdEUfvlyqJ+fK9JG4CH\nvXjrjVp1+PNyXPGCjpgzj430kNoU/wzoEHhTh/lEANi2D06XECcrqmJ52wn/PtuV\n4cfPGArBYQ/HB22nRIbZyMHJSgpO/zSl3dK6WzXn0b3o2d0kNMS6sKu9MK2W/3Oi\n5QR4/Vud4YZyvkD+FHMi9sEmIBZ4ODhnv9ISDgdLpANlIenKkdSIQ9Ayy0C9RBHO\nEkV+dXuw4SRajneAocGPEdNloZChqXgjmLBPNpSx6D2ZrpnrAQKCAQEA9H4Fk9kF\n+Ex08uss6cOPiW3q26Gz4Le7HICcghjA5pbYz49EToBx17pH06tX2xJ8d1uvXZkM\ndG9iYmgAWn4K1N/BDymLNNbxVuwcZqw9ESJXKq75FoB6+n2W1DUWu/ekYfdIclir\ndcHXNrfxdeYIe5Fq04e+B7c2XYmX4U352uqdMM58nzJ/dGlwjTZ3Z3a3lnVEuWMu\nPyGov67PV9X9fNqZ2vgBIh1Fpuy9qJIzY+4XiZ28eOUoNfauA+FS67DKZIlYaELv\nK2rI0RGEY/D8cYU5KEwdO/59W9pgvVUkuixLa1aCBKq39hTfdMCAy8OSNME0Pysg\ngVwo6yI40wrW4QKCAQEA+a4bzeWjYoloGYPNdhZRulQfFZ4BB8wRADHhSIFvOYeQ\nGFmZaD7lbRFb4m6xawwfvHa3aGErQjQhY84Ce8OqZd1DrJTlt6nEAVBPdAOSSUo6\n+/kQhaZWS53d4CuVy5nwhV9ry70z5m9QX+r8oWMuaitwZJBeCZzR+asjyAN7VsFx\nqUuO0RPiIbs/cEy4UxzARcplraK1IthcNwIOMJAnZ6FM5FPnzM3eBCFa3LIPQya5\n1FAhacQwAcm4jxsyfzxQIYDqn8MurONugX19d6EqGuiCh3jzFVH9RcNgHSxFIUBn\nTBIJL14MXZZh/v0cUgokWSCtuTPpWNMY1/Xhqw4mswKCAQEAjvqb3GiQWzKrOdxa\neaKJ8H69WA/ql8IaxIJaBKLhPHh+9nL8KURoTxZ7JsgPKuhWrZ6KoZv9cqIo0Q+t\nFT6cqvzndCyBYjdJD+Iogcq8M6b3ftiwhn5AbPjBGfyp/ObH1Rq93VEJhGYFq9RK\nev45e7oA1Q+PDAgS3QS4M2Rcd6+4mXBH5PmtG7EFxy9RCMqednjB5gCgbP8MJnze\neKmGAlv8mddrIj4oG4RbLZfCQfBdB3edXr30lApcnZxJ19edpMnFT8PFBoj+Q3WR\nDLlDiEe2s2A/wHQFb4/3/wEp5048FNuUUZJc3qY6P5bMO111xTAvk7lu2vfAXjG3\nNYQjQQKCAQA2q4bvCI9D7i5bF98PMkfm8rBzvUsgd/BpCIL5q029XQ+SJVxP1SXL\nQffKls5GUDtKuvvh4RTlxCBjiCJHE0rmTxKYYWoDUyrV1s3u6zFG1vgfYCPb/9X5\nbLG+egysriJaMdCape0NUeZZekyi0eLB4I0Vl/7fP/VCI9UL4KdLEcRfe2nkIeRr\n2mJDpqjdmfgH0A9/e5cJ8DIQ4WRWAdp++HSrsiuZTqKEaQFKPbrVy075TCpkzE5u\ntcqxmxTtgzlQfLfjD4vS02HI/L9SSHm9tpeOLk+bpX49nlAXUzA33bBAmdplAsTW\nYS1H9ggTdqEK2vrvCIzZpC9WakJlgA29AoIBAEYAyoOlcO7ygVUpIOn5cUGM56sc\nIHJj3dH6oqJWVYOyarfOTCP77Tfbc30YKnQHN2GBZvHBMQvxMTWJ+3EnJirKg8E2\nwudYCUv5MCTMURkmQbkeVFsUZ0KfW/SaDFgSRcYRwPvzay8Ahh3OPFxaSfm/KXLx\nuJKiGuoY6F2ulXJ60iAkn42sc3WyAzIHqu53NDQ/LR8pEs3UQ/cLL/AS0Nz/g9bT\nDZTxcfXGFD/mbreHw7hnMPhu5HCW13pY6sRrvhhU/LN1jvQ8FraRmv4cUmhEOHJt\nRJS1A80EJXOV8exp0Oc1um0AlTmMg93FZxT1uLG+4awcjgxhRcWlP8D2XIk=\n-----END RSA PRIVATE KEY-----\n",
            "content_base64": null,
            "content_base64sha256": "ZCe72AyvCPuOE+bn6dSGcAioUSXvpZg7FtmucvCfC98=",
            "content_base64sha512": "QrXIo6U0BBkP2Q7iUyM/8XjV/xikYEQ6crHFeP8rRU4yU9wVQHnXoYM7SdOLpZTlQHI0C/8BOE4yfl+FpQEpPw==",
            "content_md5": "7a74ebe669a06ac148e494bf2e73b04a",
            "content_sha1": "42dee93968ad454a0d5161705e6b04d73bdb297c",
            "content_sha256": "6427bbd80caf08fb8e13e6e7e9d4867008a85125efa5983b16d9ae72f09f0bdf",
            "content_sha512": "42b5c8a3a53404190fd90ee253233ff178d5ff18a460443a72b1c578ff2b454e3253dc154079d7a1833b49d38ba594e54072340bff01384e327e5f85a501293f",
            "directory_permission": "0700",
            "file_permission": "0600",
            "filename": "./id_rsa",
            "id": "42dee93968ad454a0d5161705e6b04d73bdb297c",
            "source": null
          },
          "sensitive_attributes": [
            [
              {
                "type": "get_attr",
                "value": "content"
              }
            ]
          ],
          "dependencies": [
            "tls_private_key.ssh"
          ]
        }
      ]
    },
    {
      "mode": "managed",
      "type": "tls_private_key",
      "name": "ssh",
      "provider": "provider[\"registry.terraform.io/hashicorp/tls\"]",
      "instances": [
        {
          "schema_version": 1,
          "attributes": {
            "algorithm": "RSA",
            "ecdsa_curve": "P224",
            "id": "04e5230861469e5a4d44dc99c2aa40fd9f293ac9",
            "private_key_openssh": "-----BEGIN OPENSSH PRIVATE KEY-----\nb3BlbnNzaC1rZXktdjEAAAAABG5vbmUAAAAEbm9uZQAAAAAAAAABAAACFwAAAAdz\nc2gtcnNhAAAAAwEAAQAAAgEA7nTboodmJS/T9FT6Cew3PScEvnVjdzX4rRM131n1\nQKm03bMPvhGkRZjla8BzuqMk+MdiPKSFITpQ0z0K4G1e1bGlVmNTTr66Sz+mDDbw\nW2/ENOyKpOtEUZL0Tjf+mWUXkUg+UNtj6aZAMXvWsYKwdew30dNZezLm4pvJjMqb\nm7MdCfLVXpqhOo7Jl+NX7yb76rSfd8tKjA6XFAVqD7VuHnuwyFuag8Hgp5QwFaq5\n10OhPDCYjhpN2YzWFmWBpLA8nYbh/09fvAWDnjNncNYWZ2MHyzx5rPV75BEgo7mN\nDW++dfR6Sm8bEeBINt5glaZ9a1L4VWSzJtA+byaJT4OAC2g07NQgxubCkn9g6+IC\nqIEcAccZDHiLO4j3X8/bMFCsNYdl0TNd7Z/CA/aC/ePGvQ0RcfB8+oRD1JclPGyT\n5QgOhvFdfDsGrCtTD8ySmRQuCwFK7Pzk4heGIy6DpcqqQEEynEfYVwXTso7cKil2\nAR/tOVUJfs9IZ6adTNKNzG6Hq0wvfhJ5Rf5jBYPGQ7TWRZVx5i6/d10cWcIbEqat\nfM1ckfwM2Zfh/a8IzlX4iGeeHa2BTzloiETytJ0aZoGbmPXqF+eL1u7jaEio36ib\nLpQzERyX0PDMK1VvB4bnyXnE3YKQgBRLgu737CQBlnGz+to2mUC+zpnYwrRV8DfH\npVMAAAc4lmv2yJZr9sgAAAAHc3NoLXJzYQAAAgEA7nTboodmJS/T9FT6Cew3PScE\nvnVjdzX4rRM131n1QKm03bMPvhGkRZjla8BzuqMk+MdiPKSFITpQ0z0K4G1e1bGl\nVmNTTr66Sz+mDDbwW2/ENOyKpOtEUZL0Tjf+mWUXkUg+UNtj6aZAMXvWsYKwdew3\n0dNZezLm4pvJjMqbm7MdCfLVXpqhOo7Jl+NX7yb76rSfd8tKjA6XFAVqD7VuHnuw\nyFuag8Hgp5QwFaq510OhPDCYjhpN2YzWFmWBpLA8nYbh/09fvAWDnjNncNYWZ2MH\nyzx5rPV75BEgo7mNDW++dfR6Sm8bEeBINt5glaZ9a1L4VWSzJtA+byaJT4OAC2g0\n7NQgxubCkn9g6+ICqIEcAccZDHiLO4j3X8/bMFCsNYdl0TNd7Z/CA/aC/ePGvQ0R\ncfB8+oRD1JclPGyT5QgOhvFdfDsGrCtTD8ySmRQuCwFK7Pzk4heGIy6DpcqqQEEy\nnEfYVwXTso7cKil2AR/tOVUJfs9IZ6adTNKNzG6Hq0wvfhJ5Rf5jBYPGQ7TWRZVx\n5i6/d10cWcIbEqatfM1ckfwM2Zfh/a8IzlX4iGeeHa2BTzloiETytJ0aZoGbmPXq\nF+eL1u7jaEio36ibLpQzERyX0PDMK1VvB4bnyXnE3YKQgBRLgu737CQBlnGz+to2\nmUC+zpnYwrRV8DfHpVMAAAADAQABAAACAB6T9aY93qdeHrvyOa4UEHFTE5So0Px0\ne1MWZ44gpwaHvJ3BXH9vG7WhCaprn2uLiC4uwzYrkrbUF5E+/qoQ3Fxiz2Toj8JF\nSvZjTxO559CR4IM44f6L/NLJGXL+UzOwdvk2XmdX+tP3cbvmuX1B2QcGJ5JMm+jk\neh8NAyd+w72PlmW0MhBTm+E6djd3+8q7IQrT5q8h7olPRahXmWYySdC249CNjp7e\nucRDiHb+0Z39Givxv15ZmSoQmVN96MYJo3w/07M9pnUh7+LVjKo3id/wHwu80Y2Q\nXTa9y4WzQZc7gRz3IMdyv/Hm5NvEYHZQRz0AAsBQjXios5jlRC5iGoUclQwhuts3\nGj+aYdQqcLg78dGKJrjHy2xKYfrp2ZAAqe5XdVpz3JJDT9y/5bWYkfrEYQU5ilMY\nszop0MN9t0RR++XKon58r0kbgIe9eOuNWnX483Jc8YKOmDOPjfSQ2hT/DOgQeFOH\n+UQA2LYPTpcQJyuqYnnbCf8+25Xhx88YCsFhD8cHbadEhtnIwclKCk7/NKXd0rpb\nNefRvejZ3SQ0xLqwq70wrZb/c6LlBHj9W53hhnK+QP4UcyL2wSYgFng4OGe/0hIO\nB0ukA2Uh6cqR1IhD0DLLQL1EEc4SRX51e7DhJFqOd4ChwY8R02WhkKGpeCOYsE82\nlLHoPZmumesBAAABAEYAyoOlcO7ygVUpIOn5cUGM56scIHJj3dH6oqJWVYOyarfO\nTCP77Tfbc30YKnQHN2GBZvHBMQvxMTWJ+3EnJirKg8E2wudYCUv5MCTMURkmQbke\nVFsUZ0KfW/SaDFgSRcYRwPvzay8Ahh3OPFxaSfm/KXLxuJKiGuoY6F2ulXJ60iAk\nn42sc3WyAzIHqu53NDQ/LR8pEs3UQ/cLL/AS0Nz/g9bTDZTxcfXGFD/mbreHw7hn\nMPhu5HCW13pY6sRrvhhU/LN1jvQ8FraRmv4cUmhEOHJtRJS1A80EJXOV8exp0Oc1\num0AlTmMg93FZxT1uLG+4awcjgxhRcWlP8D2XIkAAAEBAPR+BZPZBfhMdPLrLOnD\nj4lt6tuhs+C3uxyAnIIYwOaW2M+PRE6Acde6R9OrV9sSfHdbr12ZDHRvYmJoAFp+\nCtTfwQ8pizTW8VbsHGasPREiVyqu+RaAevp9ltQ1Frv3pGH3SHJYq3XB1za38XXm\nCHuRatOHvge3Nl2Jl+FN+drqnTDOfJ8yf3RpcI02d2d2t5Z1RLljLj8hqL+uz1fV\n/Xzamdr4ASIdRabsvaiSM2PuF4mdvHjlKDX2rgPhUuuwymSJWGhC7ytqyNERhGPw\n/HGFOShMHTv+fVvaYL1VJLosS2tWggSqt/YU33TAgMvDkjTBND8rIIFcKOsiONMK\n1uEAAAEBAPmuG83lo2KJaBmDzXYWUbpUHxWeAQfMEQAx4UiBbzmHkBhZmWg+5W0R\nW+JusWsMH7x2t2hhK0I0IWPOAnvDqmXdQ6yU5bepxAFQT3QDkklKOvv5EIWmVkud\n3eArlcuZ8IVfa8u9M+ZvUF/q/KFjLmorcGSQXgmc0fmrI8gDe1bBcalLjtET4iG7\nP3BMuFMcwEXKZa2itSLYXDcCDjCQJ2ehTORT58zN3gQhWtyyD0MmudRQIWnEMAHJ\nuI8bMn88UCGA6p/DLqzjboF9fXehKhrogod48xVR/UXDYB0sRSFAZ0wSCS9eDF2W\nYf79HFIKJFkgrbkz6VjTGNf14asOJrMAAAAAAQID\n-----END OPENSSH PRIVATE KEY-----\n",
            "private_key_pem": "-----BEGIN RSA PRIVATE KEY-----\nMIIJKAIBAAKCAgEA7nTboodmJS/T9FT6Cew3PScEvnVjdzX4rRM131n1QKm03bMP\nvhGkRZjla8BzuqMk+MdiPKSFITpQ0z0K4G1e1bGlVmNTTr66Sz+mDDbwW2/ENOyK\npOtEUZL0Tjf+mWUXkUg+UNtj6aZAMXvWsYKwdew30dNZezLm4pvJjMqbm7MdCfLV\nXpqhOo7Jl+NX7yb76rSfd8tKjA6XFAVqD7VuHnuwyFuag8Hgp5QwFaq510OhPDCY\njhpN2YzWFmWBpLA8nYbh/09fvAWDnjNncNYWZ2MHyzx5rPV75BEgo7mNDW++dfR6\nSm8bEeBINt5glaZ9a1L4VWSzJtA+byaJT4OAC2g07NQgxubCkn9g6+ICqIEcAccZ\nDHiLO4j3X8/bMFCsNYdl0TNd7Z/CA/aC/ePGvQ0RcfB8+oRD1JclPGyT5QgOhvFd\nfDsGrCtTD8ySmRQuCwFK7Pzk4heGIy6DpcqqQEEynEfYVwXTso7cKil2AR/tOVUJ\nfs9IZ6adTNKNzG6Hq0wvfhJ5Rf5jBYPGQ7TWRZVx5i6/d10cWcIbEqatfM1ckfwM\n2Zfh/a8IzlX4iGeeHa2BTzloiETytJ0aZoGbmPXqF+eL1u7jaEio36ibLpQzERyX\n0PDMK1VvB4bnyXnE3YKQgBRLgu737CQBlnGz+to2mUC+zpnYwrRV8DfHpVMCAwEA\nAQKCAgAek/WmPd6nXh678jmuFBBxUxOUqND8dHtTFmeOIKcGh7ydwVx/bxu1oQmq\na59ri4guLsM2K5K21BeRPv6qENxcYs9k6I/CRUr2Y08TuefQkeCDOOH+i/zSyRly\n/lMzsHb5Nl5nV/rT93G75rl9QdkHBieSTJvo5HofDQMnfsO9j5ZltDIQU5vhOnY3\nd/vKuyEK0+avIe6JT0WoV5lmMknQtuPQjY6e3rnEQ4h2/tGd/Ror8b9eWZkqEJlT\nfejGCaN8P9OzPaZ1Ie/i1YyqN4nf8B8LvNGNkF02vcuFs0GXO4Ec9yDHcr/x5uTb\nxGB2UEc9AALAUI14qLOY5UQuYhqFHJUMIbrbNxo/mmHUKnC4O/HRiia4x8tsSmH6\n6dmQAKnuV3Vac9ySQ0/cv+W1mJH6xGEFOYpTGLM6KdDDfbdEUfvlyqJ+fK9JG4CH\nvXjrjVp1+PNyXPGCjpgzj430kNoU/wzoEHhTh/lEANi2D06XECcrqmJ52wn/PtuV\n4cfPGArBYQ/HB22nRIbZyMHJSgpO/zSl3dK6WzXn0b3o2d0kNMS6sKu9MK2W/3Oi\n5QR4/Vud4YZyvkD+FHMi9sEmIBZ4ODhnv9ISDgdLpANlIenKkdSIQ9Ayy0C9RBHO\nEkV+dXuw4SRajneAocGPEdNloZChqXgjmLBPNpSx6D2ZrpnrAQKCAQEA9H4Fk9kF\n+Ex08uss6cOPiW3q26Gz4Le7HICcghjA5pbYz49EToBx17pH06tX2xJ8d1uvXZkM\ndG9iYmgAWn4K1N/BDymLNNbxVuwcZqw9ESJXKq75FoB6+n2W1DUWu/ekYfdIclir\ndcHXNrfxdeYIe5Fq04e+B7c2XYmX4U352uqdMM58nzJ/dGlwjTZ3Z3a3lnVEuWMu\nPyGov67PV9X9fNqZ2vgBIh1Fpuy9qJIzY+4XiZ28eOUoNfauA+FS67DKZIlYaELv\nK2rI0RGEY/D8cYU5KEwdO/59W9pgvVUkuixLa1aCBKq39hTfdMCAy8OSNME0Pysg\ngVwo6yI40wrW4QKCAQEA+a4bzeWjYoloGYPNdhZRulQfFZ4BB8wRADHhSIFvOYeQ\nGFmZaD7lbRFb4m6xawwfvHa3aGErQjQhY84Ce8OqZd1DrJTlt6nEAVBPdAOSSUo6\n+/kQhaZWS53d4CuVy5nwhV9ry70z5m9QX+r8oWMuaitwZJBeCZzR+asjyAN7VsFx\nqUuO0RPiIbs/cEy4UxzARcplraK1IthcNwIOMJAnZ6FM5FPnzM3eBCFa3LIPQya5\n1FAhacQwAcm4jxsyfzxQIYDqn8MurONugX19d6EqGuiCh3jzFVH9RcNgHSxFIUBn\nTBIJL14MXZZh/v0cUgokWSCtuTPpWNMY1/Xhqw4mswKCAQEAjvqb3GiQWzKrOdxa\neaKJ8H69WA/ql8IaxIJaBKLhPHh+9nL8KURoTxZ7JsgPKuhWrZ6KoZv9cqIo0Q+t\nFT6cqvzndCyBYjdJD+Iogcq8M6b3ftiwhn5AbPjBGfyp/ObH1Rq93VEJhGYFq9RK\nev45e7oA1Q+PDAgS3QS4M2Rcd6+4mXBH5PmtG7EFxy9RCMqednjB5gCgbP8MJnze\neKmGAlv8mddrIj4oG4RbLZfCQfBdB3edXr30lApcnZxJ19edpMnFT8PFBoj+Q3WR\nDLlDiEe2s2A/wHQFb4/3/wEp5048FNuUUZJc3qY6P5bMO111xTAvk7lu2vfAXjG3\nNYQjQQKCAQA2q4bvCI9D7i5bF98PMkfm8rBzvUsgd/BpCIL5q029XQ+SJVxP1SXL\nQffKls5GUDtKuvvh4RTlxCBjiCJHE0rmTxKYYWoDUyrV1s3u6zFG1vgfYCPb/9X5\nbLG+egysriJaMdCape0NUeZZekyi0eLB4I0Vl/7fP/VCI9UL4KdLEcRfe2nkIeRr\n2mJDpqjdmfgH0A9/e5cJ8DIQ4WRWAdp++HSrsiuZTqKEaQFKPbrVy075TCpkzE5u\ntcqxmxTtgzlQfLfjD4vS02HI/L9SSHm9tpeOLk+bpX49nlAXUzA33bBAmdplAsTW\nYS1H9ggTdqEK2vrvCIzZpC9WakJlgA29AoIBAEYAyoOlcO7ygVUpIOn5cUGM56sc\nIHJj3dH6oqJWVYOyarfOTCP77Tfbc30YKnQHN2GBZvHBMQvxMTWJ+3EnJirKg8E2\nwudYCUv5MCTMURkmQbkeVFsUZ0KfW/SaDFgSRcYRwPvzay8Ahh3OPFxaSfm/KXLx\nuJKiGuoY6F2ulXJ60iAkn42sc3WyAzIHqu53NDQ/LR8pEs3UQ/cLL/AS0Nz/g9bT\nDZTxcfXGFD/mbreHw7hnMPhu5HCW13pY6sRrvhhU/LN1jvQ8FraRmv4cUmhEOHJt\nRJS1A80EJXOV8exp0Oc1um0AlTmMg93FZxT1uLG+4awcjgxhRcWlP8D2XIk=\n-----END RSA PRIVATE KEY-----\n",
            "private_key_pem_pkcs8": "-----BEGIN PRIVATE KEY-----\nMIIJQgIBADANBgkqhkiG9w0BAQEFAASCCSwwggkoAgEAAoICAQDudNuih2YlL9P0\nVPoJ7Dc9JwS+dWN3NfitEzXfWfVAqbTdsw++EaRFmOVrwHO6oyT4x2I8pIUhOlDT\nPQrgbV7VsaVWY1NOvrpLP6YMNvBbb8Q07Iqk60RRkvRON/6ZZReRSD5Q22PppkAx\ne9axgrB17DfR01l7Mubim8mMypubsx0J8tVemqE6jsmX41fvJvvqtJ93y0qMDpcU\nBWoPtW4ee7DIW5qDweCnlDAVqrnXQ6E8MJiOGk3ZjNYWZYGksDydhuH/T1+8BYOe\nM2dw1hZnYwfLPHms9XvkESCjuY0Nb7519HpKbxsR4Eg23mCVpn1rUvhVZLMm0D5v\nJolPg4ALaDTs1CDG5sKSf2Dr4gKogRwBxxkMeIs7iPdfz9swUKw1h2XRM13tn8ID\n9oL948a9DRFx8Hz6hEPUlyU8bJPlCA6G8V18OwasK1MPzJKZFC4LAUrs/OTiF4Yj\nLoOlyqpAQTKcR9hXBdOyjtwqKXYBH+05VQl+z0hnpp1M0o3MboerTC9+EnlF/mMF\ng8ZDtNZFlXHmLr93XRxZwhsSpq18zVyR/AzZl+H9rwjOVfiIZ54drYFPOWiIRPK0\nnRpmgZuY9eoX54vW7uNoSKjfqJsulDMRHJfQ8MwrVW8HhufJecTdgpCAFEuC7vfs\nJAGWcbP62jaZQL7OmdjCtFXwN8elUwIDAQABAoICAB6T9aY93qdeHrvyOa4UEHFT\nE5So0Px0e1MWZ44gpwaHvJ3BXH9vG7WhCaprn2uLiC4uwzYrkrbUF5E+/qoQ3Fxi\nz2Toj8JFSvZjTxO559CR4IM44f6L/NLJGXL+UzOwdvk2XmdX+tP3cbvmuX1B2QcG\nJ5JMm+jkeh8NAyd+w72PlmW0MhBTm+E6djd3+8q7IQrT5q8h7olPRahXmWYySdC2\n49CNjp7eucRDiHb+0Z39Givxv15ZmSoQmVN96MYJo3w/07M9pnUh7+LVjKo3id/w\nHwu80Y2QXTa9y4WzQZc7gRz3IMdyv/Hm5NvEYHZQRz0AAsBQjXios5jlRC5iGoUc\nlQwhuts3Gj+aYdQqcLg78dGKJrjHy2xKYfrp2ZAAqe5XdVpz3JJDT9y/5bWYkfrE\nYQU5ilMYszop0MN9t0RR++XKon58r0kbgIe9eOuNWnX483Jc8YKOmDOPjfSQ2hT/\nDOgQeFOH+UQA2LYPTpcQJyuqYnnbCf8+25Xhx88YCsFhD8cHbadEhtnIwclKCk7/\nNKXd0rpbNefRvejZ3SQ0xLqwq70wrZb/c6LlBHj9W53hhnK+QP4UcyL2wSYgFng4\nOGe/0hIOB0ukA2Uh6cqR1IhD0DLLQL1EEc4SRX51e7DhJFqOd4ChwY8R02WhkKGp\neCOYsE82lLHoPZmumesBAoIBAQD0fgWT2QX4THTy6yzpw4+JberbobPgt7scgJyC\nGMDmltjPj0ROgHHXukfTq1fbEnx3W69dmQx0b2JiaABafgrU38EPKYs01vFW7Bxm\nrD0RIlcqrvkWgHr6fZbUNRa796Rh90hyWKt1wdc2t/F15gh7kWrTh74HtzZdiZfh\nTfna6p0wznyfMn90aXCNNndndreWdUS5Yy4/Iai/rs9X1f182pna+AEiHUWm7L2o\nkjNj7heJnbx45Sg19q4D4VLrsMpkiVhoQu8rasjREYRj8PxxhTkoTB07/n1b2mC9\nVSS6LEtrVoIEqrf2FN90wIDLw5I0wTQ/KyCBXCjrIjjTCtbhAoIBAQD5rhvN5aNi\niWgZg812FlG6VB8VngEHzBEAMeFIgW85h5AYWZloPuVtEVvibrFrDB+8drdoYStC\nNCFjzgJ7w6pl3UOslOW3qcQBUE90A5JJSjr7+RCFplZLnd3gK5XLmfCFX2vLvTPm\nb1Bf6vyhYy5qK3BkkF4JnNH5qyPIA3tWwXGpS47RE+Ihuz9wTLhTHMBFymWtorUi\n2Fw3Ag4wkCdnoUzkU+fMzd4EIVrcsg9DJrnUUCFpxDABybiPGzJ/PFAhgOqfwy6s\n426BfX13oSoa6IKHePMVUf1Fw2AdLEUhQGdMEgkvXgxdlmH+/RxSCiRZIK25M+lY\n0xjX9eGrDiazAoIBAQCO+pvcaJBbMqs53Fp5oonwfr1YD+qXwhrEgloEouE8eH72\ncvwpRGhPFnsmyA8q6Fatnoqhm/1yoijRD60VPpyq/Od0LIFiN0kP4iiByrwzpvd+\n2LCGfkBs+MEZ/Kn85sfVGr3dUQmEZgWr1Ep6/jl7ugDVD48MCBLdBLgzZFx3r7iZ\ncEfk+a0bsQXHL1EIyp52eMHmAKBs/wwmfN54qYYCW/yZ12siPigbhFstl8JB8F0H\nd51evfSUClydnEnX152kycVPw8UGiP5DdZEMuUOIR7azYD/AdAVvj/f/ASnnTjwU\n25RRklzepjo/lsw7XXXFMC+TuW7a98BeMbc1hCNBAoIBADarhu8Ij0PuLlsX3w8y\nR+bysHO9SyB38GkIgvmrTb1dD5IlXE/VJctB98qWzkZQO0q6++HhFOXEIGOIIkcT\nSuZPEphhagNTKtXWze7rMUbW+B9gI9v/1flssb56DKyuIlox0Jql7Q1R5ll6TKLR\n4sHgjRWX/t8/9UIj1Qvgp0sRxF97aeQh5GvaYkOmqN2Z+AfQD397lwnwMhDhZFYB\n2n74dKuyK5lOooRpAUo9utXLTvlMKmTMTm61yrGbFO2DOVB8t+MPi9LTYcj8v1JI\neb22l44uT5ulfj2eUBdTMDfdsECZ2mUCxNZhLUf2CBN2oQra+u8IjNmkL1ZqQmWA\nDb0CggEARgDKg6Vw7vKBVSkg6flxQYznqxwgcmPd0fqiolZVg7Jqt85MI/vtN9tz\nfRgqdAc3YYFm8cExC/ExNYn7cScmKsqDwTbC51gJS/kwJMxRGSZBuR5UWxRnQp9b\n9JoMWBJFxhHA+/NrLwCGHc48XFpJ+b8pcvG4kqIa6hjoXa6VcnrSICSfjaxzdbID\nMgeq7nc0ND8tHykSzdRD9wsv8BLQ3P+D1tMNlPFx9cYUP+Zut4fDuGcw+G7kcJbX\neljqxGu+GFT8s3WO9DwWtpGa/hxSaEQ4cm1ElLUDzQQlc5Xx7GnQ5zW6bQCVOYyD\n3cVnFPW4sb7hrByODGFFxaU/wPZciQ==\n-----END PRIVATE KEY-----\n",
            "public_key_fingerprint_md5": "75:5b:f9:89:6e:ab:ef:34:1a:d4:d0:df:fc:81:d9:c5",
            "public_key_fingerprint_sha256": "SHA256:pIMqEvj6u26+Yt7MIAFg7kUClkqZx/sy23tdU3dKvCs",
            "public_key_openssh": "ssh-rsa AAAAB3NzaC1yc2EAAAADAQABAAACAQDudNuih2YlL9P0VPoJ7Dc9JwS+dWN3NfitEzXfWfVAqbTdsw++EaRFmOVrwHO6oyT4x2I8pIUhOlDTPQrgbV7VsaVWY1NOvrpLP6YMNvBbb8Q07Iqk60RRkvRON/6ZZReRSD5Q22PppkAxe9axgrB17DfR01l7Mubim8mMypubsx0J8tVemqE6jsmX41fvJvvqtJ93y0qMDpcUBWoPtW4ee7DIW5qDweCnlDAVqrnXQ6E8MJiOGk3ZjNYWZYGksDydhuH/T1+8BYOeM2dw1hZnYwfLPHms9XvkESCjuY0Nb7519HpKbxsR4Eg23mCVpn1rUvhVZLMm0D5vJolPg4ALaDTs1CDG5sKSf2Dr4gKogRwBxxkMeIs7iPdfz9swUKw1h2XRM13tn8ID9oL948a9DRFx8Hz6hEPUlyU8bJPlCA6G8V18OwasK1MPzJKZFC4LAUrs/OTiF4YjLoOlyqpAQTKcR9hXBdOyjtwqKXYBH+05VQl+z0hnpp1M0o3MboerTC9+EnlF/mMFg8ZDtNZFlXHmLr93XRxZwhsSpq18zVyR/AzZl+H9rwjOVfiIZ54drYFPOWiIRPK0nRpmgZuY9eoX54vW7uNoSKjfqJsulDMRHJfQ8MwrVW8HhufJecTdgpCAFEuC7vfsJAGWcbP62jaZQL7OmdjCtFXwN8elUw==\n",
            "public_key_pem": "-----BEGIN PUBLIC KEY-----\nMIICIjANBgkqhkiG9w0BAQEFAAOCAg8AMIICCgKCAgEA7nTboodmJS/T9FT6Cew3\nPScEvnVjdzX4rRM131n1QKm03bMPvhGkRZjla8BzuqMk+MdiPKSFITpQ0z0K4G1e\n1bGlVmNTTr66Sz+mDDbwW2/ENOyKpOtEUZL0Tjf+mWUXkUg+UNtj6aZAMXvWsYKw\ndew30dNZezLm4pvJjMqbm7MdCfLVXpqhOo7Jl+NX7yb76rSfd8tKjA6XFAVqD7Vu\nHnuwyFuag8Hgp5QwFaq510OhPDCYjhpN2YzWFmWBpLA8nYbh/09fvAWDnjNncNYW\nZ2MHyzx5rPV75BEgo7mNDW++dfR6Sm8bEeBINt5glaZ9a1L4VWSzJtA+byaJT4OA\nC2g07NQgxubCkn9g6+ICqIEcAccZDHiLO4j3X8/bMFCsNYdl0TNd7Z/CA/aC/ePG\nvQ0RcfB8+oRD1JclPGyT5QgOhvFdfDsGrCtTD8ySmRQuCwFK7Pzk4heGIy6Dpcqq\nQEEynEfYVwXTso7cKil2AR/tOVUJfs9IZ6adTNKNzG6Hq0wvfhJ5Rf5jBYPGQ7TW\nRZVx5i6/d10cWcIbEqatfM1ckfwM2Zfh/a8IzlX4iGeeHa2BTzloiETytJ0aZoGb\nmPXqF+eL1u7jaEio36ibLpQzERyX0PDMK1VvB4bnyXnE3YKQgBRLgu737CQBlnGz\n+to2mUC+zpnYwrRV8DfHpVMCAwEAAQ==\n-----END PUBLIC KEY-----\n",
            "rsa_bits": 4096
          },
          "sensitive_attributes": []
        }
      ]
    }
  ],
  "check_results": null
}
