{
  "version": 4,
  "terraform_version": "1.6.6",
  "serial": 18,
  "lineage": "d43d6293-a5f6-c583-c0fc-e6e81b9ad389",
  "outputs": {},
  "resources": [
    {
      "mode": "managed",
      "type": "google_compute_address",
      "name": "gateway-public-ip",
      "provider": "provider[\"registry.terraform.io/hashicorp/google\"]",
      "instances": [
        {
          "schema_version": 0,
          "attributes": {
            "address": "34.155.40.20",
            "address_type": "EXTERNAL",
            "creation_timestamp": "2024-04-02T11:24:51.494-07:00",
            "description": "",
            "effective_labels": {},
            "id": "projects/dataproject-419118/regions/europe-west9/addresses/gateway-public-ip",
            "ip_version": "",
            "ipv6_endpoint_type": "",
            "label_fingerprint": "42WmSpB8rSM=",
            "labels": null,
            "name": "gateway-public-ip",
            "network": "",
            "network_tier": "PREMIUM",
            "prefix_length": 0,
            "project": "dataproject-419118",
            "purpose": "",
            "region": "europe-west9",
            "self_link": "https://www.googleapis.com/compute/v1/projects/dataproject-419118/regions/europe-west9/addresses/gateway-public-ip",
            "subnetwork": "",
            "terraform_labels": {},
            "timeouts": null,
            "users": []
          },
          "sensitive_attributes": [],
          "private": "eyJlMmJmYjczMC1lY2FhLTExZTYtOGY4OC0zNDM2M2JjN2M0YzAiOnsiY3JlYXRlIjoxMjAwMDAwMDAwMDAwLCJkZWxldGUiOjEyMDAwMDAwMDAwMDAsInVwZGF0ZSI6MTIwMDAwMDAwMDAwMH19"
        }
      ]
    },
    {
      "mode": "managed",
      "type": "google_compute_firewall",
      "name": "external",
      "provider": "provider[\"registry.terraform.io/hashicorp/google\"]",
      "instances": [
        {
          "schema_version": 1,
          "attributes": {
            "allow": [
              {
                "ports": [
                  "22",
                  "443",
                  "80",
                  "8080",
                  "8081",
                  "8082"
                ],
                "protocol": "tcp"
              }
            ],
            "creation_timestamp": "2024-04-02T11:25:11.267-07:00",
            "deny": [],
            "description": "",
            "destination_ranges": [],
            "direction": "INGRESS",
            "disabled": false,
            "enable_logging": null,
            "id": "projects/dataproject-419118/global/firewalls/allow-external",
            "log_config": [],
            "name": "allow-external",
            "network": "https://www.googleapis.com/compute/v1/projects/dataproject-419118/global/networks/sdtd-network",
            "priority": 1000,
            "project": "dataproject-419118",
            "self_link": "https://www.googleapis.com/compute/v1/projects/dataproject-419118/global/firewalls/allow-external",
            "source_ranges": [
              "0.0.0.0/0"
            ],
            "source_service_accounts": null,
            "source_tags": null,
            "target_service_accounts": null,
            "target_tags": null,
            "timeouts": null
          },
          "sensitive_attributes": [],
          "private": "eyJlMmJmYjczMC1lY2FhLTExZTYtOGY4OC0zNDM2M2JjN2M0YzAiOnsiY3JlYXRlIjoxMjAwMDAwMDAwMDAwLCJkZWxldGUiOjEyMDAwMDAwMDAwMDAsInVwZGF0ZSI6MTIwMDAwMDAwMDAwMH0sInNjaGVtYV92ZXJzaW9uIjoiMSJ9",
          "dependencies": [
            "google_compute_network.default"
          ]
        }
      ]
    },
    {
      "mode": "managed",
      "type": "google_compute_firewall",
      "name": "internal",
      "provider": "provider[\"registry.terraform.io/hashicorp/google\"]",
      "instances": [
        {
          "schema_version": 1,
          "attributes": {
            "allow": [
              {
                "ports": [
                  "22",
                  "6443",
                  "2379-2380",
                  "10250",
                  "10259",
                  "10257",
                  "30000-32767"
                ],
                "protocol": "tcp"
              },
              {
                "ports": [],
                "protocol": "icmp"
              },
              {
                "ports": [],
                "protocol": "udp"
              }
            ],
            "creation_timestamp": "2024-04-02T11:25:11.180-07:00",
            "deny": [],
            "description": "",
            "destination_ranges": [],
            "direction": "INGRESS",
            "disabled": false,
            "enable_logging": null,
            "id": "projects/dataproject-419118/global/firewalls/allow-internal",
            "log_config": [],
            "name": "allow-internal",
            "network": "https://www.googleapis.com/compute/v1/projects/dataproject-419118/global/networks/sdtd-network",
            "priority": 1000,
            "project": "dataproject-419118",
            "self_link": "https://www.googleapis.com/compute/v1/projects/dataproject-419118/global/firewalls/allow-internal",
            "source_ranges": [
              "192.168.7.0/24"
            ],
            "source_service_accounts": null,
            "source_tags": null,
            "target_service_accounts": null,
            "target_tags": null,
            "timeouts": null
          },
          "sensitive_attributes": [],
          "private": "eyJlMmJmYjczMC1lY2FhLTExZTYtOGY4OC0zNDM2M2JjN2M0YzAiOnsiY3JlYXRlIjoxMjAwMDAwMDAwMDAwLCJkZWxldGUiOjEyMDAwMDAwMDAwMDAsInVwZGF0ZSI6MTIwMDAwMDAwMDAwMH0sInNjaGVtYV92ZXJzaW9uIjoiMSJ9",
          "dependencies": [
            "google_compute_network.default"
          ]
        }
      ]
    },
    {
      "mode": "managed",
      "type": "google_compute_instance",
      "name": "gateway-server",
      "provider": "provider[\"registry.terraform.io/hashicorp/google\"]",
      "instances": [
        {
          "schema_version": 6,
          "attributes": {
            "advanced_machine_features": [],
            "allow_stopping_for_update": null,
            "attached_disk": [],
            "boot_disk": [
              {
                "auto_delete": true,
                "device_name": "persistent-disk-0",
                "disk_encryption_key_raw": "",
                "disk_encryption_key_sha256": "",
                "initialize_params": [
                  {
                    "enable_confidential_compute": false,
                    "image": "https://www.googleapis.com/compute/v1/projects/ubuntu-os-cloud/global/images/ubuntu-2004-focal-v20240307b",
                    "labels": {},
                    "provisioned_iops": 0,
                    "provisioned_throughput": 0,
                    "resource_manager_tags": null,
                    "size": 10,
                    "type": "pd-standard"
                  }
                ],
                "kms_key_self_link": "",
                "mode": "READ_WRITE",
                "source": "https://www.googleapis.com/compute/v1/projects/dataproject-419118/zones/europe-west9-a/disks/gateway-server"
              }
            ],
            "can_ip_forward": false,
            "confidential_instance_config": [],
            "cpu_platform": "Intel Broadwell",
            "current_status": "RUNNING",
            "deletion_protection": false,
            "description": "",
            "desired_status": null,
            "effective_labels": {},
            "enable_display": false,
            "guest_accelerator": [],
            "hostname": "",
            "id": "projects/dataproject-419118/zones/europe-west9-a/instances/gateway-server",
            "instance_id": "5674362377682940786",
            "label_fingerprint": "42WmSpB8rSM=",
            "labels": null,
            "machine_type": "e2-standard-2",
            "metadata": null,
            "metadata_fingerprint": "aV0elYdag8g=",
            "metadata_startup_script": null,
            "min_cpu_platform": "",
            "name": "gateway-server",
            "network_interface": [
              {
                "access_config": [
                  {
                    "nat_ip": "34.155.40.20",
                    "network_tier": "PREMIUM",
                    "public_ptr_domain_name": ""
                  }
                ],
                "alias_ip_range": [],
                "internal_ipv6_prefix_length": 0,
                "ipv6_access_config": [],
                "ipv6_access_type": "",
                "ipv6_address": "",
                "name": "nic0",
                "network": "https://www.googleapis.com/compute/v1/projects/dataproject-419118/global/networks/sdtd-network",
                "network_ip": "192.168.7.30",
                "nic_type": "",
                "queue_count": 0,
                "stack_type": "IPV4_ONLY",
                "subnetwork": "https://www.googleapis.com/compute/v1/projects/dataproject-419118/regions/europe-west9/subnetworks/sdtd-sub-network",
                "subnetwork_project": "dataproject-419118"
              }
            ],
            "network_performance_config": [],
            "params": [],
            "project": "dataproject-419118",
            "reservation_affinity": [],
            "resource_policies": null,
            "scheduling": [
              {
                "automatic_restart": true,
                "instance_termination_action": "",
                "local_ssd_recovery_timeout": [],
                "min_node_cpus": 0,
                "node_affinities": [],
                "on_host_maintenance": "MIGRATE",
                "preemptible": false,
                "provisioning_model": "STANDARD"
              }
            ],
            "scratch_disk": [],
            "self_link": "https://www.googleapis.com/compute/v1/projects/dataproject-419118/zones/europe-west9-a/instances/gateway-server",
            "service_account": [],
            "shielded_instance_config": [
              {
                "enable_integrity_monitoring": true,
                "enable_secure_boot": false,
                "enable_vtpm": true
              }
            ],
            "tags": [
              "gateway"
            ],
            "tags_fingerprint": "UrM6jlsUTDs=",
            "terraform_labels": {},
            "timeouts": null,
            "zone": "europe-west9-a"
          },
          "sensitive_attributes": [],
          "private": "eyJlMmJmYjczMC1lY2FhLTExZTYtOGY4OC0zNDM2M2JjN2M0YzAiOnsiY3JlYXRlIjoxMjAwMDAwMDAwMDAwLCJkZWxldGUiOjEyMDAwMDAwMDAwMDAsInVwZGF0ZSI6MTIwMDAwMDAwMDAwMH0sInNjaGVtYV92ZXJzaW9uIjoiNiJ9",
          "dependencies": [
            "google_compute_address.gateway-public-ip",
            "google_compute_network.default",
            "google_compute_subnetwork.default",
            "local_sensitive_file.private_key",
            "tls_private_key.ssh"
          ]
        }
      ]
    },
    {
      "mode": "managed",
      "type": "google_compute_instance",
      "name": "master",
      "provider": "provider[\"registry.terraform.io/hashicorp/google\"]",
      "instances": [
        {
          "index_key": 0,
          "schema_version": 6,
          "attributes": {
            "advanced_machine_features": [],
            "allow_stopping_for_update": null,
            "attached_disk": [],
            "boot_disk": [
              {
                "auto_delete": true,
                "device_name": "persistent-disk-0",
                "disk_encryption_key_raw": "",
                "disk_encryption_key_sha256": "",
                "initialize_params": [
                  {
                    "enable_confidential_compute": false,
                    "image": "https://www.googleapis.com/compute/v1/projects/ubuntu-os-cloud/global/images/ubuntu-2004-focal-v20240307b",
                    "labels": {},
                    "provisioned_iops": 0,
                    "provisioned_throughput": 0,
                    "resource_manager_tags": null,
                    "size": 10,
                    "type": "pd-standard"
                  }
                ],
                "kms_key_self_link": "",
                "mode": "READ_WRITE",
                "source": "https://www.googleapis.com/compute/v1/projects/dataproject-419118/zones/europe-west9-a/disks/master-0"
              }
            ],
            "can_ip_forward": false,
            "confidential_instance_config": [],
            "cpu_platform": "Intel Broadwell",
            "current_status": "RUNNING",
            "deletion_protection": false,
            "description": "",
            "desired_status": null,
            "effective_labels": {},
            "enable_display": false,
            "guest_accelerator": [],
            "hostname": "",
            "id": "projects/dataproject-419118/zones/europe-west9-a/instances/master-0",
            "instance_id": "1015510961146164082",
            "label_fingerprint": "42WmSpB8rSM=",
            "labels": null,
            "machine_type": "e2-standard-2",
            "metadata": null,
            "metadata_fingerprint": "aV0elYdag8g=",
            "metadata_startup_script": null,
            "min_cpu_platform": "",
            "name": "master-0",
            "network_interface": [
              {
                "access_config": [],
                "alias_ip_range": [],
                "internal_ipv6_prefix_length": 0,
                "ipv6_access_config": [],
                "ipv6_access_type": "",
                "ipv6_address": "",
                "name": "nic0",
                "network": "https://www.googleapis.com/compute/v1/projects/dataproject-419118/global/networks/sdtd-network",
                "network_ip": "192.168.7.10",
                "nic_type": "",
                "queue_count": 0,
                "stack_type": "IPV4_ONLY",
                "subnetwork": "https://www.googleapis.com/compute/v1/projects/dataproject-419118/regions/europe-west9/subnetworks/sdtd-sub-network",
                "subnetwork_project": "dataproject-419118"
              }
            ],
            "network_performance_config": [],
            "params": [],
            "project": "dataproject-419118",
            "reservation_affinity": [],
            "resource_policies": null,
            "scheduling": [
              {
                "automatic_restart": true,
                "instance_termination_action": "",
                "local_ssd_recovery_timeout": [],
                "min_node_cpus": 0,
                "node_affinities": [],
                "on_host_maintenance": "MIGRATE",
                "preemptible": false,
                "provisioning_model": "STANDARD"
              }
            ],
            "scratch_disk": [],
            "self_link": "https://www.googleapis.com/compute/v1/projects/dataproject-419118/zones/europe-west9-a/instances/master-0",
            "service_account": [],
            "shielded_instance_config": [
              {
                "enable_integrity_monitoring": true,
                "enable_secure_boot": false,
                "enable_vtpm": true
              }
            ],
            "tags": [
              "master"
            ],
            "tags_fingerprint": "4y7qQ8dL1yM=",
            "terraform_labels": {},
            "timeouts": null,
            "zone": "europe-west9-a"
          },
          "sensitive_attributes": [],
          "private": "eyJlMmJmYjczMC1lY2FhLTExZTYtOGY4OC0zNDM2M2JjN2M0YzAiOnsiY3JlYXRlIjoxMjAwMDAwMDAwMDAwLCJkZWxldGUiOjEyMDAwMDAwMDAwMDAsInVwZGF0ZSI6MTIwMDAwMDAwMDAwMH0sInNjaGVtYV92ZXJzaW9uIjoiNiJ9",
          "dependencies": [
            "google_compute_network.default",
            "google_compute_subnetwork.default"
          ]
        }
      ]
    },
    {
      "mode": "managed",
      "type": "google_compute_instance",
      "name": "worker",
      "provider": "provider[\"registry.terraform.io/hashicorp/google\"]",
      "instances": [
        {
          "index_key": 0,
          "schema_version": 6,
          "attributes": {
            "advanced_machine_features": [],
            "allow_stopping_for_update": null,
            "attached_disk": [],
            "boot_disk": [
              {
                "auto_delete": true,
                "device_name": "persistent-disk-0",
                "disk_encryption_key_raw": "",
                "disk_encryption_key_sha256": "",
                "initialize_params": [
                  {
                    "enable_confidential_compute": false,
                    "image": "https://www.googleapis.com/compute/v1/projects/ubuntu-os-cloud/global/images/ubuntu-2004-focal-v20240307b",
                    "labels": {},
                    "provisioned_iops": 0,
                    "provisioned_throughput": 0,
                    "resource_manager_tags": null,
                    "size": 10,
                    "type": "pd-standard"
                  }
                ],
                "kms_key_self_link": "",
                "mode": "READ_WRITE",
                "source": "https://www.googleapis.com/compute/v1/projects/dataproject-419118/zones/europe-west9-a/disks/worker-0"
              }
            ],
            "can_ip_forward": false,
            "confidential_instance_config": [],
            "cpu_platform": "Intel Broadwell",
            "current_status": "RUNNING",
            "deletion_protection": false,
            "description": "",
            "desired_status": null,
            "effective_labels": {},
            "enable_display": false,
            "guest_accelerator": [],
            "hostname": "",
            "id": "projects/dataproject-419118/zones/europe-west9-a/instances/worker-0",
            "instance_id": "5145178937451737970",
            "label_fingerprint": "42WmSpB8rSM=",
            "labels": null,
            "machine_type": "e2-standard-2",
            "metadata": null,
            "metadata_fingerprint": "aV0elYdag8g=",
            "metadata_startup_script": null,
            "min_cpu_platform": "",
            "name": "worker-0",
            "network_interface": [
              {
                "access_config": [],
                "alias_ip_range": [],
                "internal_ipv6_prefix_length": 0,
                "ipv6_access_config": [],
                "ipv6_access_type": "",
                "ipv6_address": "",
                "name": "nic0",
                "network": "https://www.googleapis.com/compute/v1/projects/dataproject-419118/global/networks/sdtd-network",
                "network_ip": "192.168.7.20",
                "nic_type": "",
                "queue_count": 0,
                "stack_type": "IPV4_ONLY",
                "subnetwork": "https://www.googleapis.com/compute/v1/projects/dataproject-419118/regions/europe-west9/subnetworks/sdtd-sub-network",
                "subnetwork_project": "dataproject-419118"
              }
            ],
            "network_performance_config": [],
            "params": [],
            "project": "dataproject-419118",
            "reservation_affinity": [],
            "resource_policies": null,
            "scheduling": [
              {
                "automatic_restart": true,
                "instance_termination_action": "",
                "local_ssd_recovery_timeout": [],
                "min_node_cpus": 0,
                "node_affinities": [],
                "on_host_maintenance": "MIGRATE",
                "preemptible": false,
                "provisioning_model": "STANDARD"
              }
            ],
            "scratch_disk": [],
            "self_link": "https://www.googleapis.com/compute/v1/projects/dataproject-419118/zones/europe-west9-a/instances/worker-0",
            "service_account": [],
            "shielded_instance_config": [
              {
                "enable_integrity_monitoring": true,
                "enable_secure_boot": false,
                "enable_vtpm": true
              }
            ],
            "tags": [
              "worker"
            ],
            "tags_fingerprint": "uvqiNQvnefU=",
            "terraform_labels": {},
            "timeouts": null,
            "zone": "europe-west9-a"
          },
          "sensitive_attributes": [],
          "private": "eyJlMmJmYjczMC1lY2FhLTExZTYtOGY4OC0zNDM2M2JjN2M0YzAiOnsiY3JlYXRlIjoxMjAwMDAwMDAwMDAwLCJkZWxldGUiOjEyMDAwMDAwMDAwMDAsInVwZGF0ZSI6MTIwMDAwMDAwMDAwMH0sInNjaGVtYV92ZXJzaW9uIjoiNiJ9",
          "dependencies": [
            "google_compute_network.default",
            "google_compute_subnetwork.default"
          ]
        }
      ]
    },
    {
      "mode": "managed",
      "type": "google_compute_network",
      "name": "default",
      "provider": "provider[\"registry.terraform.io/hashicorp/google\"]",
      "instances": [
        {
          "schema_version": 0,
          "attributes": {
            "auto_create_subnetworks": false,
            "delete_default_routes_on_create": false,
            "description": "",
            "enable_ula_internal_ipv6": false,
            "gateway_ipv4": "",
            "id": "projects/dataproject-419118/global/networks/sdtd-network",
            "internal_ipv6_range": "",
            "mtu": 0,
            "name": "sdtd-network",
            "network_firewall_policy_enforcement_order": "AFTER_CLASSIC_FIREWALL",
            "numeric_id": "7387420503283200926",
            "project": "dataproject-419118",
            "routing_mode": "REGIONAL",
            "self_link": "https://www.googleapis.com/compute/v1/projects/dataproject-419118/global/networks/sdtd-network",
            "timeouts": null
          },
          "sensitive_attributes": [],
          "private": "eyJlMmJmYjczMC1lY2FhLTExZTYtOGY4OC0zNDM2M2JjN2M0YzAiOnsiY3JlYXRlIjoxMjAwMDAwMDAwMDAwLCJkZWxldGUiOjEyMDAwMDAwMDAwMDAsInVwZGF0ZSI6MTIwMDAwMDAwMDAwMH19"
        }
      ]
    },
    {
      "mode": "managed",
      "type": "google_compute_project_metadata",
      "name": "default",
      "provider": "provider[\"registry.terraform.io/hashicorp/google\"]",
      "instances": [
        {
          "schema_version": 0,
          "attributes": {
            "id": "dataproject-419118",
            "metadata": {
              "ssh-keys": "root:ssh-rsa AAAAB3NzaC1yc2EAAAADAQABAAACAQDSR1A8p6c9zQ6We2SFJJJoGBKFbRAmyQK1GEnEEGGUm5XAOC1a5p2A6K6hTSl3fqgcch7f/1ecyqCpqKfTgadFNGnZjtRdNYw6cph8OqJNVQKALvYciyzaZadnflecoRx6Z8H2Wig6lUIGFEwsfL2zflZVG4Ti19n78wizAOORkyoZ83QPmdbzpxF/MrN8h1Mf8fEHRePE76cZeUgg+ZoDlwSQrZFUqpxMWkuE0ljb777fqdscBjxqdy9Ql/BezpYVyu7liiPJVZloFxsYplBJo8L7UvHiCnoN7EmbOZtd1Zpdxv2HYR+W8fYv/08STkU2TS5B0ksWBUhVa9/zulBVva9qvrkFOSRrmHjtn0EMwal6bVh79ugvamzLf/WKVLy0f4jfBh5/ibG6BjiJbju0nX47PSpz7Z4Afu0zUQfzt3PEqxUdBRFBOFYndCHTtKTRGZjIqSFc5QmYSR1w6h0Wnn41AZJYSuZXwSOOpXw5gyugSWv6X43nVo6FTtxrQKHD9dIQKxWGqs6I5yh10bnEwfSVgF9rDVFkUt2vUsXe9MW2GCsNFFXc8pFFp2C6+51Wu2afT6g4aXE8QN0LWpZbOi/caLnHzPmAzOmaBUnTTYwhqQE4PuAOL2rZv+fVfZiIxVdclICFbFt5fMXS2iy3/bdCpSkEsZ8iNZRL0uzMJQ==\n"
            },
            "project": "dataproject-419118",
            "timeouts": null
          },
          "sensitive_attributes": [],
          "private": "eyJlMmJmYjczMC1lY2FhLTExZTYtOGY4OC0zNDM2M2JjN2M0YzAiOnsiY3JlYXRlIjoyNDAwMDAwMDAwMDAsImRlbGV0ZSI6MjQwMDAwMDAwMDAwfX0=",
          "dependencies": [
            "tls_private_key.ssh"
          ]
        }
      ]
    },
    {
      "mode": "managed",
      "type": "google_compute_router",
      "name": "nat_router",
      "provider": "provider[\"registry.terraform.io/hashicorp/google\"]",
      "instances": [
        {
          "schema_version": 0,
          "attributes": {
            "bgp": [
              {
                "advertise_mode": "DEFAULT",
                "advertised_groups": null,
                "advertised_ip_ranges": [],
                "asn": 64514,
                "keepalive_interval": 20
              }
            ],
            "creation_timestamp": "2024-04-02T11:25:11.293-07:00",
            "description": "",
            "encrypted_interconnect_router": false,
            "id": "projects/dataproject-419118/regions/europe-west9/routers/nat-router",
            "name": "nat-router",
            "network": "https://www.googleapis.com/compute/v1/projects/dataproject-419118/global/networks/sdtd-network",
            "project": "dataproject-419118",
            "region": "europe-west9",
            "self_link": "https://www.googleapis.com/compute/v1/projects/dataproject-419118/regions/europe-west9/routers/nat-router",
            "timeouts": null
          },
          "sensitive_attributes": [],
          "private": "eyJlMmJmYjczMC1lY2FhLTExZTYtOGY4OC0zNDM2M2JjN2M0YzAiOnsiY3JlYXRlIjoxMjAwMDAwMDAwMDAwLCJkZWxldGUiOjEyMDAwMDAwMDAwMDAsInVwZGF0ZSI6MTIwMDAwMDAwMDAwMH19",
          "dependencies": [
            "google_compute_network.default"
          ]
        }
      ]
    },
    {
      "mode": "managed",
      "type": "google_compute_router_nat",
      "name": "nat_gateway",
      "provider": "provider[\"registry.terraform.io/hashicorp/google\"]",
      "instances": [
        {
          "schema_version": 0,
          "attributes": {
            "drain_nat_ips": null,
            "enable_dynamic_port_allocation": false,
            "enable_endpoint_independent_mapping": false,
            "icmp_idle_timeout_sec": 30,
            "id": "dataproject-419118/europe-west9/nat-router/nat-gateway",
            "log_config": [],
            "max_ports_per_vm": 0,
            "min_ports_per_vm": 0,
            "name": "nat-gateway",
            "nat_ip_allocate_option": "AUTO_ONLY",
            "nat_ips": null,
            "project": "dataproject-419118",
            "region": "europe-west9",
            "router": "nat-router",
            "rules": [],
            "source_subnetwork_ip_ranges_to_nat": "ALL_SUBNETWORKS_ALL_IP_RANGES",
            "subnetwork": [],
            "tcp_established_idle_timeout_sec": 1200,
            "tcp_time_wait_timeout_sec": 120,
            "tcp_transitory_idle_timeout_sec": 30,
            "timeouts": null,
            "udp_idle_timeout_sec": 30
          },
          "sensitive_attributes": [],
          "private": "eyJlMmJmYjczMC1lY2FhLTExZTYtOGY4OC0zNDM2M2JjN2M0YzAiOnsiY3JlYXRlIjoxMjAwMDAwMDAwMDAwLCJkZWxldGUiOjEyMDAwMDAwMDAwMDAsInVwZGF0ZSI6MTIwMDAwMDAwMDAwMH19",
          "dependencies": [
            "google_compute_network.default",
            "google_compute_router.nat_router"
          ]
        }
      ]
    },
    {
      "mode": "managed",
      "type": "google_compute_subnetwork",
      "name": "default",
      "provider": "provider[\"registry.terraform.io/hashicorp/google\"]",
      "instances": [
        {
          "schema_version": 0,
          "attributes": {
            "creation_timestamp": "2024-04-02T11:25:11.880-07:00",
            "description": "",
            "external_ipv6_prefix": "",
            "fingerprint": null,
            "gateway_address": "192.168.7.1",
            "id": "projects/dataproject-419118/regions/europe-west9/subnetworks/sdtd-sub-network",
            "internal_ipv6_prefix": "",
            "ip_cidr_range": "192.168.7.0/24",
            "ipv6_access_type": "",
            "ipv6_cidr_range": "",
            "log_config": [],
            "name": "sdtd-sub-network",
            "network": "https://www.googleapis.com/compute/v1/projects/dataproject-419118/global/networks/sdtd-network",
            "private_ip_google_access": false,
            "private_ipv6_google_access": "DISABLE_GOOGLE_ACCESS",
            "project": "dataproject-419118",
            "purpose": "PRIVATE",
            "region": "europe-west9",
            "role": "",
            "secondary_ip_range": [],
            "self_link": "https://www.googleapis.com/compute/v1/projects/dataproject-419118/regions/europe-west9/subnetworks/sdtd-sub-network",
            "stack_type": "IPV4_ONLY",
            "timeouts": null
          },
          "sensitive_attributes": [],
          "private": "eyJlMmJmYjczMC1lY2FhLTExZTYtOGY4OC0zNDM2M2JjN2M0YzAiOnsiY3JlYXRlIjoxMjAwMDAwMDAwMDAwLCJkZWxldGUiOjEyMDAwMDAwMDAwMDAsInVwZGF0ZSI6MTIwMDAwMDAwMDAwMH19",
          "dependencies": [
            "google_compute_network.default"
          ]
        }
      ]
    },
    {
      "mode": "managed",
      "type": "local_sensitive_file",
      "name": "private_key",
      "provider": "provider[\"registry.terraform.io/hashicorp/local\"]",
      "instances": [
        {
          "schema_version": 0,
          "attributes": {
            "content": "-----BEGIN RSA PRIVATE KEY-----\nMIIJKQIBAAKCAgEA0kdQPKenPc0OlntkhSSSaBgShW0QJskCtRhJxBBhlJuVwDgt\nWuadgOiuoU0pd36oHHIe3/9XnMqgqain04GnRTRp2Y7UXTWMOnKYfDqiTVUCgC72\nHIss2mWnZ35XnKEcemfB9looOpVCBhRMLHy9s35WVRuE4tfZ+/MIswDjkZMqGfN0\nD5nW86cRfzKzfIdTH/HxB0XjxO+nGXlIIPmaA5cEkK2RVKqcTFpLhNJY2+++36nb\nHAY8ancvUJfwXs6WFcru5YojyVWZaBcbGKZQSaPC+1Lx4gp6DexJmzmbXdWaXcb9\nh2EflvH2L/9PEk5FNk0uQdJLFgVIVWvf87pQVb2var65BTkka5h47Z9BDMGpem1Y\ne/boL2psy3/1ilS8tH+I3wYef4mxugY4iW47tJ1+Oz0qc+2eAH7tM1EH87dzxKsV\nHQURQThWJ3Qh07Sk0RmYyKkhXOUJmEkdcOodFp5+NQGSWErmV8EjjqV8OYMroElr\n+l+N51aOhU7ca0Chw/XSECsVhqrOiOcoddG5xMH0lYBfaw1RZFLdr1LF3vTFthgr\nDRRV3PKRRadguvudVrtmn0+oOGlxPEDdC1qWWzov3Gi5x8z5gMzpmgVJ002MIakB\nOD7gDi9q2b/n1X2YiMVXXJSAhWxbeXzF0tost/23QqUpBLGfIjWUS9LszCUCAwEA\nAQKCAgAkC3ljjFGMtHPFs80dTZGTKl0yZemY3GgMZuduJmizsp/O3VJY/KMPD9Ov\nbqynAR0MEzvbpcd85vb3XiO2i8kCgeOLGYKpn54z/qTI1rwviVzuYB5r8id0IGy7\nvtqBzNQ230ZOVlIDCMbSh/QuxAs4k3V1DUyQHfQNzjE1jfd0YseavzKr4fEIvyCu\nryA5PnEvTqfEWWSbw4DfSvzkOiT+bIqpyjbZTo2QQQIk+HGm8cfESzd17FO65EdG\nB2V6uurbPXgJ/M35myS6xQsuBIRKuzmXHza7SpR1goVziEJrqUvWu1+GL03c8AkF\nXTxOpQAUONKvEb8xPSKTEfTHsK5IVJnnmMpobSgxi8FQj7fj7G4ozV0Nl+AA1rjq\n7qLsHK2Ki8tzk0ijo5rfVdIqat4iUWpeIbH2k2yY44myWtWFEnix6SADgxsmgM/l\nq4AfQ4o5kEDwmrmyNPRs/jdJ2LoHPt3M2hrxP3VjbZsgL1ukeDIHhY1fkIMi+VEu\n8fHlVDaSgMKdhj/yqTKIAtteCQ0YER4fYnirsiYq+d1/CfeNBvhJBO1ulh5mZaH4\nUFXwns+QT8Umw3ii8hqKQ/U7IF8rkZU8rzB9Oi1ZXFRFv/j06jncIv5WaM83yrSg\nUhGdbM4BC5Tsp45IPRO5TarD8z65Wtx+gxSHSgNY3aMM4ZN3gQKCAQEA9Ymit3Ql\nnnV/0X/yJ7/Njb/xWFkPgN4uSqt9lXxQjePz97XG2jYi8NbyWTewfwwZuTjRt0co\nZ6/vFUli3VOJeghEqPq5n0cHAHydEwMTVOj8y94VmxyLItZvRJ4zxPlJIhc+L0NH\nfEyx4J45bPbdOxhL0bgMQf3wwru8vZQUQbxBU4704qrWtYlTF2JCaoAp7q+Vqb3q\navVYPS58aMbZkPySSTQYm/LNR3NkTShEBhmg2OwbfYRBqhx5vxq702oJd3VQ01RI\nu9chqWJqxnySsSLGvwbhQqDG1r1F9zfKklwGvwxIuU4FFmUEF1Oy2C33bfgCE14a\nyhwcuVwK2dAotQKCAQEA2z0Q7x0af40txbjw3qIGLhOems/dveA9ljZllHmeauHi\ni5uBkmctsaLh6WcdRlCHiDzar8UeGRFh2eFMc7Uld06BSddgi+BXNI8mTvCoIqDH\nE2FxNIYNLL3wq8zDF6b4iOlorB7zxBps4mwiWNaUqaRnkszVsHuxkKzQD9Po7WXK\nS15yFdboz41Ipf7JJ/xHmUrprMp4r3FljKwf685HGTGN+QVeN3bf/skn5aGtfw73\nByJEjBqcfXxPsJO1FIr7YIou31bnDldLuxOOflGKAcE3nmb1+T9m11Ly7j5jR/No\nVEY9usV9BfpS6L+c4rb02Lezbjg97xvFnGX0ZClrsQKCAQEAoBUkKUdoX29r7kLk\ntlWuxoQl7dvi57nzpGs6bYOnYVsFbLLu+sXg8fSx/Mj6IVraSpBo6n1SMofZ8J7v\n/izArPdHDISrENVWE1MrdYHD0NA2QRSCMabib8wuryYVyo5cyAUvXdEXgkrejfua\npRguFKE6jXjZRQ0zM0MDQvaQXmtGjBvgPQf1BFaL/erqMlVtAVko0oonk6Rx6zGr\nmwRKROTm2yNECCi8/aCV/FgMQY3j+Im3QpY/2ZDHL3lWi/fORDwQfjetVApmv/CS\nfOYrHaH2wgTSSIZaHRc5znxpbhLhsx1nLKlZV8h0amD/cUJG10Oi1s272ZmKgK8p\nw+ibIQKCAQAE5OUW4WhxBn7KFinSXn2S079Lp25Eyde2HbrAyMI/kpFTGoKW+RSt\nDXzLkBC4PB36bZlYKSdV2ex8R6pEPvv6INeEBXnTRYvM0ZFCW970/u/Sv+8eBAwR\nPqA7xZNpWMHdlJBQn1RDwW9C0rUllIy3CMODJG10xh4do631XH6rpgURD6euUyDZ\nWUcQ5ZIqAVi71E9JGy/8gqSIsmL4CZ/OsSuBLpx+0nmHn4fzeVt9JaFgGGS9V+68\nYmUJBRMaxUt9SThopfD8gfhf0bzxlvJkvaJ3N8cv7DlofyKLLPtcZNOkZfkEzVnQ\nI1lsdrKS4RCwMdGgmULQrqcHqcL95WrRAoIBAQCqos59lryYckT9wmJ1u74razGN\n+Ks13m/UIeK1bufhkWiQGLxmB/UVLehukYiCU8eWbtl/tQS9LV/uFCdNv686h1AG\nd5bHtZsSWv1VjZt3PfUzKVlXQedV79dR1jFjIzPp1yZ66lDHM8vLrVF0JnW9Dx0k\nPchRJLR8N0rjeEzeZC2oDlPAQQ/2Fl6DaDyfJbaYcVUch4tRKFUdPTRYtexcnf3M\n4fKQuPl5bSD2XPxoF5Zs2SljlRInSp1ARxXKk5cYJl/Rjc33jJifjc1LCEn5eMcR\nN7q3wDPRM/4UWpjxCtPRQq71hIIRIwe2huI729oC5RfJhMNgpDK3zRq5NgGS\n-----END RSA PRIVATE KEY-----\n",
            "content_base64": null,
            "content_base64sha256": "1yq/yrgWkioI8uI5jIGi9qLxkbVpcQFUvQuDNfq2IOk=",
            "content_base64sha512": "UYU/ffXAytHw0DSqpPlRGSKU4RcghO/2icfyOQ1Ng4pBk+sgUw1jUWVIyOyyoNBOMKpHIGdEW2kO+6DkFz959A==",
            "content_md5": "db833fa04b77fef0b1fa2582e7518a33",
            "content_sha1": "5faa5cedc8af53b0ca00e151d821aa839e79cc39",
            "content_sha256": "d72abfcab816922a08f2e2398c81a2f6a2f191b569710154bd0b8335fab620e9",
            "content_sha512": "51853f7df5c0cad1f0d034aaa4f951192294e1172084eff689c7f2390d4d838a4193eb20530d63516548c8ecb2a0d04e30aa472067445b690efba0e4173f79f4",
            "directory_permission": "0700",
            "file_permission": "0600",
            "filename": "./id_rsa",
            "id": "5faa5cedc8af53b0ca00e151d821aa839e79cc39",
            "source": null
          },
          "sensitive_attributes": [
            [
              {
                "type": "get_attr",
                "value": "content"
              }
            ]
          ],
          "dependencies": [
            "tls_private_key.ssh"
          ]
        }
      ]
    },
    {
      "mode": "managed",
      "type": "tls_private_key",
      "name": "ssh",
      "provider": "provider[\"registry.terraform.io/hashicorp/tls\"]",
      "instances": [
        {
          "schema_version": 1,
          "attributes": {
            "algorithm": "RSA",
            "ecdsa_curve": "P224",
            "id": "349385c4d74fe829e7ef77575d6932c61abf5542",
            "private_key_openssh": "-----BEGIN OPENSSH PRIVATE KEY-----\nb3BlbnNzaC1rZXktdjEAAAAABG5vbmUAAAAEbm9uZQAAAAAAAAABAAACFwAAAAdz\nc2gtcnNhAAAAAwEAAQAAAgEA0kdQPKenPc0OlntkhSSSaBgShW0QJskCtRhJxBBh\nlJuVwDgtWuadgOiuoU0pd36oHHIe3/9XnMqgqain04GnRTRp2Y7UXTWMOnKYfDqi\nTVUCgC72HIss2mWnZ35XnKEcemfB9looOpVCBhRMLHy9s35WVRuE4tfZ+/MIswDj\nkZMqGfN0D5nW86cRfzKzfIdTH/HxB0XjxO+nGXlIIPmaA5cEkK2RVKqcTFpLhNJY\n2+++36nbHAY8ancvUJfwXs6WFcru5YojyVWZaBcbGKZQSaPC+1Lx4gp6DexJmzmb\nXdWaXcb9h2EflvH2L/9PEk5FNk0uQdJLFgVIVWvf87pQVb2var65BTkka5h47Z9B\nDMGpem1Ye/boL2psy3/1ilS8tH+I3wYef4mxugY4iW47tJ1+Oz0qc+2eAH7tM1EH\n87dzxKsVHQURQThWJ3Qh07Sk0RmYyKkhXOUJmEkdcOodFp5+NQGSWErmV8EjjqV8\nOYMroElr+l+N51aOhU7ca0Chw/XSECsVhqrOiOcoddG5xMH0lYBfaw1RZFLdr1LF\n3vTFthgrDRRV3PKRRadguvudVrtmn0+oOGlxPEDdC1qWWzov3Gi5x8z5gMzpmgVJ\n002MIakBOD7gDi9q2b/n1X2YiMVXXJSAhWxbeXzF0tost/23QqUpBLGfIjWUS9Ls\nzCUAAAc4vQzMjL0MzIwAAAAHc3NoLXJzYQAAAgEA0kdQPKenPc0OlntkhSSSaBgS\nhW0QJskCtRhJxBBhlJuVwDgtWuadgOiuoU0pd36oHHIe3/9XnMqgqain04GnRTRp\n2Y7UXTWMOnKYfDqiTVUCgC72HIss2mWnZ35XnKEcemfB9looOpVCBhRMLHy9s35W\nVRuE4tfZ+/MIswDjkZMqGfN0D5nW86cRfzKzfIdTH/HxB0XjxO+nGXlIIPmaA5cE\nkK2RVKqcTFpLhNJY2+++36nbHAY8ancvUJfwXs6WFcru5YojyVWZaBcbGKZQSaPC\n+1Lx4gp6DexJmzmbXdWaXcb9h2EflvH2L/9PEk5FNk0uQdJLFgVIVWvf87pQVb2v\nar65BTkka5h47Z9BDMGpem1Ye/boL2psy3/1ilS8tH+I3wYef4mxugY4iW47tJ1+\nOz0qc+2eAH7tM1EH87dzxKsVHQURQThWJ3Qh07Sk0RmYyKkhXOUJmEkdcOodFp5+\nNQGSWErmV8EjjqV8OYMroElr+l+N51aOhU7ca0Chw/XSECsVhqrOiOcoddG5xMH0\nlYBfaw1RZFLdr1LF3vTFthgrDRRV3PKRRadguvudVrtmn0+oOGlxPEDdC1qWWzov\n3Gi5x8z5gMzpmgVJ002MIakBOD7gDi9q2b/n1X2YiMVXXJSAhWxbeXzF0tost/23\nQqUpBLGfIjWUS9LszCUAAAADAQABAAACACQLeWOMUYy0c8WzzR1NkZMqXTJl6Zjc\naAxm524maLOyn87dUlj8ow8P069urKcBHQwTO9ulx3zm9vdeI7aLyQKB44sZgqmf\nnjP+pMjWvC+JXO5gHmvyJ3QgbLu+2oHM1DbfRk5WUgMIxtKH9C7ECziTdXUNTJAd\n9A3OMTWN93Rix5q/Mqvh8Qi/IK6vIDk+cS9Op8RZZJvDgN9K/OQ6JP5siqnKNtlO\njZBBAiT4cabxx8RLN3XsU7rkR0YHZXq66ts9eAn8zfmbJLrFCy4EhEq7OZcfNrtK\nlHWChXOIQmupS9a7X4YvTdzwCQVdPE6lABQ40q8RvzE9IpMR9MewrkhUmeeYymht\nKDGLwVCPt+PsbijNXQ2X4ADWuOruouwcrYqLy3OTSKOjmt9V0ipq3iJRal4hsfaT\nbJjjibJa1YUSeLHpIAODGyaAz+WrgB9DijmQQPCaubI09Gz+N0nYugc+3czaGvE/\ndWNtmyAvW6R4MgeFjV+QgyL5US7x8eVUNpKAwp2GP/KpMogC214JDRgRHh9ieKuy\nJir53X8J940G+EkE7W6WHmZlofhQVfCez5BPxSbDeKLyGopD9TsgXyuRlTyvMH06\nLVlcVEW/+PTqOdwi/lZozzfKtKBSEZ1szgELlOynjkg9E7lNqsPzPrla3H6DFIdK\nA1jdowzhk3eBAAABAQCqos59lryYckT9wmJ1u74razGN+Ks13m/UIeK1bufhkWiQ\nGLxmB/UVLehukYiCU8eWbtl/tQS9LV/uFCdNv686h1AGd5bHtZsSWv1VjZt3PfUz\nKVlXQedV79dR1jFjIzPp1yZ66lDHM8vLrVF0JnW9Dx0kPchRJLR8N0rjeEzeZC2o\nDlPAQQ/2Fl6DaDyfJbaYcVUch4tRKFUdPTRYtexcnf3M4fKQuPl5bSD2XPxoF5Zs\n2SljlRInSp1ARxXKk5cYJl/Rjc33jJifjc1LCEn5eMcRN7q3wDPRM/4UWpjxCtPR\nQq71hIIRIwe2huI729oC5RfJhMNgpDK3zRq5NgGSAAABAQD1iaK3dCWedX/Rf/In\nv82Nv/FYWQ+A3i5Kq32VfFCN4/P3tcbaNiLw1vJZN7B/DBm5ONG3Ryhnr+8VSWLd\nU4l6CESo+rmfRwcAfJ0TAxNU6PzL3hWbHIsi1m9EnjPE+UkiFz4vQ0d8TLHgnjls\n9t07GEvRuAxB/fDCu7y9lBRBvEFTjvTiqta1iVMXYkJqgCnur5Wpvepq9Vg9Lnxo\nxtmQ/JJJNBib8s1Hc2RNKEQGGaDY7Bt9hEGqHHm/GrvTagl3dVDTVEi71yGpYmrG\nfJKxIsa/BuFCoMbWvUX3N8qSXAa/DEi5TgUWZQQXU7LYLfdt+AITXhrKHBy5XArZ\n0Ci1AAABAQDbPRDvHRp/jS3FuPDeogYuE56az9294D2WNmWUeZ5q4eKLm4GSZy2x\nouHpZx1GUIeIPNqvxR4ZEWHZ4UxztSV3ToFJ12CL4Fc0jyZO8KgioMcTYXE0hg0s\nvfCrzMMXpviI6WisHvPEGmzibCJY1pSppGeSzNWwe7GQrNAP0+jtZcpLXnIV1ujP\njUil/skn/EeZSumsynivcWWMrB/rzkcZMY35BV43dt/+ySfloa1/DvcHIkSMGpx9\nfE+wk7UUivtgii7fVucOV0u7E45+UYoBwTeeZvX5P2bXUvLuPmNH82hURj26xX0F\n+lLov5zitvTYt7NuOD3vG8WcZfRkKWuxAAAAAAEC\n-----END OPENSSH PRIVATE KEY-----\n",
            "private_key_pem": "-----BEGIN RSA PRIVATE KEY-----\nMIIJKQIBAAKCAgEA0kdQPKenPc0OlntkhSSSaBgShW0QJskCtRhJxBBhlJuVwDgt\nWuadgOiuoU0pd36oHHIe3/9XnMqgqain04GnRTRp2Y7UXTWMOnKYfDqiTVUCgC72\nHIss2mWnZ35XnKEcemfB9looOpVCBhRMLHy9s35WVRuE4tfZ+/MIswDjkZMqGfN0\nD5nW86cRfzKzfIdTH/HxB0XjxO+nGXlIIPmaA5cEkK2RVKqcTFpLhNJY2+++36nb\nHAY8ancvUJfwXs6WFcru5YojyVWZaBcbGKZQSaPC+1Lx4gp6DexJmzmbXdWaXcb9\nh2EflvH2L/9PEk5FNk0uQdJLFgVIVWvf87pQVb2var65BTkka5h47Z9BDMGpem1Y\ne/boL2psy3/1ilS8tH+I3wYef4mxugY4iW47tJ1+Oz0qc+2eAH7tM1EH87dzxKsV\nHQURQThWJ3Qh07Sk0RmYyKkhXOUJmEkdcOodFp5+NQGSWErmV8EjjqV8OYMroElr\n+l+N51aOhU7ca0Chw/XSECsVhqrOiOcoddG5xMH0lYBfaw1RZFLdr1LF3vTFthgr\nDRRV3PKRRadguvudVrtmn0+oOGlxPEDdC1qWWzov3Gi5x8z5gMzpmgVJ002MIakB\nOD7gDi9q2b/n1X2YiMVXXJSAhWxbeXzF0tost/23QqUpBLGfIjWUS9LszCUCAwEA\nAQKCAgAkC3ljjFGMtHPFs80dTZGTKl0yZemY3GgMZuduJmizsp/O3VJY/KMPD9Ov\nbqynAR0MEzvbpcd85vb3XiO2i8kCgeOLGYKpn54z/qTI1rwviVzuYB5r8id0IGy7\nvtqBzNQ230ZOVlIDCMbSh/QuxAs4k3V1DUyQHfQNzjE1jfd0YseavzKr4fEIvyCu\nryA5PnEvTqfEWWSbw4DfSvzkOiT+bIqpyjbZTo2QQQIk+HGm8cfESzd17FO65EdG\nB2V6uurbPXgJ/M35myS6xQsuBIRKuzmXHza7SpR1goVziEJrqUvWu1+GL03c8AkF\nXTxOpQAUONKvEb8xPSKTEfTHsK5IVJnnmMpobSgxi8FQj7fj7G4ozV0Nl+AA1rjq\n7qLsHK2Ki8tzk0ijo5rfVdIqat4iUWpeIbH2k2yY44myWtWFEnix6SADgxsmgM/l\nq4AfQ4o5kEDwmrmyNPRs/jdJ2LoHPt3M2hrxP3VjbZsgL1ukeDIHhY1fkIMi+VEu\n8fHlVDaSgMKdhj/yqTKIAtteCQ0YER4fYnirsiYq+d1/CfeNBvhJBO1ulh5mZaH4\nUFXwns+QT8Umw3ii8hqKQ/U7IF8rkZU8rzB9Oi1ZXFRFv/j06jncIv5WaM83yrSg\nUhGdbM4BC5Tsp45IPRO5TarD8z65Wtx+gxSHSgNY3aMM4ZN3gQKCAQEA9Ymit3Ql\nnnV/0X/yJ7/Njb/xWFkPgN4uSqt9lXxQjePz97XG2jYi8NbyWTewfwwZuTjRt0co\nZ6/vFUli3VOJeghEqPq5n0cHAHydEwMTVOj8y94VmxyLItZvRJ4zxPlJIhc+L0NH\nfEyx4J45bPbdOxhL0bgMQf3wwru8vZQUQbxBU4704qrWtYlTF2JCaoAp7q+Vqb3q\navVYPS58aMbZkPySSTQYm/LNR3NkTShEBhmg2OwbfYRBqhx5vxq702oJd3VQ01RI\nu9chqWJqxnySsSLGvwbhQqDG1r1F9zfKklwGvwxIuU4FFmUEF1Oy2C33bfgCE14a\nyhwcuVwK2dAotQKCAQEA2z0Q7x0af40txbjw3qIGLhOems/dveA9ljZllHmeauHi\ni5uBkmctsaLh6WcdRlCHiDzar8UeGRFh2eFMc7Uld06BSddgi+BXNI8mTvCoIqDH\nE2FxNIYNLL3wq8zDF6b4iOlorB7zxBps4mwiWNaUqaRnkszVsHuxkKzQD9Po7WXK\nS15yFdboz41Ipf7JJ/xHmUrprMp4r3FljKwf685HGTGN+QVeN3bf/skn5aGtfw73\nByJEjBqcfXxPsJO1FIr7YIou31bnDldLuxOOflGKAcE3nmb1+T9m11Ly7j5jR/No\nVEY9usV9BfpS6L+c4rb02Lezbjg97xvFnGX0ZClrsQKCAQEAoBUkKUdoX29r7kLk\ntlWuxoQl7dvi57nzpGs6bYOnYVsFbLLu+sXg8fSx/Mj6IVraSpBo6n1SMofZ8J7v\n/izArPdHDISrENVWE1MrdYHD0NA2QRSCMabib8wuryYVyo5cyAUvXdEXgkrejfua\npRguFKE6jXjZRQ0zM0MDQvaQXmtGjBvgPQf1BFaL/erqMlVtAVko0oonk6Rx6zGr\nmwRKROTm2yNECCi8/aCV/FgMQY3j+Im3QpY/2ZDHL3lWi/fORDwQfjetVApmv/CS\nfOYrHaH2wgTSSIZaHRc5znxpbhLhsx1nLKlZV8h0amD/cUJG10Oi1s272ZmKgK8p\nw+ibIQKCAQAE5OUW4WhxBn7KFinSXn2S079Lp25Eyde2HbrAyMI/kpFTGoKW+RSt\nDXzLkBC4PB36bZlYKSdV2ex8R6pEPvv6INeEBXnTRYvM0ZFCW970/u/Sv+8eBAwR\nPqA7xZNpWMHdlJBQn1RDwW9C0rUllIy3CMODJG10xh4do631XH6rpgURD6euUyDZ\nWUcQ5ZIqAVi71E9JGy/8gqSIsmL4CZ/OsSuBLpx+0nmHn4fzeVt9JaFgGGS9V+68\nYmUJBRMaxUt9SThopfD8gfhf0bzxlvJkvaJ3N8cv7DlofyKLLPtcZNOkZfkEzVnQ\nI1lsdrKS4RCwMdGgmULQrqcHqcL95WrRAoIBAQCqos59lryYckT9wmJ1u74razGN\n+Ks13m/UIeK1bufhkWiQGLxmB/UVLehukYiCU8eWbtl/tQS9LV/uFCdNv686h1AG\nd5bHtZsSWv1VjZt3PfUzKVlXQedV79dR1jFjIzPp1yZ66lDHM8vLrVF0JnW9Dx0k\nPchRJLR8N0rjeEzeZC2oDlPAQQ/2Fl6DaDyfJbaYcVUch4tRKFUdPTRYtexcnf3M\n4fKQuPl5bSD2XPxoF5Zs2SljlRInSp1ARxXKk5cYJl/Rjc33jJifjc1LCEn5eMcR\nN7q3wDPRM/4UWpjxCtPRQq71hIIRIwe2huI729oC5RfJhMNgpDK3zRq5NgGS\n-----END RSA PRIVATE KEY-----\n",
            "private_key_pem_pkcs8": "-----BEGIN PRIVATE KEY-----\nMIIJQwIBADANBgkqhkiG9w0BAQEFAASCCS0wggkpAgEAAoICAQDSR1A8p6c9zQ6W\ne2SFJJJoGBKFbRAmyQK1GEnEEGGUm5XAOC1a5p2A6K6hTSl3fqgcch7f/1ecyqCp\nqKfTgadFNGnZjtRdNYw6cph8OqJNVQKALvYciyzaZadnflecoRx6Z8H2Wig6lUIG\nFEwsfL2zflZVG4Ti19n78wizAOORkyoZ83QPmdbzpxF/MrN8h1Mf8fEHRePE76cZ\neUgg+ZoDlwSQrZFUqpxMWkuE0ljb777fqdscBjxqdy9Ql/BezpYVyu7liiPJVZlo\nFxsYplBJo8L7UvHiCnoN7EmbOZtd1Zpdxv2HYR+W8fYv/08STkU2TS5B0ksWBUhV\na9/zulBVva9qvrkFOSRrmHjtn0EMwal6bVh79ugvamzLf/WKVLy0f4jfBh5/ibG6\nBjiJbju0nX47PSpz7Z4Afu0zUQfzt3PEqxUdBRFBOFYndCHTtKTRGZjIqSFc5QmY\nSR1w6h0Wnn41AZJYSuZXwSOOpXw5gyugSWv6X43nVo6FTtxrQKHD9dIQKxWGqs6I\n5yh10bnEwfSVgF9rDVFkUt2vUsXe9MW2GCsNFFXc8pFFp2C6+51Wu2afT6g4aXE8\nQN0LWpZbOi/caLnHzPmAzOmaBUnTTYwhqQE4PuAOL2rZv+fVfZiIxVdclICFbFt5\nfMXS2iy3/bdCpSkEsZ8iNZRL0uzMJQIDAQABAoICACQLeWOMUYy0c8WzzR1NkZMq\nXTJl6ZjcaAxm524maLOyn87dUlj8ow8P069urKcBHQwTO9ulx3zm9vdeI7aLyQKB\n44sZgqmfnjP+pMjWvC+JXO5gHmvyJ3QgbLu+2oHM1DbfRk5WUgMIxtKH9C7ECziT\ndXUNTJAd9A3OMTWN93Rix5q/Mqvh8Qi/IK6vIDk+cS9Op8RZZJvDgN9K/OQ6JP5s\niqnKNtlOjZBBAiT4cabxx8RLN3XsU7rkR0YHZXq66ts9eAn8zfmbJLrFCy4EhEq7\nOZcfNrtKlHWChXOIQmupS9a7X4YvTdzwCQVdPE6lABQ40q8RvzE9IpMR9MewrkhU\nmeeYymhtKDGLwVCPt+PsbijNXQ2X4ADWuOruouwcrYqLy3OTSKOjmt9V0ipq3iJR\nal4hsfaTbJjjibJa1YUSeLHpIAODGyaAz+WrgB9DijmQQPCaubI09Gz+N0nYugc+\n3czaGvE/dWNtmyAvW6R4MgeFjV+QgyL5US7x8eVUNpKAwp2GP/KpMogC214JDRgR\nHh9ieKuyJir53X8J940G+EkE7W6WHmZlofhQVfCez5BPxSbDeKLyGopD9TsgXyuR\nlTyvMH06LVlcVEW/+PTqOdwi/lZozzfKtKBSEZ1szgELlOynjkg9E7lNqsPzPrla\n3H6DFIdKA1jdowzhk3eBAoIBAQD1iaK3dCWedX/Rf/Inv82Nv/FYWQ+A3i5Kq32V\nfFCN4/P3tcbaNiLw1vJZN7B/DBm5ONG3Ryhnr+8VSWLdU4l6CESo+rmfRwcAfJ0T\nAxNU6PzL3hWbHIsi1m9EnjPE+UkiFz4vQ0d8TLHgnjls9t07GEvRuAxB/fDCu7y9\nlBRBvEFTjvTiqta1iVMXYkJqgCnur5Wpvepq9Vg9LnxoxtmQ/JJJNBib8s1Hc2RN\nKEQGGaDY7Bt9hEGqHHm/GrvTagl3dVDTVEi71yGpYmrGfJKxIsa/BuFCoMbWvUX3\nN8qSXAa/DEi5TgUWZQQXU7LYLfdt+AITXhrKHBy5XArZ0Ci1AoIBAQDbPRDvHRp/\njS3FuPDeogYuE56az9294D2WNmWUeZ5q4eKLm4GSZy2xouHpZx1GUIeIPNqvxR4Z\nEWHZ4UxztSV3ToFJ12CL4Fc0jyZO8KgioMcTYXE0hg0svfCrzMMXpviI6WisHvPE\nGmzibCJY1pSppGeSzNWwe7GQrNAP0+jtZcpLXnIV1ujPjUil/skn/EeZSumsyniv\ncWWMrB/rzkcZMY35BV43dt/+ySfloa1/DvcHIkSMGpx9fE+wk7UUivtgii7fVucO\nV0u7E45+UYoBwTeeZvX5P2bXUvLuPmNH82hURj26xX0F+lLov5zitvTYt7NuOD3v\nG8WcZfRkKWuxAoIBAQCgFSQpR2hfb2vuQuS2Va7GhCXt2+LnufOkazptg6dhWwVs\nsu76xeDx9LH8yPohWtpKkGjqfVIyh9nwnu/+LMCs90cMhKsQ1VYTUyt1gcPQ0DZB\nFIIxpuJvzC6vJhXKjlzIBS9d0ReCSt6N+5qlGC4UoTqNeNlFDTMzQwNC9pBea0aM\nG+A9B/UEVov96uoyVW0BWSjSiieTpHHrMaubBEpE5ObbI0QIKLz9oJX8WAxBjeP4\nibdClj/ZkMcveVaL985EPBB+N61UCma/8JJ85isdofbCBNJIhlodFznOfGluEuGz\nHWcsqVlXyHRqYP9xQkbXQ6LWzbvZmYqArynD6JshAoIBAATk5RbhaHEGfsoWKdJe\nfZLTv0unbkTJ17YdusDIwj+SkVMagpb5FK0NfMuQELg8HfptmVgpJ1XZ7HxHqkQ+\n+/og14QFedNFi8zRkUJb3vT+79K/7x4EDBE+oDvFk2lYwd2UkFCfVEPBb0LStSWU\njLcIw4MkbXTGHh2jrfVcfqumBREPp65TINlZRxDlkioBWLvUT0kbL/yCpIiyYvgJ\nn86xK4EunH7SeYefh/N5W30loWAYZL1X7rxiZQkFExrFS31JOGil8PyB+F/RvPGW\n8mS9onc3xy/sOWh/Ioss+1xk06Rl+QTNWdAjWWx2spLhELAx0aCZQtCupwepwv3l\natECggEBAKqizn2WvJhyRP3CYnW7vitrMY34qzXeb9Qh4rVu5+GRaJAYvGYH9RUt\n6G6RiIJTx5Zu2X+1BL0tX+4UJ02/rzqHUAZ3lse1mxJa/VWNm3c99TMpWVdB51Xv\n11HWMWMjM+nXJnrqUMczy8utUXQmdb0PHSQ9yFEktHw3SuN4TN5kLagOU8BBD/YW\nXoNoPJ8ltphxVRyHi1EoVR09NFi17Fyd/czh8pC4+XltIPZc/GgXlmzZKWOVEidK\nnUBHFcqTlxgmX9GNzfeMmJ+NzUsISfl4xxE3urfAM9Ez/hRamPEK09FCrvWEghEj\nB7aG4jvb2gLlF8mEw2CkMrfNGrk2AZI=\n-----END PRIVATE KEY-----\n",
            "public_key_fingerprint_md5": "7a:22:6e:c5:7d:56:94:0c:46:29:13:98:93:b3:4f:77",
            "public_key_fingerprint_sha256": "SHA256:vOD1AvIX5VlY5t38P6iwaXkJ/7QvtvC1gzdDCW16wNE",
            "public_key_openssh": "ssh-rsa AAAAB3NzaC1yc2EAAAADAQABAAACAQDSR1A8p6c9zQ6We2SFJJJoGBKFbRAmyQK1GEnEEGGUm5XAOC1a5p2A6K6hTSl3fqgcch7f/1ecyqCpqKfTgadFNGnZjtRdNYw6cph8OqJNVQKALvYciyzaZadnflecoRx6Z8H2Wig6lUIGFEwsfL2zflZVG4Ti19n78wizAOORkyoZ83QPmdbzpxF/MrN8h1Mf8fEHRePE76cZeUgg+ZoDlwSQrZFUqpxMWkuE0ljb777fqdscBjxqdy9Ql/BezpYVyu7liiPJVZloFxsYplBJo8L7UvHiCnoN7EmbOZtd1Zpdxv2HYR+W8fYv/08STkU2TS5B0ksWBUhVa9/zulBVva9qvrkFOSRrmHjtn0EMwal6bVh79ugvamzLf/WKVLy0f4jfBh5/ibG6BjiJbju0nX47PSpz7Z4Afu0zUQfzt3PEqxUdBRFBOFYndCHTtKTRGZjIqSFc5QmYSR1w6h0Wnn41AZJYSuZXwSOOpXw5gyugSWv6X43nVo6FTtxrQKHD9dIQKxWGqs6I5yh10bnEwfSVgF9rDVFkUt2vUsXe9MW2GCsNFFXc8pFFp2C6+51Wu2afT6g4aXE8QN0LWpZbOi/caLnHzPmAzOmaBUnTTYwhqQE4PuAOL2rZv+fVfZiIxVdclICFbFt5fMXS2iy3/bdCpSkEsZ8iNZRL0uzMJQ==\n",
            "public_key_pem": "-----BEGIN PUBLIC KEY-----\nMIICIjANBgkqhkiG9w0BAQEFAAOCAg8AMIICCgKCAgEA0kdQPKenPc0OlntkhSSS\naBgShW0QJskCtRhJxBBhlJuVwDgtWuadgOiuoU0pd36oHHIe3/9XnMqgqain04Gn\nRTRp2Y7UXTWMOnKYfDqiTVUCgC72HIss2mWnZ35XnKEcemfB9looOpVCBhRMLHy9\ns35WVRuE4tfZ+/MIswDjkZMqGfN0D5nW86cRfzKzfIdTH/HxB0XjxO+nGXlIIPma\nA5cEkK2RVKqcTFpLhNJY2+++36nbHAY8ancvUJfwXs6WFcru5YojyVWZaBcbGKZQ\nSaPC+1Lx4gp6DexJmzmbXdWaXcb9h2EflvH2L/9PEk5FNk0uQdJLFgVIVWvf87pQ\nVb2var65BTkka5h47Z9BDMGpem1Ye/boL2psy3/1ilS8tH+I3wYef4mxugY4iW47\ntJ1+Oz0qc+2eAH7tM1EH87dzxKsVHQURQThWJ3Qh07Sk0RmYyKkhXOUJmEkdcOod\nFp5+NQGSWErmV8EjjqV8OYMroElr+l+N51aOhU7ca0Chw/XSECsVhqrOiOcoddG5\nxMH0lYBfaw1RZFLdr1LF3vTFthgrDRRV3PKRRadguvudVrtmn0+oOGlxPEDdC1qW\nWzov3Gi5x8z5gMzpmgVJ002MIakBOD7gDi9q2b/n1X2YiMVXXJSAhWxbeXzF0tos\nt/23QqUpBLGfIjWUS9LszCUCAwEAAQ==\n-----END PUBLIC KEY-----\n",
            "rsa_bits": 4096
          },
          "sensitive_attributes": []
        }
      ]
    }
  ],
  "check_results": null
}
