{
  "version": 4,
  "terraform_version": "1.6.6",
  "serial": 431,
  "lineage": "d43d6293-a5f6-c583-c0fc-e6e81b9ad389",
  "outputs": {},
  "resources": [
    {
      "mode": "managed",
      "type": "google_compute_address",
      "name": "gateway-public-ip",
      "provider": "provider[\"registry.terraform.io/hashicorp/google\"]",
      "instances": [
        {
          "schema_version": 0,
          "attributes": {
            "address": "34.155.151.81",
            "address_type": "EXTERNAL",
            "creation_timestamp": "2024-04-05T15:14:07.490-07:00",
            "description": "",
            "effective_labels": {},
            "id": "projects/dataproject-419118/regions/europe-west9/addresses/gateway-public-ip",
            "ip_version": "",
            "ipv6_endpoint_type": "",
            "label_fingerprint": "42WmSpB8rSM=",
            "labels": null,
            "name": "gateway-public-ip",
            "network": "",
            "network_tier": "PREMIUM",
            "prefix_length": 0,
            "project": "dataproject-419118",
            "purpose": "",
            "region": "europe-west9",
            "self_link": "https://www.googleapis.com/compute/v1/projects/dataproject-419118/regions/europe-west9/addresses/gateway-public-ip",
            "subnetwork": "",
            "terraform_labels": {},
            "timeouts": null,
            "users": []
          },
          "sensitive_attributes": [],
          "private": "eyJlMmJmYjczMC1lY2FhLTExZTYtOGY4OC0zNDM2M2JjN2M0YzAiOnsiY3JlYXRlIjoxMjAwMDAwMDAwMDAwLCJkZWxldGUiOjEyMDAwMDAwMDAwMDAsInVwZGF0ZSI6MTIwMDAwMDAwMDAwMH19"
        }
      ]
    },
    {
      "mode": "managed",
      "type": "google_compute_firewall",
      "name": "external",
      "provider": "provider[\"registry.terraform.io/hashicorp/google\"]",
      "instances": [
        {
          "schema_version": 1,
          "attributes": {
            "allow": [
              {
                "ports": [
                  "22",
                  "443",
                  "80",
                  "8080",
                  "8081",
                  "8082"
                ],
                "protocol": "tcp"
              }
            ],
            "creation_timestamp": "2024-04-05T15:14:19.232-07:00",
            "deny": [],
            "description": "",
            "destination_ranges": [],
            "direction": "INGRESS",
            "disabled": false,
            "enable_logging": null,
            "id": "projects/dataproject-419118/global/firewalls/allow-external",
            "log_config": [],
            "name": "allow-external",
            "network": "https://www.googleapis.com/compute/v1/projects/dataproject-419118/global/networks/sdtd-network",
            "priority": 1000,
            "project": "dataproject-419118",
            "self_link": "https://www.googleapis.com/compute/v1/projects/dataproject-419118/global/firewalls/allow-external",
            "source_ranges": [
              "0.0.0.0/0"
            ],
            "source_service_accounts": null,
            "source_tags": null,
            "target_service_accounts": null,
            "target_tags": null,
            "timeouts": null
          },
          "sensitive_attributes": [],
          "private": "eyJlMmJmYjczMC1lY2FhLTExZTYtOGY4OC0zNDM2M2JjN2M0YzAiOnsiY3JlYXRlIjoxMjAwMDAwMDAwMDAwLCJkZWxldGUiOjEyMDAwMDAwMDAwMDAsInVwZGF0ZSI6MTIwMDAwMDAwMDAwMH0sInNjaGVtYV92ZXJzaW9uIjoiMSJ9",
          "dependencies": [
            "google_compute_network.default"
          ]
        }
      ]
    },
    {
      "mode": "managed",
      "type": "google_compute_firewall",
      "name": "internal",
      "provider": "provider[\"registry.terraform.io/hashicorp/google\"]",
      "instances": [
        {
          "schema_version": 1,
          "attributes": {
            "allow": [
              {
                "ports": [
                  "22",
                  "6443",
                  "2379-2380",
                  "10250",
                  "10259",
                  "10257",
                  "30000-32767"
                ],
                "protocol": "tcp"
              },
              {
                "ports": [],
                "protocol": "icmp"
              },
              {
                "ports": [],
                "protocol": "udp"
              }
            ],
            "creation_timestamp": "2024-04-05T15:14:19.040-07:00",
            "deny": [],
            "description": "",
            "destination_ranges": [],
            "direction": "INGRESS",
            "disabled": false,
            "enable_logging": null,
            "id": "projects/dataproject-419118/global/firewalls/allow-internal",
            "log_config": [],
            "name": "allow-internal",
            "network": "https://www.googleapis.com/compute/v1/projects/dataproject-419118/global/networks/sdtd-network",
            "priority": 1000,
            "project": "dataproject-419118",
            "self_link": "https://www.googleapis.com/compute/v1/projects/dataproject-419118/global/firewalls/allow-internal",
            "source_ranges": [
              "192.168.7.0/24"
            ],
            "source_service_accounts": null,
            "source_tags": null,
            "target_service_accounts": null,
            "target_tags": null,
            "timeouts": null
          },
          "sensitive_attributes": [],
          "private": "eyJlMmJmYjczMC1lY2FhLTExZTYtOGY4OC0zNDM2M2JjN2M0YzAiOnsiY3JlYXRlIjoxMjAwMDAwMDAwMDAwLCJkZWxldGUiOjEyMDAwMDAwMDAwMDAsInVwZGF0ZSI6MTIwMDAwMDAwMDAwMH0sInNjaGVtYV92ZXJzaW9uIjoiMSJ9",
          "dependencies": [
            "google_compute_network.default"
          ]
        }
      ]
    },
    {
      "mode": "managed",
      "type": "google_compute_instance",
      "name": "gateway-server",
      "provider": "provider[\"registry.terraform.io/hashicorp/google\"]",
      "instances": [
        {
          "schema_version": 6,
          "attributes": {
            "advanced_machine_features": [],
            "allow_stopping_for_update": null,
            "attached_disk": [],
            "boot_disk": [
              {
                "auto_delete": true,
                "device_name": "persistent-disk-0",
                "disk_encryption_key_raw": "",
                "disk_encryption_key_sha256": "",
                "initialize_params": [
                  {
                    "enable_confidential_compute": false,
                    "image": "https://www.googleapis.com/compute/v1/projects/ubuntu-os-cloud/global/images/ubuntu-2004-focal-v20240307b",
                    "labels": {},
                    "provisioned_iops": 0,
                    "provisioned_throughput": 0,
                    "resource_manager_tags": null,
                    "size": 10,
                    "type": "pd-standard"
                  }
                ],
                "kms_key_self_link": "",
                "mode": "READ_WRITE",
                "source": "https://www.googleapis.com/compute/v1/projects/dataproject-419118/zones/europe-west9-a/disks/gateway-server"
              }
            ],
            "can_ip_forward": false,
            "confidential_instance_config": [],
            "cpu_platform": "Intel Broadwell",
            "current_status": "RUNNING",
            "deletion_protection": false,
            "description": "",
            "desired_status": null,
            "effective_labels": {},
            "enable_display": false,
            "guest_accelerator": [],
            "hostname": "",
            "id": "projects/dataproject-419118/zones/europe-west9-a/instances/gateway-server",
            "instance_id": "818843906152974654",
            "label_fingerprint": "42WmSpB8rSM=",
            "labels": null,
            "machine_type": "e2-standard-2",
            "metadata": null,
            "metadata_fingerprint": "aV0elYdag8g=",
            "metadata_startup_script": null,
            "min_cpu_platform": "",
            "name": "gateway-server",
            "network_interface": [
              {
                "access_config": [
                  {
                    "nat_ip": "34.155.151.81",
                    "network_tier": "PREMIUM",
                    "public_ptr_domain_name": ""
                  }
                ],
                "alias_ip_range": [],
                "internal_ipv6_prefix_length": 0,
                "ipv6_access_config": [],
                "ipv6_access_type": "",
                "ipv6_address": "",
                "name": "nic0",
                "network": "https://www.googleapis.com/compute/v1/projects/dataproject-419118/global/networks/sdtd-network",
                "network_ip": "192.168.7.30",
                "nic_type": "",
                "queue_count": 0,
                "stack_type": "IPV4_ONLY",
                "subnetwork": "https://www.googleapis.com/compute/v1/projects/dataproject-419118/regions/europe-west9/subnetworks/sdtd-sub-network",
                "subnetwork_project": "dataproject-419118"
              }
            ],
            "network_performance_config": [],
            "params": [],
            "project": "dataproject-419118",
            "reservation_affinity": [],
            "resource_policies": null,
            "scheduling": [
              {
                "automatic_restart": true,
                "instance_termination_action": "",
                "local_ssd_recovery_timeout": [],
                "min_node_cpus": 0,
                "node_affinities": [],
                "on_host_maintenance": "MIGRATE",
                "preemptible": false,
                "provisioning_model": "STANDARD"
              }
            ],
            "scratch_disk": [],
            "self_link": "https://www.googleapis.com/compute/v1/projects/dataproject-419118/zones/europe-west9-a/instances/gateway-server",
            "service_account": [],
            "shielded_instance_config": [
              {
                "enable_integrity_monitoring": true,
                "enable_secure_boot": false,
                "enable_vtpm": true
              }
            ],
            "tags": [
              "gateway"
            ],
            "tags_fingerprint": "UrM6jlsUTDs=",
            "terraform_labels": {},
            "timeouts": null,
            "zone": "europe-west9-a"
          },
          "sensitive_attributes": [],
          "private": "eyJlMmJmYjczMC1lY2FhLTExZTYtOGY4OC0zNDM2M2JjN2M0YzAiOnsiY3JlYXRlIjoxMjAwMDAwMDAwMDAwLCJkZWxldGUiOjEyMDAwMDAwMDAwMDAsInVwZGF0ZSI6MTIwMDAwMDAwMDAwMH0sInNjaGVtYV92ZXJzaW9uIjoiNiJ9",
          "dependencies": [
            "google_compute_address.gateway-public-ip",
            "google_compute_network.default",
            "google_compute_subnetwork.default",
            "local_sensitive_file.private_key",
            "tls_private_key.ssh"
          ]
        }
      ]
    },
    {
      "mode": "managed",
      "type": "google_compute_instance",
      "name": "master",
      "provider": "provider[\"registry.terraform.io/hashicorp/google\"]",
      "instances": [
        {
          "index_key": 0,
          "schema_version": 6,
          "attributes": {
            "advanced_machine_features": [],
            "allow_stopping_for_update": null,
            "attached_disk": [],
            "boot_disk": [
              {
                "auto_delete": true,
                "device_name": "persistent-disk-0",
                "disk_encryption_key_raw": "",
                "disk_encryption_key_sha256": "",
                "initialize_params": [
                  {
                    "enable_confidential_compute": false,
                    "image": "https://www.googleapis.com/compute/v1/projects/ubuntu-os-cloud/global/images/ubuntu-2004-focal-v20240307b",
                    "labels": {},
                    "provisioned_iops": 0,
                    "provisioned_throughput": 0,
                    "resource_manager_tags": null,
                    "size": 10,
                    "type": "pd-standard"
                  }
                ],
                "kms_key_self_link": "",
                "mode": "READ_WRITE",
                "source": "https://www.googleapis.com/compute/v1/projects/dataproject-419118/zones/europe-west9-a/disks/master-0"
              }
            ],
            "can_ip_forward": false,
            "confidential_instance_config": [],
            "cpu_platform": "Intel Broadwell",
            "current_status": "RUNNING",
            "deletion_protection": false,
            "description": "",
            "desired_status": null,
            "effective_labels": {},
            "enable_display": false,
            "guest_accelerator": [],
            "hostname": "",
            "id": "projects/dataproject-419118/zones/europe-west9-a/instances/master-0",
            "instance_id": "8725777903796472126",
            "label_fingerprint": "42WmSpB8rSM=",
            "labels": null,
            "machine_type": "e2-standard-2",
            "metadata": null,
            "metadata_fingerprint": "aV0elYdag8g=",
            "metadata_startup_script": null,
            "min_cpu_platform": "",
            "name": "master-0",
            "network_interface": [
              {
                "access_config": [],
                "alias_ip_range": [],
                "internal_ipv6_prefix_length": 0,
                "ipv6_access_config": [],
                "ipv6_access_type": "",
                "ipv6_address": "",
                "name": "nic0",
                "network": "https://www.googleapis.com/compute/v1/projects/dataproject-419118/global/networks/sdtd-network",
                "network_ip": "192.168.7.10",
                "nic_type": "",
                "queue_count": 0,
                "stack_type": "IPV4_ONLY",
                "subnetwork": "https://www.googleapis.com/compute/v1/projects/dataproject-419118/regions/europe-west9/subnetworks/sdtd-sub-network",
                "subnetwork_project": "dataproject-419118"
              }
            ],
            "network_performance_config": [],
            "params": [],
            "project": "dataproject-419118",
            "reservation_affinity": [],
            "resource_policies": null,
            "scheduling": [
              {
                "automatic_restart": true,
                "instance_termination_action": "",
                "local_ssd_recovery_timeout": [],
                "min_node_cpus": 0,
                "node_affinities": [],
                "on_host_maintenance": "MIGRATE",
                "preemptible": false,
                "provisioning_model": "STANDARD"
              }
            ],
            "scratch_disk": [],
            "self_link": "https://www.googleapis.com/compute/v1/projects/dataproject-419118/zones/europe-west9-a/instances/master-0",
            "service_account": [],
            "shielded_instance_config": [
              {
                "enable_integrity_monitoring": true,
                "enable_secure_boot": false,
                "enable_vtpm": true
              }
            ],
            "tags": [
              "master"
            ],
            "tags_fingerprint": "4y7qQ8dL1yM=",
            "terraform_labels": {},
            "timeouts": null,
            "zone": "europe-west9-a"
          },
          "sensitive_attributes": [],
          "private": "eyJlMmJmYjczMC1lY2FhLTExZTYtOGY4OC0zNDM2M2JjN2M0YzAiOnsiY3JlYXRlIjoxMjAwMDAwMDAwMDAwLCJkZWxldGUiOjEyMDAwMDAwMDAwMDAsInVwZGF0ZSI6MTIwMDAwMDAwMDAwMH0sInNjaGVtYV92ZXJzaW9uIjoiNiJ9",
          "dependencies": [
            "google_compute_network.default",
            "google_compute_subnetwork.default"
          ]
        }
      ]
    },
    {
      "mode": "managed",
      "type": "google_compute_instance",
      "name": "worker",
      "provider": "provider[\"registry.terraform.io/hashicorp/google\"]",
      "instances": [
        {
          "index_key": 0,
          "schema_version": 6,
          "attributes": {
            "advanced_machine_features": [],
            "allow_stopping_for_update": null,
            "attached_disk": [],
            "boot_disk": [
              {
                "auto_delete": true,
                "device_name": "persistent-disk-0",
                "disk_encryption_key_raw": "",
                "disk_encryption_key_sha256": "",
                "initialize_params": [
                  {
                    "enable_confidential_compute": false,
                    "image": "https://www.googleapis.com/compute/v1/projects/ubuntu-os-cloud/global/images/ubuntu-2004-focal-v20240307b",
                    "labels": {},
                    "provisioned_iops": 0,
                    "provisioned_throughput": 0,
                    "resource_manager_tags": null,
                    "size": 10,
                    "type": "pd-standard"
                  }
                ],
                "kms_key_self_link": "",
                "mode": "READ_WRITE",
                "source": "https://www.googleapis.com/compute/v1/projects/dataproject-419118/zones/europe-west9-a/disks/worker-0"
              }
            ],
            "can_ip_forward": false,
            "confidential_instance_config": [],
            "cpu_platform": "Intel Broadwell",
            "current_status": "RUNNING",
            "deletion_protection": false,
            "description": "",
            "desired_status": null,
            "effective_labels": {},
            "enable_display": false,
            "guest_accelerator": [],
            "hostname": "",
            "id": "projects/dataproject-419118/zones/europe-west9-a/instances/worker-0",
            "instance_id": "2245667634278156606",
            "label_fingerprint": "42WmSpB8rSM=",
            "labels": null,
            "machine_type": "e2-standard-2",
            "metadata": null,
            "metadata_fingerprint": "aV0elYdag8g=",
            "metadata_startup_script": null,
            "min_cpu_platform": "",
            "name": "worker-0",
            "network_interface": [
              {
                "access_config": [],
                "alias_ip_range": [],
                "internal_ipv6_prefix_length": 0,
                "ipv6_access_config": [],
                "ipv6_access_type": "",
                "ipv6_address": "",
                "name": "nic0",
                "network": "https://www.googleapis.com/compute/v1/projects/dataproject-419118/global/networks/sdtd-network",
                "network_ip": "192.168.7.20",
                "nic_type": "",
                "queue_count": 0,
                "stack_type": "IPV4_ONLY",
                "subnetwork": "https://www.googleapis.com/compute/v1/projects/dataproject-419118/regions/europe-west9/subnetworks/sdtd-sub-network",
                "subnetwork_project": "dataproject-419118"
              }
            ],
            "network_performance_config": [],
            "params": [],
            "project": "dataproject-419118",
            "reservation_affinity": [],
            "resource_policies": null,
            "scheduling": [
              {
                "automatic_restart": true,
                "instance_termination_action": "",
                "local_ssd_recovery_timeout": [],
                "min_node_cpus": 0,
                "node_affinities": [],
                "on_host_maintenance": "MIGRATE",
                "preemptible": false,
                "provisioning_model": "STANDARD"
              }
            ],
            "scratch_disk": [],
            "self_link": "https://www.googleapis.com/compute/v1/projects/dataproject-419118/zones/europe-west9-a/instances/worker-0",
            "service_account": [],
            "shielded_instance_config": [
              {
                "enable_integrity_monitoring": true,
                "enable_secure_boot": false,
                "enable_vtpm": true
              }
            ],
            "tags": [
              "worker"
            ],
            "tags_fingerprint": "uvqiNQvnefU=",
            "terraform_labels": {},
            "timeouts": null,
            "zone": "europe-west9-a"
          },
          "sensitive_attributes": [],
          "private": "eyJlMmJmYjczMC1lY2FhLTExZTYtOGY4OC0zNDM2M2JjN2M0YzAiOnsiY3JlYXRlIjoxMjAwMDAwMDAwMDAwLCJkZWxldGUiOjEyMDAwMDAwMDAwMDAsInVwZGF0ZSI6MTIwMDAwMDAwMDAwMH0sInNjaGVtYV92ZXJzaW9uIjoiNiJ9",
          "dependencies": [
            "google_compute_network.default",
            "google_compute_subnetwork.default"
          ]
        },
        {
          "index_key": 1,
          "schema_version": 6,
          "attributes": {
            "advanced_machine_features": [],
            "allow_stopping_for_update": null,
            "attached_disk": [],
            "boot_disk": [
              {
                "auto_delete": true,
                "device_name": "persistent-disk-0",
                "disk_encryption_key_raw": "",
                "disk_encryption_key_sha256": "",
                "initialize_params": [
                  {
                    "enable_confidential_compute": false,
                    "image": "https://www.googleapis.com/compute/v1/projects/ubuntu-os-cloud/global/images/ubuntu-2004-focal-v20240307b",
                    "labels": {},
                    "provisioned_iops": 0,
                    "provisioned_throughput": 0,
                    "resource_manager_tags": null,
                    "size": 10,
                    "type": "pd-standard"
                  }
                ],
                "kms_key_self_link": "",
                "mode": "READ_WRITE",
                "source": "https://www.googleapis.com/compute/v1/projects/dataproject-419118/zones/europe-west9-a/disks/worker-1"
              }
            ],
            "can_ip_forward": false,
            "confidential_instance_config": [],
            "cpu_platform": "Intel Broadwell",
            "current_status": "RUNNING",
            "deletion_protection": false,
            "description": "",
            "desired_status": null,
            "effective_labels": {},
            "enable_display": false,
            "guest_accelerator": [],
            "hostname": "",
            "id": "projects/dataproject-419118/zones/europe-west9-a/instances/worker-1",
            "instance_id": "8938217285588207934",
            "label_fingerprint": "42WmSpB8rSM=",
            "labels": null,
            "machine_type": "e2-standard-2",
            "metadata": null,
            "metadata_fingerprint": "aV0elYdag8g=",
            "metadata_startup_script": null,
            "min_cpu_platform": "",
            "name": "worker-1",
            "network_interface": [
              {
                "access_config": [],
                "alias_ip_range": [],
                "internal_ipv6_prefix_length": 0,
                "ipv6_access_config": [],
                "ipv6_access_type": "",
                "ipv6_address": "",
                "name": "nic0",
                "network": "https://www.googleapis.com/compute/v1/projects/dataproject-419118/global/networks/sdtd-network",
                "network_ip": "192.168.7.21",
                "nic_type": "",
                "queue_count": 0,
                "stack_type": "IPV4_ONLY",
                "subnetwork": "https://www.googleapis.com/compute/v1/projects/dataproject-419118/regions/europe-west9/subnetworks/sdtd-sub-network",
                "subnetwork_project": "dataproject-419118"
              }
            ],
            "network_performance_config": [],
            "params": [],
            "project": "dataproject-419118",
            "reservation_affinity": [],
            "resource_policies": null,
            "scheduling": [
              {
                "automatic_restart": true,
                "instance_termination_action": "",
                "local_ssd_recovery_timeout": [],
                "min_node_cpus": 0,
                "node_affinities": [],
                "on_host_maintenance": "MIGRATE",
                "preemptible": false,
                "provisioning_model": "STANDARD"
              }
            ],
            "scratch_disk": [],
            "self_link": "https://www.googleapis.com/compute/v1/projects/dataproject-419118/zones/europe-west9-a/instances/worker-1",
            "service_account": [],
            "shielded_instance_config": [
              {
                "enable_integrity_monitoring": true,
                "enable_secure_boot": false,
                "enable_vtpm": true
              }
            ],
            "tags": [
              "worker"
            ],
            "tags_fingerprint": "uvqiNQvnefU=",
            "terraform_labels": {},
            "timeouts": null,
            "zone": "europe-west9-a"
          },
          "sensitive_attributes": [],
          "private": "eyJlMmJmYjczMC1lY2FhLTExZTYtOGY4OC0zNDM2M2JjN2M0YzAiOnsiY3JlYXRlIjoxMjAwMDAwMDAwMDAwLCJkZWxldGUiOjEyMDAwMDAwMDAwMDAsInVwZGF0ZSI6MTIwMDAwMDAwMDAwMH0sInNjaGVtYV92ZXJzaW9uIjoiNiJ9",
          "dependencies": [
            "google_compute_network.default",
            "google_compute_subnetwork.default"
          ]
        }
      ]
    },
    {
      "mode": "managed",
      "type": "google_compute_network",
      "name": "default",
      "provider": "provider[\"registry.terraform.io/hashicorp/google\"]",
      "instances": [
        {
          "schema_version": 0,
          "attributes": {
            "auto_create_subnetworks": false,
            "delete_default_routes_on_create": false,
            "description": "",
            "enable_ula_internal_ipv6": false,
            "gateway_ipv4": "",
            "id": "projects/dataproject-419118/global/networks/sdtd-network",
            "internal_ipv6_range": "",
            "mtu": 0,
            "name": "sdtd-network",
            "network_firewall_policy_enforcement_order": "AFTER_CLASSIC_FIREWALL",
            "numeric_id": "7794552152763779392",
            "project": "dataproject-419118",
            "routing_mode": "REGIONAL",
            "self_link": "https://www.googleapis.com/compute/v1/projects/dataproject-419118/global/networks/sdtd-network",
            "timeouts": null
          },
          "sensitive_attributes": [],
          "private": "eyJlMmJmYjczMC1lY2FhLTExZTYtOGY4OC0zNDM2M2JjN2M0YzAiOnsiY3JlYXRlIjoxMjAwMDAwMDAwMDAwLCJkZWxldGUiOjEyMDAwMDAwMDAwMDAsInVwZGF0ZSI6MTIwMDAwMDAwMDAwMH19"
        }
      ]
    },
    {
      "mode": "managed",
      "type": "google_compute_project_metadata",
      "name": "default",
      "provider": "provider[\"registry.terraform.io/hashicorp/google\"]",
      "instances": [
        {
          "schema_version": 0,
          "attributes": {
            "id": "dataproject-419118",
            "metadata": {
              "ssh-keys": "root:ssh-rsa AAAAB3NzaC1yc2EAAAADAQABAAACAQDO1bfnNBtDl+JlUuQC48viByJGn0ZFLGP4PScT/4yhQH6d4r0u3dW5D5Ucb7rnehT8/EmxG2UrE/bVQEQsT8i3eLeQnRikqcAzQDql4PmJ9IQmD/zxIKYqPzDdFD4fvR/B/lCBkIvj1LEGGgB/mojirJvL/qrk0EhDCUyLaY1+Td27W+RDmfxjsQNekHrNBHoddDzuIgxas10M8PlvDgFFDFFB6nDZTZieTyTP4AqJZ46T9KzYoK05eBARmZmhRJGFymusMTrHWK6usgV0uzQO0talmNHjsugW2ubSA7Ek5Cg9E9V1lqYH4xxvRbyUJCiDAGFhMR8t41sOrnfQykLM3JrLGuyH3ESmkZ4+PuUKe0PJ28KV0uT1nGfLOiMTcf05PSpI6gSv0ZeK2cVaeA3//ZLMZ6IyXMeHSWiBCAj/y7hmxsxzSngQV7uqkVt+2r3VKm4Osx+KEOJ21EgTN1/n+wzWRNYWX0P3hAEM7Idc114ltHY+XIZNKKV1ODIsI+ymMjr6mR9L7dUlVTYDTwrWQI2EduqzC3COrSsyqvdwyVTJQDGMbtuEfG48/rn5wTAJNVWwo25r9k9UIC/dO2L3fZH5TZ2cYNbMARX64ZHbdJXdQpqrV0ByrN0d20yf+Z408Vg3JxdS0Y6iJMPTUT0q/oFQtnFck6W4lJA8LZvyQQ==\n"
            },
            "project": "dataproject-419118",
            "timeouts": null
          },
          "sensitive_attributes": [],
          "private": "eyJlMmJmYjczMC1lY2FhLTExZTYtOGY4OC0zNDM2M2JjN2M0YzAiOnsiY3JlYXRlIjoyNDAwMDAwMDAwMDAsImRlbGV0ZSI6MjQwMDAwMDAwMDAwfX0=",
          "dependencies": [
            "tls_private_key.ssh"
          ]
        }
      ]
    },
    {
      "mode": "managed",
      "type": "google_compute_router",
      "name": "nat_router",
      "provider": "provider[\"registry.terraform.io/hashicorp/google\"]",
      "instances": [
        {
          "schema_version": 0,
          "attributes": {
            "bgp": [
              {
                "advertise_mode": "DEFAULT",
                "advertised_groups": null,
                "advertised_ip_ranges": [],
                "asn": 64514,
                "keepalive_interval": 20
              }
            ],
            "creation_timestamp": "2024-04-05T15:14:19.292-07:00",
            "description": "",
            "encrypted_interconnect_router": false,
            "id": "projects/dataproject-419118/regions/europe-west9/routers/nat-router",
            "name": "nat-router",
            "network": "https://www.googleapis.com/compute/v1/projects/dataproject-419118/global/networks/sdtd-network",
            "project": "dataproject-419118",
            "region": "europe-west9",
            "self_link": "https://www.googleapis.com/compute/v1/projects/dataproject-419118/regions/europe-west9/routers/nat-router",
            "timeouts": null
          },
          "sensitive_attributes": [],
          "private": "eyJlMmJmYjczMC1lY2FhLTExZTYtOGY4OC0zNDM2M2JjN2M0YzAiOnsiY3JlYXRlIjoxMjAwMDAwMDAwMDAwLCJkZWxldGUiOjEyMDAwMDAwMDAwMDAsInVwZGF0ZSI6MTIwMDAwMDAwMDAwMH19",
          "dependencies": [
            "google_compute_network.default"
          ]
        }
      ]
    },
    {
      "mode": "managed",
      "type": "google_compute_router_nat",
      "name": "nat_gateway",
      "provider": "provider[\"registry.terraform.io/hashicorp/google\"]",
      "instances": [
        {
          "schema_version": 0,
          "attributes": {
            "drain_nat_ips": null,
            "enable_dynamic_port_allocation": false,
            "enable_endpoint_independent_mapping": false,
            "icmp_idle_timeout_sec": 30,
            "id": "dataproject-419118/europe-west9/nat-router/nat-gateway",
            "log_config": [],
            "max_ports_per_vm": 0,
            "min_ports_per_vm": 0,
            "name": "nat-gateway",
            "nat_ip_allocate_option": "AUTO_ONLY",
            "nat_ips": null,
            "project": "dataproject-419118",
            "region": "europe-west9",
            "router": "nat-router",
            "rules": [],
            "source_subnetwork_ip_ranges_to_nat": "ALL_SUBNETWORKS_ALL_IP_RANGES",
            "subnetwork": [],
            "tcp_established_idle_timeout_sec": 1200,
            "tcp_time_wait_timeout_sec": 120,
            "tcp_transitory_idle_timeout_sec": 30,
            "timeouts": null,
            "udp_idle_timeout_sec": 30
          },
          "sensitive_attributes": [],
          "private": "eyJlMmJmYjczMC1lY2FhLTExZTYtOGY4OC0zNDM2M2JjN2M0YzAiOnsiY3JlYXRlIjoxMjAwMDAwMDAwMDAwLCJkZWxldGUiOjEyMDAwMDAwMDAwMDAsInVwZGF0ZSI6MTIwMDAwMDAwMDAwMH19",
          "dependencies": [
            "google_compute_network.default",
            "google_compute_router.nat_router"
          ]
        }
      ]
    },
    {
      "mode": "managed",
      "type": "google_compute_subnetwork",
      "name": "default",
      "provider": "provider[\"registry.terraform.io/hashicorp/google\"]",
      "instances": [
        {
          "schema_version": 0,
          "attributes": {
            "creation_timestamp": "2024-04-05T15:14:19.643-07:00",
            "description": "",
            "external_ipv6_prefix": "",
            "fingerprint": null,
            "gateway_address": "192.168.7.1",
            "id": "projects/dataproject-419118/regions/europe-west9/subnetworks/sdtd-sub-network",
            "internal_ipv6_prefix": "",
            "ip_cidr_range": "192.168.7.0/24",
            "ipv6_access_type": "",
            "ipv6_cidr_range": "",
            "log_config": [],
            "name": "sdtd-sub-network",
            "network": "https://www.googleapis.com/compute/v1/projects/dataproject-419118/global/networks/sdtd-network",
            "private_ip_google_access": false,
            "private_ipv6_google_access": "DISABLE_GOOGLE_ACCESS",
            "project": "dataproject-419118",
            "purpose": "PRIVATE",
            "region": "europe-west9",
            "role": "",
            "secondary_ip_range": [],
            "self_link": "https://www.googleapis.com/compute/v1/projects/dataproject-419118/regions/europe-west9/subnetworks/sdtd-sub-network",
            "stack_type": "IPV4_ONLY",
            "timeouts": null
          },
          "sensitive_attributes": [],
          "private": "eyJlMmJmYjczMC1lY2FhLTExZTYtOGY4OC0zNDM2M2JjN2M0YzAiOnsiY3JlYXRlIjoxMjAwMDAwMDAwMDAwLCJkZWxldGUiOjEyMDAwMDAwMDAwMDAsInVwZGF0ZSI6MTIwMDAwMDAwMDAwMH19",
          "dependencies": [
            "google_compute_network.default"
          ]
        }
      ]
    },
    {
      "mode": "managed",
      "type": "local_sensitive_file",
      "name": "private_key",
      "provider": "provider[\"registry.terraform.io/hashicorp/local\"]",
      "instances": [
        {
          "schema_version": 0,
          "attributes": {
            "content": "-----BEGIN RSA PRIVATE KEY-----\nMIIJKgIBAAKCAgEAztW35zQbQ5fiZVLkAuPL4gciRp9GRSxj+D0nE/+MoUB+neK9\nLt3VuQ+VHG+653oU/PxJsRtlKxP21UBELE/It3i3kJ0YpKnAM0A6peD5ifSEJg/8\n8SCmKj8w3RQ+H70fwf5QgZCL49SxBhoAf5qI4qyby/6q5NBIQwlMi2mNfk3du1vk\nQ5n8Y7EDXpB6zQR6HXQ87iIMWrNdDPD5bw4BRQxRQepw2U2Ynk8kz+AKiWeOk/Ss\n2KCtOXgQEZmZoUSRhcprrDE6x1iurrIFdLs0DtLWpZjR47LoFtrm0gOxJOQoPRPV\ndZamB+Mcb0W8lCQogwBhYTEfLeNbDq530MpCzNyayxrsh9xEppGePj7lCntDydvC\nldLk9ZxnyzojE3H9OT0qSOoEr9GXitnFWngN//2SzGeiMlzHh0logQgI/8u4ZsbM\nc0p4EFe7qpFbftq91SpuDrMfihDidtRIEzdf5/sM1kTWFl9D94QBDOyHXNdeJbR2\nPlyGTSildTgyLCPspjI6+pkfS+3VJVU2A08K1kCNhHbqswtwjq0rMqr3cMlUyUAx\njG7bhHxuPP65+cEwCTVVsKNua/ZPVCAv3Tti932R+U2dnGDWzAEV+uGR23SV3UKa\nq1dAcqzdHdtMn/meNPFYNycXUtGOoiTD01E9Kv6BULZxXJOluJSQPC2b8kECAwEA\nAQKCAgEAgZnm/wdmYgdEw+qZlrn4IewIbSoWFPgIuB5RYzWIf+3yqKnPkxNLfQcn\njsbv3WVgy1imMESTMtfynZMEZKOliFkq5IGbVGpNVY/Ub+Y1Vl0RhOwVuV2U4Pnx\ne0XY23hc8uiQt27ESQEX31PhphNF3Ir9oGg12uQrs12bSevczhyqaGDe+gD95dWf\n39w2Jkq83cHc//Xzuc2T66z/Drg+0W4zaFMnXPJDREchMOQYlhp+e3Uf7SlZAZ6a\nqvyNCED30laQ+zdptkl6Q1qnEorOxs8T0nWcZsnOpauKYGQR1qTkFclcwq6f4GdN\nhOe0jzrM67EMU6M8/zrr7poh14E1Mxm4tWmKHjL3sWSN06icNuUcCHiNiH24BGbD\nrgMy/lZqgr7g1oNXCmwByqq7c7Bm2Mqrs7EadOPNtYtUzkD8jKZ4C9/a94vwfhvX\nDdVgzm5Ts0Rg/vAsualwfryZE2U0/TU/niz4P2wD4cVqhcb6tzzlq6rGTfeRzXw8\n9NnNz4TYXoKSW+jAD9pgrMWWlzVnos1N7gD6miAGb1U1Hu0xGTBe3iLlItf4SCk7\ngzLriBOLBQabb1YVkxHcyh20q5HpZhBBGSANbLhN8llN7uGCiFXxQJeVZ6vZDYWw\nPsAcUwD2G1xKU9ioUuMhQ9dizFT1surZbnBul0XPh1Z9rLluWwECggEBANefnIha\n+PMIP7fjO6jx9ikBdLWjKZlyHhA2/zwn+nqO7Yu3+R81O08CPNM4ppJDWcCJPggE\nFDupWLD1MJDwCMguvXKf6aqsmcj7n7eUZXQA9glcoV+e9VjswbTHUxiHksGh/zEY\nuEG1QjhzMF7sDmSA8bkyBVHOBOMu0QdcbXgyx9c2zqJ6jZsKCozwR3RSGdJvOgLB\nn7mXqfyzOz1pjlsOHclRViI04bcpP1js54vzdBd+T0kqq0NjxQPygVIn9fit/1ad\nS/PAdMHy40x1kHXJYCT/7sDRDt5SNw8qNARs3Xv3pjaHhMcE6aOdgpBaCJuhAfIA\nvXwvAe52KdvMn5ECggEBAPWQzcTmFKlTUNYulmXZP6oYzd+PUrgu2/gJ5EfV0iui\nrduagy8zFrTdkLnwY2emLERA1LgqK9SCsnnW19A1M3cJjNo4Bj4p3uztLcCVApPn\nBbeeNTs91y2umeeduep25IForJ6phbZZ83V7eei9HLdSBmoOwvBtGx464ap5qPwb\nsmMqO9DdlNuznSixFCJlJic7o4BE9aeC+uWqurNOeDzQo0/ON1POifmE0xENhLhe\nX6GJ0STe72n23IcKz9dri045MW8olMPfhWB2Xwi2Kw/LmAwxXiDR0QWvFlko9Emr\nU7DQdbDeIcR3diIQfe06yQ/RdNoQyA8i5WqUUCd2L7ECggEBALa1lCFi3OKrEbsT\nPKGK7iiPCENFj+FrdpgM0jg6NCAX7qfe66ULKUdowPvGXDdCBNKGON73/eEUPYgt\nK8sU6oweNv/jC1BJU0KgHRWlFFa43cLPEBsDiiig7f7ui7YUY0HasG/8310mZ4eH\n6+vzILr/HFTuUt2fsjqDmDIhms0oUnhGA9BgAo/mcUw96n5hd2n+P+zH/z13i14K\nzd7bC/qSOqE1X8Q6hSz8MaZ7kDThxXSG3k5Ebrz61J3kprpkDCR95AiT3yEb6pPR\n6dMHJ7L3QZX4nGoce/ndNrSN8Wfyi7cZAWnhaZxuyD+RH2qMMBEX3JshD28kMgHL\ndOrAOFECggEAW/32B8gFf3U1uDbVoqvi/K60GQbQ/yyWvPG/seV5CV208aqNcFYc\nMH88I1vZcU/AD4WV6rPpnX+kqp4AVQBJGlPajzkjpY/78hfb5uQrhgqqiqHa4SmG\nfZeGEk11A0+sxInY+MsayzghSyaJgdWud0JkIsEK6BSHbyixtzJCSsd5aUq+A72u\ncSt1OXQ0zbnEtDfURU4QFMOth/IQZPGFe4rRUyk2cs/Rwkau5xmAWa0I+DPvxHc7\nix+ud2xmdhXUpuYoDbNPH52RkpRlf5b2xMEJYa/wyiyvuAhiP95mvV5QSNGe9TYR\nwk7aU2KIOiGmhqV5t+NHftwcw3NyH4ZX0QKCAQEA1tB3A3cjNnAJ5bIF/0N19n6w\n8bjTjico2ehGRC2G3t6cAXOKzBxKTsDu++cj/ercm/RIf378wI5sg5EFvw3QOPR3\nIHg/KXsWf0onG0FiR+qyWBUGXR8MJapovmV0KMQoUcNURKMyr/XZI2VHZqW8NK/z\n3FegvChxPwqdE5ZV3FUwiiqWbZhBRbgVoQPQyWMohR3e76ah5m6fTho58XiRwCHe\nMQKQMJdA6T8VzDtfqNGEadL0QxWELVOqwWmttXS60vBN0O2jtvXegC+dXCizbIzS\nI4gTcOJDPhp/oVCNREuOfr2sG5nLdXBkwzO14FEFFJtAJG3L8UUQJESVRmPhfw==\n-----END RSA PRIVATE KEY-----\n",
            "content_base64": null,
            "content_base64sha256": "8s/wbO/mMIS7c5olA/SHT5M86TqdkpO9ao/xs0h28/U=",
            "content_base64sha512": "u/1nLj+/gdwGWcbn4EOsqLDlWtUtTyxH6c1FyFnSc8lsimB9NvKHIegJxHN0tObov0yAAKY9EvNFs3V+bdMU0w==",
            "content_md5": "e71fdd7fbb7b536f6327e913a06096b6",
            "content_sha1": "9a1c468799269dd7c33def87788b5568d7e92786",
            "content_sha256": "f2cff06cefe63084bb739a2503f4874f933ce93a9d9293bd6a8ff1b34876f3f5",
            "content_sha512": "bbfd672e3fbf81dc0659c6e7e043aca8b0e55ad52d4f2c47e9cd45c859d273c96c8a607d36f28721e809c47374b4e6e8bf4c8000a63d12f345b3757e6dd314d3",
            "directory_permission": "0700",
            "file_permission": "0600",
            "filename": "./id_rsa",
            "id": "9a1c468799269dd7c33def87788b5568d7e92786",
            "source": null
          },
          "sensitive_attributes": [
            [
              {
                "type": "get_attr",
                "value": "content"
              }
            ]
          ],
          "dependencies": [
            "tls_private_key.ssh"
          ]
        }
      ]
    },
    {
      "mode": "managed",
      "type": "tls_private_key",
      "name": "ssh",
      "provider": "provider[\"registry.terraform.io/hashicorp/tls\"]",
      "instances": [
        {
          "schema_version": 1,
          "attributes": {
            "algorithm": "RSA",
            "ecdsa_curve": "P224",
            "id": "ed67a0643ee9ddd84bc33c996daa38e50fd46225",
            "private_key_openssh": "-----BEGIN OPENSSH PRIVATE KEY-----\nb3BlbnNzaC1rZXktdjEAAAAABG5vbmUAAAAEbm9uZQAAAAAAAAABAAACFwAAAAdz\nc2gtcnNhAAAAAwEAAQAAAgEAztW35zQbQ5fiZVLkAuPL4gciRp9GRSxj+D0nE/+M\noUB+neK9Lt3VuQ+VHG+653oU/PxJsRtlKxP21UBELE/It3i3kJ0YpKnAM0A6peD5\nifSEJg/88SCmKj8w3RQ+H70fwf5QgZCL49SxBhoAf5qI4qyby/6q5NBIQwlMi2mN\nfk3du1vkQ5n8Y7EDXpB6zQR6HXQ87iIMWrNdDPD5bw4BRQxRQepw2U2Ynk8kz+AK\niWeOk/Ss2KCtOXgQEZmZoUSRhcprrDE6x1iurrIFdLs0DtLWpZjR47LoFtrm0gOx\nJOQoPRPVdZamB+Mcb0W8lCQogwBhYTEfLeNbDq530MpCzNyayxrsh9xEppGePj7l\nCntDydvCldLk9ZxnyzojE3H9OT0qSOoEr9GXitnFWngN//2SzGeiMlzHh0logQgI\n/8u4ZsbMc0p4EFe7qpFbftq91SpuDrMfihDidtRIEzdf5/sM1kTWFl9D94QBDOyH\nXNdeJbR2PlyGTSildTgyLCPspjI6+pkfS+3VJVU2A08K1kCNhHbqswtwjq0rMqr3\ncMlUyUAxjG7bhHxuPP65+cEwCTVVsKNua/ZPVCAv3Tti932R+U2dnGDWzAEV+uGR\n23SV3UKaq1dAcqzdHdtMn/meNPFYNycXUtGOoiTD01E9Kv6BULZxXJOluJSQPC2b\n8kEAAAc4SPjJj0j4yY8AAAAHc3NoLXJzYQAAAgEAztW35zQbQ5fiZVLkAuPL4gci\nRp9GRSxj+D0nE/+MoUB+neK9Lt3VuQ+VHG+653oU/PxJsRtlKxP21UBELE/It3i3\nkJ0YpKnAM0A6peD5ifSEJg/88SCmKj8w3RQ+H70fwf5QgZCL49SxBhoAf5qI4qyb\ny/6q5NBIQwlMi2mNfk3du1vkQ5n8Y7EDXpB6zQR6HXQ87iIMWrNdDPD5bw4BRQxR\nQepw2U2Ynk8kz+AKiWeOk/Ss2KCtOXgQEZmZoUSRhcprrDE6x1iurrIFdLs0DtLW\npZjR47LoFtrm0gOxJOQoPRPVdZamB+Mcb0W8lCQogwBhYTEfLeNbDq530MpCzNya\nyxrsh9xEppGePj7lCntDydvCldLk9ZxnyzojE3H9OT0qSOoEr9GXitnFWngN//2S\nzGeiMlzHh0logQgI/8u4ZsbMc0p4EFe7qpFbftq91SpuDrMfihDidtRIEzdf5/sM\n1kTWFl9D94QBDOyHXNdeJbR2PlyGTSildTgyLCPspjI6+pkfS+3VJVU2A08K1kCN\nhHbqswtwjq0rMqr3cMlUyUAxjG7bhHxuPP65+cEwCTVVsKNua/ZPVCAv3Tti932R\n+U2dnGDWzAEV+uGR23SV3UKaq1dAcqzdHdtMn/meNPFYNycXUtGOoiTD01E9Kv6B\nULZxXJOluJSQPC2b8kEAAAADAQABAAACAQCBmeb/B2ZiB0TD6pmWufgh7AhtKhYU\n+Ai4HlFjNYh/7fKoqc+TE0t9ByeOxu/dZWDLWKYwRJMy1/KdkwRko6WIWSrkgZtU\nak1Vj9Rv5jVWXRGE7BW5XZTg+fF7RdjbeFzy6JC3bsRJARffU+GmE0Xciv2gaDXa\n5CuzXZtJ69zOHKpoYN76AP3l1Z/f3DYmSrzdwdz/9fO5zZPrrP8OuD7RbjNoUydc\n8kNERyEw5BiWGn57dR/tKVkBnpqq/I0IQPfSVpD7N2m2SXpDWqcSis7GzxPSdZxm\nyc6lq4pgZBHWpOQVyVzCrp/gZ02E57SPOszrsQxTozz/OuvumiHXgTUzGbi1aYoe\nMvexZI3TqJw25RwIeI2IfbgEZsOuAzL+VmqCvuDWg1cKbAHKqrtzsGbYyquzsRp0\n4821i1TOQPyMpngL39r3i/B+G9cN1WDOblOzRGD+8Cy5qXB+vJkTZTT9NT+eLPg/\nbAPhxWqFxvq3POWrqsZN95HNfDz02c3PhNhegpJb6MAP2mCsxZaXNWeizU3uAPqa\nIAZvVTUe7TEZMF7eIuUi1/hIKTuDMuuIE4sFBptvVhWTEdzKHbSrkelmEEEZIA1s\nuE3yWU3u4YKIVfFAl5Vnq9kNhbA+wBxTAPYbXEpT2KhS4yFD12LMVPWy6tlucG6X\nRc+HVn2suW5bAQAAAQEA1tB3A3cjNnAJ5bIF/0N19n6w8bjTjico2ehGRC2G3t6c\nAXOKzBxKTsDu++cj/ercm/RIf378wI5sg5EFvw3QOPR3IHg/KXsWf0onG0FiR+qy\nWBUGXR8MJapovmV0KMQoUcNURKMyr/XZI2VHZqW8NK/z3FegvChxPwqdE5ZV3FUw\niiqWbZhBRbgVoQPQyWMohR3e76ah5m6fTho58XiRwCHeMQKQMJdA6T8VzDtfqNGE\nadL0QxWELVOqwWmttXS60vBN0O2jtvXegC+dXCizbIzSI4gTcOJDPhp/oVCNREuO\nfr2sG5nLdXBkwzO14FEFFJtAJG3L8UUQJESVRmPhfwAAAQEA15+ciFr48wg/t+M7\nqPH2KQF0taMpmXIeEDb/PCf6eo7ti7f5HzU7TwI80zimkkNZwIk+CAQUO6lYsPUw\nkPAIyC69cp/pqqyZyPuft5RldAD2CVyhX571WOzBtMdTGIeSwaH/MRi4QbVCOHMw\nXuwOZIDxuTIFUc4E4y7RB1xteDLH1zbOonqNmwoKjPBHdFIZ0m86AsGfuZep/LM7\nPWmOWw4dyVFWIjThtyk/WOzni/N0F35PSSqrQ2PFA/KBUif1+K3/Vp1L88B0wfLj\nTHWQdclgJP/uwNEO3lI3Dyo0BGzde/emNoeExwTpo52CkFoIm6EB8gC9fC8B7nYp\n28yfkQAAAQEA9ZDNxOYUqVNQ1i6WZdk/qhjN349SuC7b+AnkR9XSK6Kt25qDLzMW\ntN2QufBjZ6YsREDUuCor1IKyedbX0DUzdwmM2jgGPine7O0twJUCk+cFt541Oz3X\nLa6Z55256nbkgWisnqmFtlnzdXt56L0ct1IGag7C8G0bHjrhqnmo/BuyYyo70N2U\n27OdKLEUImUmJzujgET1p4L65aq6s054PNCjT843U86J+YTTEQ2EuF5foYnRJN7v\nafbchwrP12uLTjkxbyiUw9+FYHZfCLYrD8uYDDFeINHRBa8WWSj0SatTsNB1sN4h\nxHd2IhB97TrJD9F02hDIDyLlapRQJ3YvsQAAAAAB\n-----END OPENSSH PRIVATE KEY-----\n",
            "private_key_pem": "-----BEGIN RSA PRIVATE KEY-----\nMIIJKgIBAAKCAgEAztW35zQbQ5fiZVLkAuPL4gciRp9GRSxj+D0nE/+MoUB+neK9\nLt3VuQ+VHG+653oU/PxJsRtlKxP21UBELE/It3i3kJ0YpKnAM0A6peD5ifSEJg/8\n8SCmKj8w3RQ+H70fwf5QgZCL49SxBhoAf5qI4qyby/6q5NBIQwlMi2mNfk3du1vk\nQ5n8Y7EDXpB6zQR6HXQ87iIMWrNdDPD5bw4BRQxRQepw2U2Ynk8kz+AKiWeOk/Ss\n2KCtOXgQEZmZoUSRhcprrDE6x1iurrIFdLs0DtLWpZjR47LoFtrm0gOxJOQoPRPV\ndZamB+Mcb0W8lCQogwBhYTEfLeNbDq530MpCzNyayxrsh9xEppGePj7lCntDydvC\nldLk9ZxnyzojE3H9OT0qSOoEr9GXitnFWngN//2SzGeiMlzHh0logQgI/8u4ZsbM\nc0p4EFe7qpFbftq91SpuDrMfihDidtRIEzdf5/sM1kTWFl9D94QBDOyHXNdeJbR2\nPlyGTSildTgyLCPspjI6+pkfS+3VJVU2A08K1kCNhHbqswtwjq0rMqr3cMlUyUAx\njG7bhHxuPP65+cEwCTVVsKNua/ZPVCAv3Tti932R+U2dnGDWzAEV+uGR23SV3UKa\nq1dAcqzdHdtMn/meNPFYNycXUtGOoiTD01E9Kv6BULZxXJOluJSQPC2b8kECAwEA\nAQKCAgEAgZnm/wdmYgdEw+qZlrn4IewIbSoWFPgIuB5RYzWIf+3yqKnPkxNLfQcn\njsbv3WVgy1imMESTMtfynZMEZKOliFkq5IGbVGpNVY/Ub+Y1Vl0RhOwVuV2U4Pnx\ne0XY23hc8uiQt27ESQEX31PhphNF3Ir9oGg12uQrs12bSevczhyqaGDe+gD95dWf\n39w2Jkq83cHc//Xzuc2T66z/Drg+0W4zaFMnXPJDREchMOQYlhp+e3Uf7SlZAZ6a\nqvyNCED30laQ+zdptkl6Q1qnEorOxs8T0nWcZsnOpauKYGQR1qTkFclcwq6f4GdN\nhOe0jzrM67EMU6M8/zrr7poh14E1Mxm4tWmKHjL3sWSN06icNuUcCHiNiH24BGbD\nrgMy/lZqgr7g1oNXCmwByqq7c7Bm2Mqrs7EadOPNtYtUzkD8jKZ4C9/a94vwfhvX\nDdVgzm5Ts0Rg/vAsualwfryZE2U0/TU/niz4P2wD4cVqhcb6tzzlq6rGTfeRzXw8\n9NnNz4TYXoKSW+jAD9pgrMWWlzVnos1N7gD6miAGb1U1Hu0xGTBe3iLlItf4SCk7\ngzLriBOLBQabb1YVkxHcyh20q5HpZhBBGSANbLhN8llN7uGCiFXxQJeVZ6vZDYWw\nPsAcUwD2G1xKU9ioUuMhQ9dizFT1surZbnBul0XPh1Z9rLluWwECggEBANefnIha\n+PMIP7fjO6jx9ikBdLWjKZlyHhA2/zwn+nqO7Yu3+R81O08CPNM4ppJDWcCJPggE\nFDupWLD1MJDwCMguvXKf6aqsmcj7n7eUZXQA9glcoV+e9VjswbTHUxiHksGh/zEY\nuEG1QjhzMF7sDmSA8bkyBVHOBOMu0QdcbXgyx9c2zqJ6jZsKCozwR3RSGdJvOgLB\nn7mXqfyzOz1pjlsOHclRViI04bcpP1js54vzdBd+T0kqq0NjxQPygVIn9fit/1ad\nS/PAdMHy40x1kHXJYCT/7sDRDt5SNw8qNARs3Xv3pjaHhMcE6aOdgpBaCJuhAfIA\nvXwvAe52KdvMn5ECggEBAPWQzcTmFKlTUNYulmXZP6oYzd+PUrgu2/gJ5EfV0iui\nrduagy8zFrTdkLnwY2emLERA1LgqK9SCsnnW19A1M3cJjNo4Bj4p3uztLcCVApPn\nBbeeNTs91y2umeeduep25IForJ6phbZZ83V7eei9HLdSBmoOwvBtGx464ap5qPwb\nsmMqO9DdlNuznSixFCJlJic7o4BE9aeC+uWqurNOeDzQo0/ON1POifmE0xENhLhe\nX6GJ0STe72n23IcKz9dri045MW8olMPfhWB2Xwi2Kw/LmAwxXiDR0QWvFlko9Emr\nU7DQdbDeIcR3diIQfe06yQ/RdNoQyA8i5WqUUCd2L7ECggEBALa1lCFi3OKrEbsT\nPKGK7iiPCENFj+FrdpgM0jg6NCAX7qfe66ULKUdowPvGXDdCBNKGON73/eEUPYgt\nK8sU6oweNv/jC1BJU0KgHRWlFFa43cLPEBsDiiig7f7ui7YUY0HasG/8310mZ4eH\n6+vzILr/HFTuUt2fsjqDmDIhms0oUnhGA9BgAo/mcUw96n5hd2n+P+zH/z13i14K\nzd7bC/qSOqE1X8Q6hSz8MaZ7kDThxXSG3k5Ebrz61J3kprpkDCR95AiT3yEb6pPR\n6dMHJ7L3QZX4nGoce/ndNrSN8Wfyi7cZAWnhaZxuyD+RH2qMMBEX3JshD28kMgHL\ndOrAOFECggEAW/32B8gFf3U1uDbVoqvi/K60GQbQ/yyWvPG/seV5CV208aqNcFYc\nMH88I1vZcU/AD4WV6rPpnX+kqp4AVQBJGlPajzkjpY/78hfb5uQrhgqqiqHa4SmG\nfZeGEk11A0+sxInY+MsayzghSyaJgdWud0JkIsEK6BSHbyixtzJCSsd5aUq+A72u\ncSt1OXQ0zbnEtDfURU4QFMOth/IQZPGFe4rRUyk2cs/Rwkau5xmAWa0I+DPvxHc7\nix+ud2xmdhXUpuYoDbNPH52RkpRlf5b2xMEJYa/wyiyvuAhiP95mvV5QSNGe9TYR\nwk7aU2KIOiGmhqV5t+NHftwcw3NyH4ZX0QKCAQEA1tB3A3cjNnAJ5bIF/0N19n6w\n8bjTjico2ehGRC2G3t6cAXOKzBxKTsDu++cj/ercm/RIf378wI5sg5EFvw3QOPR3\nIHg/KXsWf0onG0FiR+qyWBUGXR8MJapovmV0KMQoUcNURKMyr/XZI2VHZqW8NK/z\n3FegvChxPwqdE5ZV3FUwiiqWbZhBRbgVoQPQyWMohR3e76ah5m6fTho58XiRwCHe\nMQKQMJdA6T8VzDtfqNGEadL0QxWELVOqwWmttXS60vBN0O2jtvXegC+dXCizbIzS\nI4gTcOJDPhp/oVCNREuOfr2sG5nLdXBkwzO14FEFFJtAJG3L8UUQJESVRmPhfw==\n-----END RSA PRIVATE KEY-----\n",
            "private_key_pem_pkcs8": "-----BEGIN PRIVATE KEY-----\nMIIJRAIBADANBgkqhkiG9w0BAQEFAASCCS4wggkqAgEAAoICAQDO1bfnNBtDl+Jl\nUuQC48viByJGn0ZFLGP4PScT/4yhQH6d4r0u3dW5D5Ucb7rnehT8/EmxG2UrE/bV\nQEQsT8i3eLeQnRikqcAzQDql4PmJ9IQmD/zxIKYqPzDdFD4fvR/B/lCBkIvj1LEG\nGgB/mojirJvL/qrk0EhDCUyLaY1+Td27W+RDmfxjsQNekHrNBHoddDzuIgxas10M\n8PlvDgFFDFFB6nDZTZieTyTP4AqJZ46T9KzYoK05eBARmZmhRJGFymusMTrHWK6u\nsgV0uzQO0talmNHjsugW2ubSA7Ek5Cg9E9V1lqYH4xxvRbyUJCiDAGFhMR8t41sO\nrnfQykLM3JrLGuyH3ESmkZ4+PuUKe0PJ28KV0uT1nGfLOiMTcf05PSpI6gSv0ZeK\n2cVaeA3//ZLMZ6IyXMeHSWiBCAj/y7hmxsxzSngQV7uqkVt+2r3VKm4Osx+KEOJ2\n1EgTN1/n+wzWRNYWX0P3hAEM7Idc114ltHY+XIZNKKV1ODIsI+ymMjr6mR9L7dUl\nVTYDTwrWQI2EduqzC3COrSsyqvdwyVTJQDGMbtuEfG48/rn5wTAJNVWwo25r9k9U\nIC/dO2L3fZH5TZ2cYNbMARX64ZHbdJXdQpqrV0ByrN0d20yf+Z408Vg3JxdS0Y6i\nJMPTUT0q/oFQtnFck6W4lJA8LZvyQQIDAQABAoICAQCBmeb/B2ZiB0TD6pmWufgh\n7AhtKhYU+Ai4HlFjNYh/7fKoqc+TE0t9ByeOxu/dZWDLWKYwRJMy1/KdkwRko6WI\nWSrkgZtUak1Vj9Rv5jVWXRGE7BW5XZTg+fF7RdjbeFzy6JC3bsRJARffU+GmE0Xc\niv2gaDXa5CuzXZtJ69zOHKpoYN76AP3l1Z/f3DYmSrzdwdz/9fO5zZPrrP8OuD7R\nbjNoUydc8kNERyEw5BiWGn57dR/tKVkBnpqq/I0IQPfSVpD7N2m2SXpDWqcSis7G\nzxPSdZxmyc6lq4pgZBHWpOQVyVzCrp/gZ02E57SPOszrsQxTozz/OuvumiHXgTUz\nGbi1aYoeMvexZI3TqJw25RwIeI2IfbgEZsOuAzL+VmqCvuDWg1cKbAHKqrtzsGbY\nyquzsRp04821i1TOQPyMpngL39r3i/B+G9cN1WDOblOzRGD+8Cy5qXB+vJkTZTT9\nNT+eLPg/bAPhxWqFxvq3POWrqsZN95HNfDz02c3PhNhegpJb6MAP2mCsxZaXNWei\nzU3uAPqaIAZvVTUe7TEZMF7eIuUi1/hIKTuDMuuIE4sFBptvVhWTEdzKHbSrkelm\nEEEZIA1suE3yWU3u4YKIVfFAl5Vnq9kNhbA+wBxTAPYbXEpT2KhS4yFD12LMVPWy\n6tlucG6XRc+HVn2suW5bAQKCAQEA15+ciFr48wg/t+M7qPH2KQF0taMpmXIeEDb/\nPCf6eo7ti7f5HzU7TwI80zimkkNZwIk+CAQUO6lYsPUwkPAIyC69cp/pqqyZyPuf\nt5RldAD2CVyhX571WOzBtMdTGIeSwaH/MRi4QbVCOHMwXuwOZIDxuTIFUc4E4y7R\nB1xteDLH1zbOonqNmwoKjPBHdFIZ0m86AsGfuZep/LM7PWmOWw4dyVFWIjThtyk/\nWOzni/N0F35PSSqrQ2PFA/KBUif1+K3/Vp1L88B0wfLjTHWQdclgJP/uwNEO3lI3\nDyo0BGzde/emNoeExwTpo52CkFoIm6EB8gC9fC8B7nYp28yfkQKCAQEA9ZDNxOYU\nqVNQ1i6WZdk/qhjN349SuC7b+AnkR9XSK6Kt25qDLzMWtN2QufBjZ6YsREDUuCor\n1IKyedbX0DUzdwmM2jgGPine7O0twJUCk+cFt541Oz3XLa6Z55256nbkgWisnqmF\ntlnzdXt56L0ct1IGag7C8G0bHjrhqnmo/BuyYyo70N2U27OdKLEUImUmJzujgET1\np4L65aq6s054PNCjT843U86J+YTTEQ2EuF5foYnRJN7vafbchwrP12uLTjkxbyiU\nw9+FYHZfCLYrD8uYDDFeINHRBa8WWSj0SatTsNB1sN4hxHd2IhB97TrJD9F02hDI\nDyLlapRQJ3YvsQKCAQEAtrWUIWLc4qsRuxM8oYruKI8IQ0WP4Wt2mAzSODo0IBfu\np97rpQspR2jA+8ZcN0IE0oY43vf94RQ9iC0ryxTqjB42/+MLUElTQqAdFaUUVrjd\nws8QGwOKKKDt/u6LthRjQdqwb/zfXSZnh4fr6/Mguv8cVO5S3Z+yOoOYMiGazShS\neEYD0GACj+ZxTD3qfmF3af4/7Mf/PXeLXgrN3tsL+pI6oTVfxDqFLPwxpnuQNOHF\ndIbeTkRuvPrUneSmumQMJH3kCJPfIRvqk9Hp0wcnsvdBlficahx7+d02tI3xZ/KL\ntxkBaeFpnG7IP5EfaowwERfcmyEPbyQyAct06sA4UQKCAQBb/fYHyAV/dTW4NtWi\nq+L8rrQZBtD/LJa88b+x5XkJXbTxqo1wVhwwfzwjW9lxT8APhZXqs+mdf6SqngBV\nAEkaU9qPOSOlj/vyF9vm5CuGCqqKodrhKYZ9l4YSTXUDT6zEidj4yxrLOCFLJomB\n1a53QmQiwQroFIdvKLG3MkJKx3lpSr4Dva5xK3U5dDTNucS0N9RFThAUw62H8hBk\n8YV7itFTKTZyz9HCRq7nGYBZrQj4M+/EdzuLH653bGZ2FdSm5igNs08fnZGSlGV/\nlvbEwQlhr/DKLK+4CGI/3ma9XlBI0Z71NhHCTtpTYog6IaaGpXm340d+3BzDc3If\nhlfRAoIBAQDW0HcDdyM2cAnlsgX/Q3X2frDxuNOOJyjZ6EZELYbe3pwBc4rMHEpO\nwO775yP96tyb9Eh/fvzAjmyDkQW/DdA49HcgeD8pexZ/SicbQWJH6rJYFQZdHwwl\nqmi+ZXQoxChRw1REozKv9dkjZUdmpbw0r/PcV6C8KHE/Cp0TllXcVTCKKpZtmEFF\nuBWhA9DJYyiFHd7vpqHmbp9OGjnxeJHAId4xApAwl0DpPxXMO1+o0YRp0vRDFYQt\nU6rBaa21dLrS8E3Q7aO29d6AL51cKLNsjNIjiBNw4kM+Gn+hUI1ES45+vawbmct1\ncGTDM7XgUQUUm0AkbcvxRRAkRJVGY+F/\n-----END PRIVATE KEY-----\n",
            "public_key_fingerprint_md5": "2e:c7:da:0c:3f:95:26:39:bf:c3:68:c9:ea:75:b3:dc",
            "public_key_fingerprint_sha256": "SHA256:evQNpQZXQtkvI0nNokLYicDMZVxOGEjwK+ZZ6LusfH0",
            "public_key_openssh": "ssh-rsa AAAAB3NzaC1yc2EAAAADAQABAAACAQDO1bfnNBtDl+JlUuQC48viByJGn0ZFLGP4PScT/4yhQH6d4r0u3dW5D5Ucb7rnehT8/EmxG2UrE/bVQEQsT8i3eLeQnRikqcAzQDql4PmJ9IQmD/zxIKYqPzDdFD4fvR/B/lCBkIvj1LEGGgB/mojirJvL/qrk0EhDCUyLaY1+Td27W+RDmfxjsQNekHrNBHoddDzuIgxas10M8PlvDgFFDFFB6nDZTZieTyTP4AqJZ46T9KzYoK05eBARmZmhRJGFymusMTrHWK6usgV0uzQO0talmNHjsugW2ubSA7Ek5Cg9E9V1lqYH4xxvRbyUJCiDAGFhMR8t41sOrnfQykLM3JrLGuyH3ESmkZ4+PuUKe0PJ28KV0uT1nGfLOiMTcf05PSpI6gSv0ZeK2cVaeA3//ZLMZ6IyXMeHSWiBCAj/y7hmxsxzSngQV7uqkVt+2r3VKm4Osx+KEOJ21EgTN1/n+wzWRNYWX0P3hAEM7Idc114ltHY+XIZNKKV1ODIsI+ymMjr6mR9L7dUlVTYDTwrWQI2EduqzC3COrSsyqvdwyVTJQDGMbtuEfG48/rn5wTAJNVWwo25r9k9UIC/dO2L3fZH5TZ2cYNbMARX64ZHbdJXdQpqrV0ByrN0d20yf+Z408Vg3JxdS0Y6iJMPTUT0q/oFQtnFck6W4lJA8LZvyQQ==\n",
            "public_key_pem": "-----BEGIN PUBLIC KEY-----\nMIICIjANBgkqhkiG9w0BAQEFAAOCAg8AMIICCgKCAgEAztW35zQbQ5fiZVLkAuPL\n4gciRp9GRSxj+D0nE/+MoUB+neK9Lt3VuQ+VHG+653oU/PxJsRtlKxP21UBELE/I\nt3i3kJ0YpKnAM0A6peD5ifSEJg/88SCmKj8w3RQ+H70fwf5QgZCL49SxBhoAf5qI\n4qyby/6q5NBIQwlMi2mNfk3du1vkQ5n8Y7EDXpB6zQR6HXQ87iIMWrNdDPD5bw4B\nRQxRQepw2U2Ynk8kz+AKiWeOk/Ss2KCtOXgQEZmZoUSRhcprrDE6x1iurrIFdLs0\nDtLWpZjR47LoFtrm0gOxJOQoPRPVdZamB+Mcb0W8lCQogwBhYTEfLeNbDq530MpC\nzNyayxrsh9xEppGePj7lCntDydvCldLk9ZxnyzojE3H9OT0qSOoEr9GXitnFWngN\n//2SzGeiMlzHh0logQgI/8u4ZsbMc0p4EFe7qpFbftq91SpuDrMfihDidtRIEzdf\n5/sM1kTWFl9D94QBDOyHXNdeJbR2PlyGTSildTgyLCPspjI6+pkfS+3VJVU2A08K\n1kCNhHbqswtwjq0rMqr3cMlUyUAxjG7bhHxuPP65+cEwCTVVsKNua/ZPVCAv3Tti\n932R+U2dnGDWzAEV+uGR23SV3UKaq1dAcqzdHdtMn/meNPFYNycXUtGOoiTD01E9\nKv6BULZxXJOluJSQPC2b8kECAwEAAQ==\n-----END PUBLIC KEY-----\n",
            "rsa_bits": 4096
          },
          "sensitive_attributes": []
        }
      ]
    }
  ],
  "check_results": null
}
