{
  "version": 4,
  "terraform_version": "1.6.6",
  "serial": 611,
  "lineage": "d43d6293-a5f6-c583-c0fc-e6e81b9ad389",
  "outputs": {},
  "resources": [
    {
      "mode": "managed",
      "type": "google_compute_address",
      "name": "gateway-public-ip",
      "provider": "provider[\"registry.terraform.io/hashicorp/google\"]",
      "instances": [
        {
          "schema_version": 0,
          "attributes": {
            "address": "34.163.168.222",
            "address_type": "EXTERNAL",
            "creation_timestamp": "2024-06-24T10:25:50.017-07:00",
            "description": "",
            "effective_labels": {},
            "id": "projects/dataproject-419118/regions/europe-west9/addresses/gateway-public-ip",
            "ip_version": "",
            "ipv6_endpoint_type": "",
            "label_fingerprint": "42WmSpB8rSM=",
            "labels": null,
            "name": "gateway-public-ip",
            "network": "",
            "network_tier": "PREMIUM",
            "prefix_length": 0,
            "project": "dataproject-419118",
            "purpose": "",
            "region": "europe-west9",
            "self_link": "https://www.googleapis.com/compute/v1/projects/dataproject-419118/regions/europe-west9/addresses/gateway-public-ip",
            "subnetwork": "",
            "terraform_labels": {},
            "timeouts": null,
            "users": []
          },
          "sensitive_attributes": [],
          "private": "eyJlMmJmYjczMC1lY2FhLTExZTYtOGY4OC0zNDM2M2JjN2M0YzAiOnsiY3JlYXRlIjoxMjAwMDAwMDAwMDAwLCJkZWxldGUiOjEyMDAwMDAwMDAwMDAsInVwZGF0ZSI6MTIwMDAwMDAwMDAwMH19"
        }
      ]
    },
    {
      "mode": "managed",
      "type": "google_compute_firewall",
      "name": "external",
      "provider": "provider[\"registry.terraform.io/hashicorp/google\"]",
      "instances": [
        {
          "schema_version": 1,
          "attributes": {
            "allow": [
              {
                "ports": [
                  "22",
                  "443",
                  "80",
                  "8080",
                  "8081",
                  "8082"
                ],
                "protocol": "tcp"
              }
            ],
            "creation_timestamp": "2024-06-24T10:26:12.169-07:00",
            "deny": [],
            "description": "",
            "destination_ranges": [],
            "direction": "INGRESS",
            "disabled": false,
            "enable_logging": null,
            "id": "projects/dataproject-419118/global/firewalls/allow-external",
            "log_config": [],
            "name": "allow-external",
            "network": "https://www.googleapis.com/compute/v1/projects/dataproject-419118/global/networks/sdtd-network",
            "priority": 1000,
            "project": "dataproject-419118",
            "self_link": "https://www.googleapis.com/compute/v1/projects/dataproject-419118/global/firewalls/allow-external",
            "source_ranges": [
              "0.0.0.0/0"
            ],
            "source_service_accounts": null,
            "source_tags": null,
            "target_service_accounts": null,
            "target_tags": null,
            "timeouts": null
          },
          "sensitive_attributes": [],
          "private": "eyJlMmJmYjczMC1lY2FhLTExZTYtOGY4OC0zNDM2M2JjN2M0YzAiOnsiY3JlYXRlIjoxMjAwMDAwMDAwMDAwLCJkZWxldGUiOjEyMDAwMDAwMDAwMDAsInVwZGF0ZSI6MTIwMDAwMDAwMDAwMH0sInNjaGVtYV92ZXJzaW9uIjoiMSJ9",
          "dependencies": [
            "google_compute_network.default"
          ]
        }
      ]
    },
    {
      "mode": "managed",
      "type": "google_compute_firewall",
      "name": "internal",
      "provider": "provider[\"registry.terraform.io/hashicorp/google\"]",
      "instances": [
        {
          "schema_version": 1,
          "attributes": {
            "allow": [
              {
                "ports": [
                  "22",
                  "6443",
                  "2379-2380",
                  "10250",
                  "10259",
                  "10257",
                  "30000-32767"
                ],
                "protocol": "tcp"
              },
              {
                "ports": [],
                "protocol": "icmp"
              },
              {
                "ports": [],
                "protocol": "udp"
              }
            ],
            "creation_timestamp": "2024-06-24T10:26:12.636-07:00",
            "deny": [],
            "description": "",
            "destination_ranges": [],
            "direction": "INGRESS",
            "disabled": false,
            "enable_logging": null,
            "id": "projects/dataproject-419118/global/firewalls/allow-internal",
            "log_config": [],
            "name": "allow-internal",
            "network": "https://www.googleapis.com/compute/v1/projects/dataproject-419118/global/networks/sdtd-network",
            "priority": 1000,
            "project": "dataproject-419118",
            "self_link": "https://www.googleapis.com/compute/v1/projects/dataproject-419118/global/firewalls/allow-internal",
            "source_ranges": [
              "192.168.7.0/24"
            ],
            "source_service_accounts": null,
            "source_tags": null,
            "target_service_accounts": null,
            "target_tags": null,
            "timeouts": null
          },
          "sensitive_attributes": [],
          "private": "eyJlMmJmYjczMC1lY2FhLTExZTYtOGY4OC0zNDM2M2JjN2M0YzAiOnsiY3JlYXRlIjoxMjAwMDAwMDAwMDAwLCJkZWxldGUiOjEyMDAwMDAwMDAwMDAsInVwZGF0ZSI6MTIwMDAwMDAwMDAwMH0sInNjaGVtYV92ZXJzaW9uIjoiMSJ9",
          "dependencies": [
            "google_compute_network.default"
          ]
        }
      ]
    },
    {
      "mode": "managed",
      "type": "google_compute_instance",
      "name": "gateway-server",
      "provider": "provider[\"registry.terraform.io/hashicorp/google\"]",
      "instances": [
        {
          "schema_version": 6,
          "attributes": {
            "advanced_machine_features": [],
            "allow_stopping_for_update": null,
            "attached_disk": [],
            "boot_disk": [
              {
                "auto_delete": true,
                "device_name": "persistent-disk-0",
                "disk_encryption_key_raw": "",
                "disk_encryption_key_sha256": "",
                "initialize_params": [
                  {
                    "enable_confidential_compute": false,
                    "image": "https://www.googleapis.com/compute/v1/projects/ubuntu-os-cloud/global/images/ubuntu-2004-focal-v20240614",
                    "labels": {},
                    "provisioned_iops": 0,
                    "provisioned_throughput": 0,
                    "resource_manager_tags": null,
                    "size": 10,
                    "type": "pd-standard"
                  }
                ],
                "kms_key_self_link": "",
                "mode": "READ_WRITE",
                "source": "https://www.googleapis.com/compute/v1/projects/dataproject-419118/zones/europe-west9-a/disks/gateway-server"
              }
            ],
            "can_ip_forward": false,
            "confidential_instance_config": [],
            "cpu_platform": "Intel Broadwell",
            "current_status": "RUNNING",
            "deletion_protection": false,
            "description": "",
            "desired_status": null,
            "effective_labels": {},
            "enable_display": false,
            "guest_accelerator": [],
            "hostname": "",
            "id": "projects/dataproject-419118/zones/europe-west9-a/instances/gateway-server",
            "instance_id": "5060643492759605925",
            "label_fingerprint": "42WmSpB8rSM=",
            "labels": null,
            "machine_type": "e2-standard-2",
            "metadata": null,
            "metadata_fingerprint": "aV0elYdag8g=",
            "metadata_startup_script": null,
            "min_cpu_platform": "",
            "name": "gateway-server",
            "network_interface": [
              {
                "access_config": [
                  {
                    "nat_ip": "34.163.168.222",
                    "network_tier": "PREMIUM",
                    "public_ptr_domain_name": ""
                  }
                ],
                "alias_ip_range": [],
                "internal_ipv6_prefix_length": 0,
                "ipv6_access_config": [],
                "ipv6_access_type": "",
                "ipv6_address": "",
                "name": "nic0",
                "network": "https://www.googleapis.com/compute/v1/projects/dataproject-419118/global/networks/sdtd-network",
                "network_ip": "192.168.7.30",
                "nic_type": "",
                "queue_count": 0,
                "stack_type": "IPV4_ONLY",
                "subnetwork": "https://www.googleapis.com/compute/v1/projects/dataproject-419118/regions/europe-west9/subnetworks/sdtd-sub-network",
                "subnetwork_project": "dataproject-419118"
              }
            ],
            "network_performance_config": [],
            "params": [],
            "project": "dataproject-419118",
            "reservation_affinity": [],
            "resource_policies": null,
            "scheduling": [
              {
                "automatic_restart": true,
                "instance_termination_action": "",
                "local_ssd_recovery_timeout": [],
                "min_node_cpus": 0,
                "node_affinities": [],
                "on_host_maintenance": "MIGRATE",
                "preemptible": false,
                "provisioning_model": "STANDARD"
              }
            ],
            "scratch_disk": [],
            "self_link": "https://www.googleapis.com/compute/v1/projects/dataproject-419118/zones/europe-west9-a/instances/gateway-server",
            "service_account": [],
            "shielded_instance_config": [
              {
                "enable_integrity_monitoring": true,
                "enable_secure_boot": false,
                "enable_vtpm": true
              }
            ],
            "tags": [
              "gateway"
            ],
            "tags_fingerprint": "UrM6jlsUTDs=",
            "terraform_labels": {},
            "timeouts": null,
            "zone": "europe-west9-a"
          },
          "sensitive_attributes": [],
          "private": "eyJlMmJmYjczMC1lY2FhLTExZTYtOGY4OC0zNDM2M2JjN2M0YzAiOnsiY3JlYXRlIjoxMjAwMDAwMDAwMDAwLCJkZWxldGUiOjEyMDAwMDAwMDAwMDAsInVwZGF0ZSI6MTIwMDAwMDAwMDAwMH0sInNjaGVtYV92ZXJzaW9uIjoiNiJ9",
          "dependencies": [
            "google_compute_address.gateway-public-ip",
            "google_compute_network.default",
            "google_compute_subnetwork.default",
            "local_sensitive_file.private_key",
            "tls_private_key.ssh"
          ]
        }
      ]
    },
    {
      "mode": "managed",
      "type": "google_compute_instance",
      "name": "master",
      "provider": "provider[\"registry.terraform.io/hashicorp/google\"]",
      "instances": [
        {
          "index_key": 0,
          "schema_version": 6,
          "attributes": {
            "advanced_machine_features": [],
            "allow_stopping_for_update": null,
            "attached_disk": [],
            "boot_disk": [
              {
                "auto_delete": true,
                "device_name": "persistent-disk-0",
                "disk_encryption_key_raw": "",
                "disk_encryption_key_sha256": "",
                "initialize_params": [
                  {
                    "enable_confidential_compute": false,
                    "image": "https://www.googleapis.com/compute/v1/projects/ubuntu-os-cloud/global/images/ubuntu-2004-focal-v20240614",
                    "labels": {},
                    "provisioned_iops": 0,
                    "provisioned_throughput": 0,
                    "resource_manager_tags": null,
                    "size": 10,
                    "type": "pd-standard"
                  }
                ],
                "kms_key_self_link": "",
                "mode": "READ_WRITE",
                "source": "https://www.googleapis.com/compute/v1/projects/dataproject-419118/zones/europe-west9-a/disks/master-0"
              }
            ],
            "can_ip_forward": false,
            "confidential_instance_config": [],
            "cpu_platform": "Intel Broadwell",
            "current_status": "RUNNING",
            "deletion_protection": false,
            "description": "",
            "desired_status": null,
            "effective_labels": {},
            "enable_display": false,
            "guest_accelerator": [],
            "hostname": "",
            "id": "projects/dataproject-419118/zones/europe-west9-a/instances/master-0",
            "instance_id": "3010538465735742118",
            "label_fingerprint": "42WmSpB8rSM=",
            "labels": null,
            "machine_type": "e2-standard-2",
            "metadata": null,
            "metadata_fingerprint": "aV0elYdag8g=",
            "metadata_startup_script": null,
            "min_cpu_platform": "",
            "name": "master-0",
            "network_interface": [
              {
                "access_config": [],
                "alias_ip_range": [],
                "internal_ipv6_prefix_length": 0,
                "ipv6_access_config": [],
                "ipv6_access_type": "",
                "ipv6_address": "",
                "name": "nic0",
                "network": "https://www.googleapis.com/compute/v1/projects/dataproject-419118/global/networks/sdtd-network",
                "network_ip": "192.168.7.10",
                "nic_type": "",
                "queue_count": 0,
                "stack_type": "IPV4_ONLY",
                "subnetwork": "https://www.googleapis.com/compute/v1/projects/dataproject-419118/regions/europe-west9/subnetworks/sdtd-sub-network",
                "subnetwork_project": "dataproject-419118"
              }
            ],
            "network_performance_config": [],
            "params": [],
            "project": "dataproject-419118",
            "reservation_affinity": [],
            "resource_policies": null,
            "scheduling": [
              {
                "automatic_restart": true,
                "instance_termination_action": "",
                "local_ssd_recovery_timeout": [],
                "min_node_cpus": 0,
                "node_affinities": [],
                "on_host_maintenance": "MIGRATE",
                "preemptible": false,
                "provisioning_model": "STANDARD"
              }
            ],
            "scratch_disk": [],
            "self_link": "https://www.googleapis.com/compute/v1/projects/dataproject-419118/zones/europe-west9-a/instances/master-0",
            "service_account": [],
            "shielded_instance_config": [
              {
                "enable_integrity_monitoring": true,
                "enable_secure_boot": false,
                "enable_vtpm": true
              }
            ],
            "tags": [
              "master"
            ],
            "tags_fingerprint": "4y7qQ8dL1yM=",
            "terraform_labels": {},
            "timeouts": null,
            "zone": "europe-west9-a"
          },
          "sensitive_attributes": [],
          "private": "eyJlMmJmYjczMC1lY2FhLTExZTYtOGY4OC0zNDM2M2JjN2M0YzAiOnsiY3JlYXRlIjoxMjAwMDAwMDAwMDAwLCJkZWxldGUiOjEyMDAwMDAwMDAwMDAsInVwZGF0ZSI6MTIwMDAwMDAwMDAwMH0sInNjaGVtYV92ZXJzaW9uIjoiNiJ9",
          "dependencies": [
            "google_compute_network.default",
            "google_compute_subnetwork.default"
          ]
        }
      ]
    },
    {
      "mode": "managed",
      "type": "google_compute_instance",
      "name": "worker",
      "provider": "provider[\"registry.terraform.io/hashicorp/google\"]",
      "instances": [
        {
          "index_key": 0,
          "schema_version": 6,
          "attributes": {
            "advanced_machine_features": [],
            "allow_stopping_for_update": null,
            "attached_disk": [],
            "boot_disk": [
              {
                "auto_delete": true,
                "device_name": "persistent-disk-0",
                "disk_encryption_key_raw": "",
                "disk_encryption_key_sha256": "",
                "initialize_params": [
                  {
                    "enable_confidential_compute": false,
                    "image": "https://www.googleapis.com/compute/v1/projects/ubuntu-os-cloud/global/images/ubuntu-2004-focal-v20240614",
                    "labels": {},
                    "provisioned_iops": 0,
                    "provisioned_throughput": 0,
                    "resource_manager_tags": null,
                    "size": 10,
                    "type": "pd-standard"
                  }
                ],
                "kms_key_self_link": "",
                "mode": "READ_WRITE",
                "source": "https://www.googleapis.com/compute/v1/projects/dataproject-419118/zones/europe-west9-a/disks/worker-0"
              }
            ],
            "can_ip_forward": false,
            "confidential_instance_config": [],
            "cpu_platform": "Intel Broadwell",
            "current_status": "RUNNING",
            "deletion_protection": false,
            "description": "",
            "desired_status": null,
            "effective_labels": {},
            "enable_display": false,
            "guest_accelerator": [],
            "hostname": "",
            "id": "projects/dataproject-419118/zones/europe-west9-a/instances/worker-0",
            "instance_id": "516511756505584293",
            "label_fingerprint": "42WmSpB8rSM=",
            "labels": null,
            "machine_type": "e2-standard-2",
            "metadata": null,
            "metadata_fingerprint": "aV0elYdag8g=",
            "metadata_startup_script": null,
            "min_cpu_platform": "",
            "name": "worker-0",
            "network_interface": [
              {
                "access_config": [],
                "alias_ip_range": [],
                "internal_ipv6_prefix_length": 0,
                "ipv6_access_config": [],
                "ipv6_access_type": "",
                "ipv6_address": "",
                "name": "nic0",
                "network": "https://www.googleapis.com/compute/v1/projects/dataproject-419118/global/networks/sdtd-network",
                "network_ip": "192.168.7.20",
                "nic_type": "",
                "queue_count": 0,
                "stack_type": "IPV4_ONLY",
                "subnetwork": "https://www.googleapis.com/compute/v1/projects/dataproject-419118/regions/europe-west9/subnetworks/sdtd-sub-network",
                "subnetwork_project": "dataproject-419118"
              }
            ],
            "network_performance_config": [],
            "params": [],
            "project": "dataproject-419118",
            "reservation_affinity": [],
            "resource_policies": null,
            "scheduling": [
              {
                "automatic_restart": true,
                "instance_termination_action": "",
                "local_ssd_recovery_timeout": [],
                "min_node_cpus": 0,
                "node_affinities": [],
                "on_host_maintenance": "MIGRATE",
                "preemptible": false,
                "provisioning_model": "STANDARD"
              }
            ],
            "scratch_disk": [],
            "self_link": "https://www.googleapis.com/compute/v1/projects/dataproject-419118/zones/europe-west9-a/instances/worker-0",
            "service_account": [],
            "shielded_instance_config": [
              {
                "enable_integrity_monitoring": true,
                "enable_secure_boot": false,
                "enable_vtpm": true
              }
            ],
            "tags": [
              "worker"
            ],
            "tags_fingerprint": "uvqiNQvnefU=",
            "terraform_labels": {},
            "timeouts": null,
            "zone": "europe-west9-a"
          },
          "sensitive_attributes": [],
          "private": "eyJlMmJmYjczMC1lY2FhLTExZTYtOGY4OC0zNDM2M2JjN2M0YzAiOnsiY3JlYXRlIjoxMjAwMDAwMDAwMDAwLCJkZWxldGUiOjEyMDAwMDAwMDAwMDAsInVwZGF0ZSI6MTIwMDAwMDAwMDAwMH0sInNjaGVtYV92ZXJzaW9uIjoiNiJ9",
          "dependencies": [
            "google_compute_network.default",
            "google_compute_subnetwork.default"
          ]
        },
        {
          "index_key": 1,
          "schema_version": 6,
          "attributes": {
            "advanced_machine_features": [],
            "allow_stopping_for_update": null,
            "attached_disk": [],
            "boot_disk": [
              {
                "auto_delete": true,
                "device_name": "persistent-disk-0",
                "disk_encryption_key_raw": "",
                "disk_encryption_key_sha256": "",
                "initialize_params": [
                  {
                    "enable_confidential_compute": false,
                    "image": "https://www.googleapis.com/compute/v1/projects/ubuntu-os-cloud/global/images/ubuntu-2004-focal-v20240614",
                    "labels": {},
                    "provisioned_iops": 0,
                    "provisioned_throughput": 0,
                    "resource_manager_tags": null,
                    "size": 10,
                    "type": "pd-standard"
                  }
                ],
                "kms_key_self_link": "",
                "mode": "READ_WRITE",
                "source": "https://www.googleapis.com/compute/v1/projects/dataproject-419118/zones/europe-west9-a/disks/worker-1"
              }
            ],
            "can_ip_forward": false,
            "confidential_instance_config": [],
            "cpu_platform": "Intel Broadwell",
            "current_status": "RUNNING",
            "deletion_protection": false,
            "description": "",
            "desired_status": null,
            "effective_labels": {},
            "enable_display": false,
            "guest_accelerator": [],
            "hostname": "",
            "id": "projects/dataproject-419118/zones/europe-west9-a/instances/worker-1",
            "instance_id": "439180449434309285",
            "label_fingerprint": "42WmSpB8rSM=",
            "labels": null,
            "machine_type": "e2-standard-2",
            "metadata": null,
            "metadata_fingerprint": "aV0elYdag8g=",
            "metadata_startup_script": null,
            "min_cpu_platform": "",
            "name": "worker-1",
            "network_interface": [
              {
                "access_config": [],
                "alias_ip_range": [],
                "internal_ipv6_prefix_length": 0,
                "ipv6_access_config": [],
                "ipv6_access_type": "",
                "ipv6_address": "",
                "name": "nic0",
                "network": "https://www.googleapis.com/compute/v1/projects/dataproject-419118/global/networks/sdtd-network",
                "network_ip": "192.168.7.21",
                "nic_type": "",
                "queue_count": 0,
                "stack_type": "IPV4_ONLY",
                "subnetwork": "https://www.googleapis.com/compute/v1/projects/dataproject-419118/regions/europe-west9/subnetworks/sdtd-sub-network",
                "subnetwork_project": "dataproject-419118"
              }
            ],
            "network_performance_config": [],
            "params": [],
            "project": "dataproject-419118",
            "reservation_affinity": [],
            "resource_policies": null,
            "scheduling": [
              {
                "automatic_restart": true,
                "instance_termination_action": "",
                "local_ssd_recovery_timeout": [],
                "min_node_cpus": 0,
                "node_affinities": [],
                "on_host_maintenance": "MIGRATE",
                "preemptible": false,
                "provisioning_model": "STANDARD"
              }
            ],
            "scratch_disk": [],
            "self_link": "https://www.googleapis.com/compute/v1/projects/dataproject-419118/zones/europe-west9-a/instances/worker-1",
            "service_account": [],
            "shielded_instance_config": [
              {
                "enable_integrity_monitoring": true,
                "enable_secure_boot": false,
                "enable_vtpm": true
              }
            ],
            "tags": [
              "worker"
            ],
            "tags_fingerprint": "uvqiNQvnefU=",
            "terraform_labels": {},
            "timeouts": null,
            "zone": "europe-west9-a"
          },
          "sensitive_attributes": [],
          "private": "eyJlMmJmYjczMC1lY2FhLTExZTYtOGY4OC0zNDM2M2JjN2M0YzAiOnsiY3JlYXRlIjoxMjAwMDAwMDAwMDAwLCJkZWxldGUiOjEyMDAwMDAwMDAwMDAsInVwZGF0ZSI6MTIwMDAwMDAwMDAwMH0sInNjaGVtYV92ZXJzaW9uIjoiNiJ9",
          "dependencies": [
            "google_compute_network.default",
            "google_compute_subnetwork.default"
          ]
        }
      ]
    },
    {
      "mode": "managed",
      "type": "google_compute_network",
      "name": "default",
      "provider": "provider[\"registry.terraform.io/hashicorp/google\"]",
      "instances": [
        {
          "schema_version": 0,
          "attributes": {
            "auto_create_subnetworks": false,
            "delete_default_routes_on_create": false,
            "description": "",
            "enable_ula_internal_ipv6": false,
            "gateway_ipv4": "",
            "id": "projects/dataproject-419118/global/networks/sdtd-network",
            "internal_ipv6_range": "",
            "mtu": 0,
            "name": "sdtd-network",
            "network_firewall_policy_enforcement_order": "AFTER_CLASSIC_FIREWALL",
            "numeric_id": "1812069215206904561",
            "project": "dataproject-419118",
            "routing_mode": "REGIONAL",
            "self_link": "https://www.googleapis.com/compute/v1/projects/dataproject-419118/global/networks/sdtd-network",
            "timeouts": null
          },
          "sensitive_attributes": [],
          "private": "eyJlMmJmYjczMC1lY2FhLTExZTYtOGY4OC0zNDM2M2JjN2M0YzAiOnsiY3JlYXRlIjoxMjAwMDAwMDAwMDAwLCJkZWxldGUiOjEyMDAwMDAwMDAwMDAsInVwZGF0ZSI6MTIwMDAwMDAwMDAwMH19"
        }
      ]
    },
    {
      "mode": "managed",
      "type": "google_compute_project_metadata",
      "name": "default",
      "provider": "provider[\"registry.terraform.io/hashicorp/google\"]",
      "instances": [
        {
          "schema_version": 0,
          "attributes": {
            "id": "dataproject-419118",
            "metadata": {
              "ssh-keys": "root:ssh-rsa AAAAB3NzaC1yc2EAAAADAQABAAACAQCaiV+iQc/8xlRPo8iI3/YWx8gX8f5xxpXtt3o6xVZLUixBsD3kgHgfdI90wbnR3jaJzQ4XXrIPEeF3N/ZXUxehk4OR0CZ0WZ/pslb/Dr41qzF25Uc6F2lZ6VfLPAOCrsj3ksS8UwwOt3+nZ6xjxC6myBOJXQnDhbcUSZ8oUl8Ya+nJlXgnp8THxUwtTrDZg7qzBOxCImRy84O9YSlk3qncHkcbAurRWmPWCMiwLTO5/SfHkw6GtRLcTmqZDcnqJ4KIQQNZBXbuxbPxwBDKwR5dPspfNyF65yvlIAOtzQ2ad5dJkZPKqNVIHIZUxEjaU9nL0wURtHD4nQu4Lm4LXwFgilf/4mFT4TtgdK8sRtHHJ6CiGOWTT78sOD9Z2S/iiFSFEkzP3YTqFZQBGlPDDTx3Pj9FeuVxp6Hj717GMmx8PeQ7B6Q66LvAkia4sqSwdS87ajOix97UeQBm6SNnR9Vrxd4tPgadDYb92605+s8lHpu+tTFcdO76YAcRrcrWg+hCjwJhwlSbnqqr2MCbtt/l7nkvlrls2FmW1rT4NWuVVHVXeHUJILg1kGsOTkUAIZ4xsXrxFL3sMWS9nKAJwxgsjpIzIo36KUNfy2C1gIQ+K0GqIkLu2FpR+GBvlpr5NwlqeD8OQB47nO0ho8GL3A6GId72K8ISPqf+NIE/BE7AqQ==\n"
            },
            "project": "dataproject-419118",
            "timeouts": null
          },
          "sensitive_attributes": [],
          "private": "eyJlMmJmYjczMC1lY2FhLTExZTYtOGY4OC0zNDM2M2JjN2M0YzAiOnsiY3JlYXRlIjoyNDAwMDAwMDAwMDAsImRlbGV0ZSI6MjQwMDAwMDAwMDAwfX0=",
          "dependencies": [
            "tls_private_key.ssh"
          ]
        }
      ]
    },
    {
      "mode": "managed",
      "type": "google_compute_router",
      "name": "nat_router",
      "provider": "provider[\"registry.terraform.io/hashicorp/google\"]",
      "instances": [
        {
          "schema_version": 0,
          "attributes": {
            "bgp": [
              {
                "advertise_mode": "DEFAULT",
                "advertised_groups": null,
                "advertised_ip_ranges": [],
                "asn": 64514,
                "keepalive_interval": 20
              }
            ],
            "creation_timestamp": "2024-06-24T10:26:12.048-07:00",
            "description": "",
            "encrypted_interconnect_router": false,
            "id": "projects/dataproject-419118/regions/europe-west9/routers/nat-router",
            "name": "nat-router",
            "network": "https://www.googleapis.com/compute/v1/projects/dataproject-419118/global/networks/sdtd-network",
            "project": "dataproject-419118",
            "region": "europe-west9",
            "self_link": "https://www.googleapis.com/compute/v1/projects/dataproject-419118/regions/europe-west9/routers/nat-router",
            "timeouts": null
          },
          "sensitive_attributes": [],
          "private": "eyJlMmJmYjczMC1lY2FhLTExZTYtOGY4OC0zNDM2M2JjN2M0YzAiOnsiY3JlYXRlIjoxMjAwMDAwMDAwMDAwLCJkZWxldGUiOjEyMDAwMDAwMDAwMDAsInVwZGF0ZSI6MTIwMDAwMDAwMDAwMH19",
          "dependencies": [
            "google_compute_network.default"
          ]
        }
      ]
    },
    {
      "mode": "managed",
      "type": "google_compute_router_nat",
      "name": "nat_gateway",
      "provider": "provider[\"registry.terraform.io/hashicorp/google\"]",
      "instances": [
        {
          "schema_version": 0,
          "attributes": {
            "drain_nat_ips": null,
            "enable_dynamic_port_allocation": false,
            "enable_endpoint_independent_mapping": false,
            "icmp_idle_timeout_sec": 30,
            "id": "dataproject-419118/europe-west9/nat-router/nat-gateway",
            "log_config": [],
            "max_ports_per_vm": 0,
            "min_ports_per_vm": 0,
            "name": "nat-gateway",
            "nat_ip_allocate_option": "AUTO_ONLY",
            "nat_ips": null,
            "project": "dataproject-419118",
            "region": "europe-west9",
            "router": "nat-router",
            "rules": [],
            "source_subnetwork_ip_ranges_to_nat": "ALL_SUBNETWORKS_ALL_IP_RANGES",
            "subnetwork": [],
            "tcp_established_idle_timeout_sec": 1200,
            "tcp_time_wait_timeout_sec": 120,
            "tcp_transitory_idle_timeout_sec": 30,
            "timeouts": null,
            "udp_idle_timeout_sec": 30
          },
          "sensitive_attributes": [],
          "private": "eyJlMmJmYjczMC1lY2FhLTExZTYtOGY4OC0zNDM2M2JjN2M0YzAiOnsiY3JlYXRlIjoxMjAwMDAwMDAwMDAwLCJkZWxldGUiOjEyMDAwMDAwMDAwMDAsInVwZGF0ZSI6MTIwMDAwMDAwMDAwMH19",
          "dependencies": [
            "google_compute_network.default",
            "google_compute_router.nat_router"
          ]
        }
      ]
    },
    {
      "mode": "managed",
      "type": "google_compute_subnetwork",
      "name": "default",
      "provider": "provider[\"registry.terraform.io/hashicorp/google\"]",
      "instances": [
        {
          "schema_version": 0,
          "attributes": {
            "creation_timestamp": "2024-06-24T10:26:12.370-07:00",
            "description": "",
            "external_ipv6_prefix": "",
            "fingerprint": null,
            "gateway_address": "192.168.7.1",
            "id": "projects/dataproject-419118/regions/europe-west9/subnetworks/sdtd-sub-network",
            "internal_ipv6_prefix": "",
            "ip_cidr_range": "192.168.7.0/24",
            "ipv6_access_type": "",
            "ipv6_cidr_range": "",
            "log_config": [],
            "name": "sdtd-sub-network",
            "network": "https://www.googleapis.com/compute/v1/projects/dataproject-419118/global/networks/sdtd-network",
            "private_ip_google_access": false,
            "private_ipv6_google_access": "DISABLE_GOOGLE_ACCESS",
            "project": "dataproject-419118",
            "purpose": "PRIVATE",
            "region": "europe-west9",
            "role": "",
            "secondary_ip_range": [],
            "self_link": "https://www.googleapis.com/compute/v1/projects/dataproject-419118/regions/europe-west9/subnetworks/sdtd-sub-network",
            "stack_type": "IPV4_ONLY",
            "timeouts": null
          },
          "sensitive_attributes": [],
          "private": "eyJlMmJmYjczMC1lY2FhLTExZTYtOGY4OC0zNDM2M2JjN2M0YzAiOnsiY3JlYXRlIjoxMjAwMDAwMDAwMDAwLCJkZWxldGUiOjEyMDAwMDAwMDAwMDAsInVwZGF0ZSI6MTIwMDAwMDAwMDAwMH19",
          "dependencies": [
            "google_compute_network.default"
          ]
        }
      ]
    },
    {
      "mode": "managed",
      "type": "local_sensitive_file",
      "name": "private_key",
      "provider": "provider[\"registry.terraform.io/hashicorp/local\"]",
      "instances": [
        {
          "schema_version": 0,
          "attributes": {
            "content": "-----BEGIN RSA PRIVATE KEY-----\nMIIJKgIBAAKCAgEAmolfokHP/MZUT6PIiN/2FsfIF/H+ccaV7bd6OsVWS1IsQbA9\n5IB4H3SPdMG50d42ic0OF16yDxHhdzf2V1MXoZODkdAmdFmf6bJW/w6+NasxduVH\nOhdpWelXyzwDgq7I95LEvFMMDrd/p2esY8QupsgTiV0Jw4W3FEmfKFJfGGvpyZV4\nJ6fEx8VMLU6w2YO6swTsQiJkcvODvWEpZN6p3B5HGwLq0Vpj1gjIsC0zuf0nx5MO\nhrUS3E5qmQ3J6ieCiEEDWQV27sWz8cAQysEeXT7KXzcheucr5SADrc0NmneXSZGT\nyqjVSByGVMRI2lPZy9MFEbRw+J0LuC5uC18BYIpX/+JhU+E7YHSvLEbRxyegohjl\nk0+/LDg/Wdkv4ohUhRJMz92E6hWUARpTww08dz4/RXrlcaeh4+9exjJsfD3kOwek\nOui7wJImuLKksHUvO2ozosfe1HkAZukjZ0fVa8XeLT4GnQ2G/dutOfrPJR6bvrUx\nXHTu+mAHEa3K1oPoQo8CYcJUm56qq9jAm7bf5e55L5a5bNhZlta0+DVrlVR1V3h1\nCSC4NZBrDk5FACGeMbF68RS97DFkvZygCcMYLI6SMyKN+ilDX8tgtYCEPitBqiJC\n7thaUfhgb5aa+TcJang/DkAeO5ztIaPBi9wOhiHe9ivCEj6n/jSBPwROwKkCAwEA\nAQKCAgEAkS4XszbC8AVe9ca3wact6S7dE2ncEgVvmvkxEn+L140mWLv7GW177Ikz\nsIvDR5/Met8yqs/i1feFatwfSOCeJcSQ6W60gcAlVIaf5lRya7cd7EXwCWovJjHq\nsdr6rU4JLVUsEISwoi7P9XSXZs7KyRLUD8thPdekLKIRrO7dufK/mwsZ659YZhk7\nvKDd0itIPaCVWHg5CCkwDb13BvWMfGfRg1XVRsL1YgG0kJaWrtdfBMZp8jGwu1nM\nGWfz1lAx+FGjlIFmv2Dq8WXwIJsXLKCtvI/tmyoMed/+tMwcSI6riYkDYHQGkw2B\nQad5jesShMMFUyHCtD3N4cV0yqgBgLvwqlXLW9/X9fumaXUfv86iLMXZrsmUANBu\nrDK343jxmqigrknnaXi01lToPUJftJggpbrGVmYUDQOJqBVAZcODs+IWOwyFmYCQ\nYLgK22KbOXeRy5oNMnMIZHt0dvnoGxYcTnUglVeeV3FQX9xyL9CkJzG2X2R3IEb1\nPP7NtGAW9D+yO/eyLHPPwEtlxpX68sY7jW2sVO/wILDfVLKGV72ZZB/d5W9iR0cy\n/lahoKLcBc0MwIWZA+VnPpX0Q6sI1ML5oN4e6hRzWAhj6O/msgeDjumGg8D+hWHe\nq0HLYhM8D0WwPUpiGaPUTZbrUL36VI2ITu3njeiPvystRfdYAAUCggEBAMDRJo3Z\nZp8NWk+xBvdRG2iw53nBKG4S34bgS6Y+fQUjKT7ly0fPlmMIzp0IadFPwaGNaGR7\n0b0rXybUf3nlgyMwIU62MUO/PFyEqsG9T3xaor/F0gs6glWbZ+vP0LXGiQiYlnuN\n9wwXt50D9ZMuPloNutZwwLLJUfZYpDvmdPhTbHMCrX3yKhySmeGMU9tvxgCg2B/U\nK+Jnj9GOPn8yoHNhre3Ft/uwuXOd8E8z9DnwXGVRFMqRUNGOhrNWVw31LiAO10M4\nOs0UEQu5+BYXMIVunQ+UzK+6qfgUZPX6kGiNs5CId5z18wgZidO8D84Dr8mGBlDP\nHfo17mM1y8FpyVsCggEBAM0s/qqjkfQbXSjFSzhryj4i2FA5BHZP1GCCiFMEVLtT\nGy1e1M7Dx0M8B6r7yBcm6Y/iF5V0M6VIBjWLxUFprzsJsKCTiiRzC/DFECfMdWKy\ngmA6wESXMkImxCfHfjY4sZu3NNFRsNgxgxwuIRJHQme/7ox9SW6SBvjmOzvE/fWY\nTXw1E6vYjIjqlgiXqNvTnNlw07tT7Vsg59GntvjqZkmD611uBPyZQVJKvipxPC9X\nrZFw1YgZrp6lXwr40chht5ofxMUWOMICym11HRLxzMVFyZ0//zFGcjd0vSaTdk4J\nJQMzAJZYWnPUUrTtv5MJrM3Bcds/FBVarK0QlfLKuUsCggEBAJhi89h5r/wWHoEL\nBNljVYko/tggC2brLZO4IrGRg1cTEd7u1/i6HD3K0RgUdSUCpqKaUp3PqdSauYnD\nubfJ5xlhSYGexlKnifoIs7eIeZBrRWLQ4g8Tv7wOpVQeGvH+pYCQr6WYbl41RF0o\nquYWTxr27OnblL/4Efni1nGs0lcL/5Lp09nNEPEh/9HdCM1Niiwm8og9NC2r8WMJ\ny2TVyy9FTKO1dpHJetfgQ/MkuWktCKjeKtNpg3kK7nQ/0W9rjXeyovgyMW6w5EPj\nRymWTDe4UxLkY9yiZwB0hdJNo+Gt0/NvlzEKxHdrT51ybP9BtKVNciJdfnCoPO5V\nruH+TC8CggEAN7hOePzu+EIuLJJX+Tycsf84i6DQa2kGnicU6qa0dCL/sHSeioB0\nrvewhWjXUCJLL74Q9Y+XLv2+YfBRY5BV/EyHYTRwQbHUvlBmMMi/4EvmSEfsSzRc\ne8aXYs40onkHEujQOUBcLHpVxuNoK9SaXh6rpA+qT5Lsvc+YqoS3C2mPMXogm3y1\nvcEnebHmM7zmTc7sUWVbgnIPQsqvUC4oFTL0Sm1EgW0FZlnSByi1VY4UHvlrpAiF\neaQjiZFFN4wCFqMmBvgf9eBYJR23BZwRJknrlP76SOF+xzy22bEWYd7t5E6HjEz2\nU5qH04b1jfMEsOQmDYq14466ck2cy1DuvQKCAQEAhzfCo8at2tAxd+K9wHNfCBmU\ne8nloGLmINojNjlntAS4eT5AjJ4DwiO9V+ZC08asXdw/rcYXoDEq2I6ES14GyNq9\nMaoJkIB30uPe6iHYvjUOxU9UV0qvrgd9QbjFVDcdz33AquPiOQ2lmWPZ43xlLdlq\nMlQTTeWmE1zr6tRsD+TOlUgvqMNq8bX4Ht75KlzgYng1eQ1VfQR80r4OAQZUM477\nbNfL0tjwg20KsnFLdzG6zScAaq/al6zIuTMhk2VsgQafTszoMEls2MyeswUgKO/q\n4t5t1Ek2nmPEeIiNTkd+DP6FWiNinG0oVg0FEcMidWKhlyt0Zl1RYE9Ko6ITkQ==\n-----END RSA PRIVATE KEY-----\n",
            "content_base64": null,
            "content_base64sha256": "5AL4dj9gChnTXni2RL9DVHQhlDaQl858me7ok0Pj9ZA=",
            "content_base64sha512": "uxehB9GJo3InAH6p4UdT3084l2WVIj9GT19K8jylryzvTuEIautfcqbz9RQDrpDuuXCvRuUS9vSL7XAwycpwCQ==",
            "content_md5": "acc62981fbe895a9e84ec7f4723ccda8",
            "content_sha1": "103b00f86af0e657f2e9426bddcc745cd613f5ca",
            "content_sha256": "e402f8763f600a19d35e78b644bf4354742194369097ce7c99eee89343e3f590",
            "content_sha512": "bb17a107d189a37227007ea9e14753df4f38976595223f464f5f4af23ca5af2cef4ee1086aeb5f72a6f3f51403ae90eeb970af46e512f6f48bed7030c9ca7009",
            "directory_permission": "0700",
            "file_permission": "0600",
            "filename": "./id_rsa",
            "id": "103b00f86af0e657f2e9426bddcc745cd613f5ca",
            "source": null
          },
          "sensitive_attributes": [
            [
              {
                "type": "get_attr",
                "value": "content"
              }
            ]
          ],
          "dependencies": [
            "tls_private_key.ssh"
          ]
        }
      ]
    },
    {
      "mode": "managed",
      "type": "tls_private_key",
      "name": "ssh",
      "provider": "provider[\"registry.terraform.io/hashicorp/tls\"]",
      "instances": [
        {
          "schema_version": 1,
          "attributes": {
            "algorithm": "RSA",
            "ecdsa_curve": "P224",
            "id": "e3c049e44febc8463218a1a02171d4079a6f21bd",
            "private_key_openssh": "-----BEGIN OPENSSH PRIVATE KEY-----\nb3BlbnNzaC1rZXktdjEAAAAABG5vbmUAAAAEbm9uZQAAAAAAAAABAAACFwAAAAdz\nc2gtcnNhAAAAAwEAAQAAAgEAmolfokHP/MZUT6PIiN/2FsfIF/H+ccaV7bd6OsVW\nS1IsQbA95IB4H3SPdMG50d42ic0OF16yDxHhdzf2V1MXoZODkdAmdFmf6bJW/w6+\nNasxduVHOhdpWelXyzwDgq7I95LEvFMMDrd/p2esY8QupsgTiV0Jw4W3FEmfKFJf\nGGvpyZV4J6fEx8VMLU6w2YO6swTsQiJkcvODvWEpZN6p3B5HGwLq0Vpj1gjIsC0z\nuf0nx5MOhrUS3E5qmQ3J6ieCiEEDWQV27sWz8cAQysEeXT7KXzcheucr5SADrc0N\nmneXSZGTyqjVSByGVMRI2lPZy9MFEbRw+J0LuC5uC18BYIpX/+JhU+E7YHSvLEbR\nxyegohjlk0+/LDg/Wdkv4ohUhRJMz92E6hWUARpTww08dz4/RXrlcaeh4+9exjJs\nfD3kOwekOui7wJImuLKksHUvO2ozosfe1HkAZukjZ0fVa8XeLT4GnQ2G/dutOfrP\nJR6bvrUxXHTu+mAHEa3K1oPoQo8CYcJUm56qq9jAm7bf5e55L5a5bNhZlta0+DVr\nlVR1V3h1CSC4NZBrDk5FACGeMbF68RS97DFkvZygCcMYLI6SMyKN+ilDX8tgtYCE\nPitBqiJC7thaUfhgb5aa+TcJang/DkAeO5ztIaPBi9wOhiHe9ivCEj6n/jSBPwRO\nwKkAAAc43h/Ha94fx2sAAAAHc3NoLXJzYQAAAgEAmolfokHP/MZUT6PIiN/2FsfI\nF/H+ccaV7bd6OsVWS1IsQbA95IB4H3SPdMG50d42ic0OF16yDxHhdzf2V1MXoZOD\nkdAmdFmf6bJW/w6+NasxduVHOhdpWelXyzwDgq7I95LEvFMMDrd/p2esY8QupsgT\niV0Jw4W3FEmfKFJfGGvpyZV4J6fEx8VMLU6w2YO6swTsQiJkcvODvWEpZN6p3B5H\nGwLq0Vpj1gjIsC0zuf0nx5MOhrUS3E5qmQ3J6ieCiEEDWQV27sWz8cAQysEeXT7K\nXzcheucr5SADrc0NmneXSZGTyqjVSByGVMRI2lPZy9MFEbRw+J0LuC5uC18BYIpX\n/+JhU+E7YHSvLEbRxyegohjlk0+/LDg/Wdkv4ohUhRJMz92E6hWUARpTww08dz4/\nRXrlcaeh4+9exjJsfD3kOwekOui7wJImuLKksHUvO2ozosfe1HkAZukjZ0fVa8Xe\nLT4GnQ2G/dutOfrPJR6bvrUxXHTu+mAHEa3K1oPoQo8CYcJUm56qq9jAm7bf5e55\nL5a5bNhZlta0+DVrlVR1V3h1CSC4NZBrDk5FACGeMbF68RS97DFkvZygCcMYLI6S\nMyKN+ilDX8tgtYCEPitBqiJC7thaUfhgb5aa+TcJang/DkAeO5ztIaPBi9wOhiHe\n9ivCEj6n/jSBPwROwKkAAAADAQABAAACAQCRLhezNsLwBV71xrfBpy3pLt0TadwS\nBW+a+TESf4vXjSZYu/sZbXvsiTOwi8NHn8x63zKqz+LV94Vq3B9I4J4lxJDpbrSB\nwCVUhp/mVHJrtx3sRfAJai8mMeqx2vqtTgktVSwQhLCiLs/1dJdmzsrJEtQPy2E9\n16QsohGs7t258r+bCxnrn1hmGTu8oN3SK0g9oJVYeDkIKTANvXcG9Yx8Z9GDVdVG\nwvViAbSQlpau118ExmnyMbC7WcwZZ/PWUDH4UaOUgWa/YOrxZfAgmxcsoK28j+2b\nKgx53/60zBxIjquJiQNgdAaTDYFBp3mN6xKEwwVTIcK0Pc3hxXTKqAGAu/CqVctb\n39f1+6ZpdR+/zqIsxdmuyZQA0G6sMrfjePGaqKCuSedpeLTWVOg9Ql+0mCClusZW\nZhQNA4moFUBlw4Oz4hY7DIWZgJBguArbYps5d5HLmg0ycwhke3R2+egbFhxOdSCV\nV55XcVBf3HIv0KQnMbZfZHcgRvU8/s20YBb0P7I797Isc8/AS2XGlfryxjuNbaxU\n7/AgsN9UsoZXvZlkH93lb2JHRzL+VqGgotwFzQzAhZkD5Wc+lfRDqwjUwvmg3h7q\nFHNYCGPo7+ayB4OO6YaDwP6FYd6rQctiEzwPRbA9SmIZo9RNlutQvfpUjYhO7eeN\n6I+/Ky1F91gABQAAAQEAhzfCo8at2tAxd+K9wHNfCBmUe8nloGLmINojNjlntAS4\neT5AjJ4DwiO9V+ZC08asXdw/rcYXoDEq2I6ES14GyNq9MaoJkIB30uPe6iHYvjUO\nxU9UV0qvrgd9QbjFVDcdz33AquPiOQ2lmWPZ43xlLdlqMlQTTeWmE1zr6tRsD+TO\nlUgvqMNq8bX4Ht75KlzgYng1eQ1VfQR80r4OAQZUM477bNfL0tjwg20KsnFLdzG6\nzScAaq/al6zIuTMhk2VsgQafTszoMEls2MyeswUgKO/q4t5t1Ek2nmPEeIiNTkd+\nDP6FWiNinG0oVg0FEcMidWKhlyt0Zl1RYE9Ko6ITkQAAAQEAwNEmjdlmnw1aT7EG\n91EbaLDnecEobhLfhuBLpj59BSMpPuXLR8+WYwjOnQhp0U/BoY1oZHvRvStfJtR/\neeWDIzAhTrYxQ788XISqwb1PfFqiv8XSCzqCVZtn68/QtcaJCJiWe433DBe3nQP1\nky4+Wg261nDAsslR9likO+Z0+FNscwKtffIqHJKZ4YxT22/GAKDYH9Qr4meP0Y4+\nfzKgc2Gt7cW3+7C5c53wTzP0OfBcZVEUypFQ0Y6Gs1ZXDfUuIA7XQzg6zRQRC7n4\nFhcwhW6dD5TMr7qp+BRk9fqQaI2zkIh3nPXzCBmJ07wPzgOvyYYGUM8d+jXuYzXL\nwWnJWwAAAQEAzSz+qqOR9BtdKMVLOGvKPiLYUDkEdk/UYIKIUwRUu1MbLV7UzsPH\nQzwHqvvIFybpj+IXlXQzpUgGNYvFQWmvOwmwoJOKJHML8MUQJ8x1YrKCYDrARJcy\nQibEJ8d+Njixm7c00VGw2DGDHC4hEkdCZ7/ujH1JbpIG+OY7O8T99ZhNfDUTq9iM\niOqWCJeo29Oc2XDTu1PtWyDn0ae2+OpmSYPrXW4E/JlBUkq+KnE8L1etkXDViBmu\nnqVfCvjRyGG3mh/ExRY4wgLKbXUdEvHMxUXJnT//MUZyN3S9JpN2TgklAzMAllha\nc9RStO2/kwmszcFx2z8UFVqsrRCV8sq5SwAAAAAB\n-----END OPENSSH PRIVATE KEY-----\n",
            "private_key_pem": "-----BEGIN RSA PRIVATE KEY-----\nMIIJKgIBAAKCAgEAmolfokHP/MZUT6PIiN/2FsfIF/H+ccaV7bd6OsVWS1IsQbA9\n5IB4H3SPdMG50d42ic0OF16yDxHhdzf2V1MXoZODkdAmdFmf6bJW/w6+NasxduVH\nOhdpWelXyzwDgq7I95LEvFMMDrd/p2esY8QupsgTiV0Jw4W3FEmfKFJfGGvpyZV4\nJ6fEx8VMLU6w2YO6swTsQiJkcvODvWEpZN6p3B5HGwLq0Vpj1gjIsC0zuf0nx5MO\nhrUS3E5qmQ3J6ieCiEEDWQV27sWz8cAQysEeXT7KXzcheucr5SADrc0NmneXSZGT\nyqjVSByGVMRI2lPZy9MFEbRw+J0LuC5uC18BYIpX/+JhU+E7YHSvLEbRxyegohjl\nk0+/LDg/Wdkv4ohUhRJMz92E6hWUARpTww08dz4/RXrlcaeh4+9exjJsfD3kOwek\nOui7wJImuLKksHUvO2ozosfe1HkAZukjZ0fVa8XeLT4GnQ2G/dutOfrPJR6bvrUx\nXHTu+mAHEa3K1oPoQo8CYcJUm56qq9jAm7bf5e55L5a5bNhZlta0+DVrlVR1V3h1\nCSC4NZBrDk5FACGeMbF68RS97DFkvZygCcMYLI6SMyKN+ilDX8tgtYCEPitBqiJC\n7thaUfhgb5aa+TcJang/DkAeO5ztIaPBi9wOhiHe9ivCEj6n/jSBPwROwKkCAwEA\nAQKCAgEAkS4XszbC8AVe9ca3wact6S7dE2ncEgVvmvkxEn+L140mWLv7GW177Ikz\nsIvDR5/Met8yqs/i1feFatwfSOCeJcSQ6W60gcAlVIaf5lRya7cd7EXwCWovJjHq\nsdr6rU4JLVUsEISwoi7P9XSXZs7KyRLUD8thPdekLKIRrO7dufK/mwsZ659YZhk7\nvKDd0itIPaCVWHg5CCkwDb13BvWMfGfRg1XVRsL1YgG0kJaWrtdfBMZp8jGwu1nM\nGWfz1lAx+FGjlIFmv2Dq8WXwIJsXLKCtvI/tmyoMed/+tMwcSI6riYkDYHQGkw2B\nQad5jesShMMFUyHCtD3N4cV0yqgBgLvwqlXLW9/X9fumaXUfv86iLMXZrsmUANBu\nrDK343jxmqigrknnaXi01lToPUJftJggpbrGVmYUDQOJqBVAZcODs+IWOwyFmYCQ\nYLgK22KbOXeRy5oNMnMIZHt0dvnoGxYcTnUglVeeV3FQX9xyL9CkJzG2X2R3IEb1\nPP7NtGAW9D+yO/eyLHPPwEtlxpX68sY7jW2sVO/wILDfVLKGV72ZZB/d5W9iR0cy\n/lahoKLcBc0MwIWZA+VnPpX0Q6sI1ML5oN4e6hRzWAhj6O/msgeDjumGg8D+hWHe\nq0HLYhM8D0WwPUpiGaPUTZbrUL36VI2ITu3njeiPvystRfdYAAUCggEBAMDRJo3Z\nZp8NWk+xBvdRG2iw53nBKG4S34bgS6Y+fQUjKT7ly0fPlmMIzp0IadFPwaGNaGR7\n0b0rXybUf3nlgyMwIU62MUO/PFyEqsG9T3xaor/F0gs6glWbZ+vP0LXGiQiYlnuN\n9wwXt50D9ZMuPloNutZwwLLJUfZYpDvmdPhTbHMCrX3yKhySmeGMU9tvxgCg2B/U\nK+Jnj9GOPn8yoHNhre3Ft/uwuXOd8E8z9DnwXGVRFMqRUNGOhrNWVw31LiAO10M4\nOs0UEQu5+BYXMIVunQ+UzK+6qfgUZPX6kGiNs5CId5z18wgZidO8D84Dr8mGBlDP\nHfo17mM1y8FpyVsCggEBAM0s/qqjkfQbXSjFSzhryj4i2FA5BHZP1GCCiFMEVLtT\nGy1e1M7Dx0M8B6r7yBcm6Y/iF5V0M6VIBjWLxUFprzsJsKCTiiRzC/DFECfMdWKy\ngmA6wESXMkImxCfHfjY4sZu3NNFRsNgxgxwuIRJHQme/7ox9SW6SBvjmOzvE/fWY\nTXw1E6vYjIjqlgiXqNvTnNlw07tT7Vsg59GntvjqZkmD611uBPyZQVJKvipxPC9X\nrZFw1YgZrp6lXwr40chht5ofxMUWOMICym11HRLxzMVFyZ0//zFGcjd0vSaTdk4J\nJQMzAJZYWnPUUrTtv5MJrM3Bcds/FBVarK0QlfLKuUsCggEBAJhi89h5r/wWHoEL\nBNljVYko/tggC2brLZO4IrGRg1cTEd7u1/i6HD3K0RgUdSUCpqKaUp3PqdSauYnD\nubfJ5xlhSYGexlKnifoIs7eIeZBrRWLQ4g8Tv7wOpVQeGvH+pYCQr6WYbl41RF0o\nquYWTxr27OnblL/4Efni1nGs0lcL/5Lp09nNEPEh/9HdCM1Niiwm8og9NC2r8WMJ\ny2TVyy9FTKO1dpHJetfgQ/MkuWktCKjeKtNpg3kK7nQ/0W9rjXeyovgyMW6w5EPj\nRymWTDe4UxLkY9yiZwB0hdJNo+Gt0/NvlzEKxHdrT51ybP9BtKVNciJdfnCoPO5V\nruH+TC8CggEAN7hOePzu+EIuLJJX+Tycsf84i6DQa2kGnicU6qa0dCL/sHSeioB0\nrvewhWjXUCJLL74Q9Y+XLv2+YfBRY5BV/EyHYTRwQbHUvlBmMMi/4EvmSEfsSzRc\ne8aXYs40onkHEujQOUBcLHpVxuNoK9SaXh6rpA+qT5Lsvc+YqoS3C2mPMXogm3y1\nvcEnebHmM7zmTc7sUWVbgnIPQsqvUC4oFTL0Sm1EgW0FZlnSByi1VY4UHvlrpAiF\neaQjiZFFN4wCFqMmBvgf9eBYJR23BZwRJknrlP76SOF+xzy22bEWYd7t5E6HjEz2\nU5qH04b1jfMEsOQmDYq14466ck2cy1DuvQKCAQEAhzfCo8at2tAxd+K9wHNfCBmU\ne8nloGLmINojNjlntAS4eT5AjJ4DwiO9V+ZC08asXdw/rcYXoDEq2I6ES14GyNq9\nMaoJkIB30uPe6iHYvjUOxU9UV0qvrgd9QbjFVDcdz33AquPiOQ2lmWPZ43xlLdlq\nMlQTTeWmE1zr6tRsD+TOlUgvqMNq8bX4Ht75KlzgYng1eQ1VfQR80r4OAQZUM477\nbNfL0tjwg20KsnFLdzG6zScAaq/al6zIuTMhk2VsgQafTszoMEls2MyeswUgKO/q\n4t5t1Ek2nmPEeIiNTkd+DP6FWiNinG0oVg0FEcMidWKhlyt0Zl1RYE9Ko6ITkQ==\n-----END RSA PRIVATE KEY-----\n",
            "private_key_pem_pkcs8": "-----BEGIN PRIVATE KEY-----\nMIIJRAIBADANBgkqhkiG9w0BAQEFAASCCS4wggkqAgEAAoICAQCaiV+iQc/8xlRP\no8iI3/YWx8gX8f5xxpXtt3o6xVZLUixBsD3kgHgfdI90wbnR3jaJzQ4XXrIPEeF3\nN/ZXUxehk4OR0CZ0WZ/pslb/Dr41qzF25Uc6F2lZ6VfLPAOCrsj3ksS8UwwOt3+n\nZ6xjxC6myBOJXQnDhbcUSZ8oUl8Ya+nJlXgnp8THxUwtTrDZg7qzBOxCImRy84O9\nYSlk3qncHkcbAurRWmPWCMiwLTO5/SfHkw6GtRLcTmqZDcnqJ4KIQQNZBXbuxbPx\nwBDKwR5dPspfNyF65yvlIAOtzQ2ad5dJkZPKqNVIHIZUxEjaU9nL0wURtHD4nQu4\nLm4LXwFgilf/4mFT4TtgdK8sRtHHJ6CiGOWTT78sOD9Z2S/iiFSFEkzP3YTqFZQB\nGlPDDTx3Pj9FeuVxp6Hj717GMmx8PeQ7B6Q66LvAkia4sqSwdS87ajOix97UeQBm\n6SNnR9Vrxd4tPgadDYb92605+s8lHpu+tTFcdO76YAcRrcrWg+hCjwJhwlSbnqqr\n2MCbtt/l7nkvlrls2FmW1rT4NWuVVHVXeHUJILg1kGsOTkUAIZ4xsXrxFL3sMWS9\nnKAJwxgsjpIzIo36KUNfy2C1gIQ+K0GqIkLu2FpR+GBvlpr5NwlqeD8OQB47nO0h\no8GL3A6GId72K8ISPqf+NIE/BE7AqQIDAQABAoICAQCRLhezNsLwBV71xrfBpy3p\nLt0TadwSBW+a+TESf4vXjSZYu/sZbXvsiTOwi8NHn8x63zKqz+LV94Vq3B9I4J4l\nxJDpbrSBwCVUhp/mVHJrtx3sRfAJai8mMeqx2vqtTgktVSwQhLCiLs/1dJdmzsrJ\nEtQPy2E916QsohGs7t258r+bCxnrn1hmGTu8oN3SK0g9oJVYeDkIKTANvXcG9Yx8\nZ9GDVdVGwvViAbSQlpau118ExmnyMbC7WcwZZ/PWUDH4UaOUgWa/YOrxZfAgmxcs\noK28j+2bKgx53/60zBxIjquJiQNgdAaTDYFBp3mN6xKEwwVTIcK0Pc3hxXTKqAGA\nu/CqVctb39f1+6ZpdR+/zqIsxdmuyZQA0G6sMrfjePGaqKCuSedpeLTWVOg9Ql+0\nmCClusZWZhQNA4moFUBlw4Oz4hY7DIWZgJBguArbYps5d5HLmg0ycwhke3R2+egb\nFhxOdSCVV55XcVBf3HIv0KQnMbZfZHcgRvU8/s20YBb0P7I797Isc8/AS2XGlfry\nxjuNbaxU7/AgsN9UsoZXvZlkH93lb2JHRzL+VqGgotwFzQzAhZkD5Wc+lfRDqwjU\nwvmg3h7qFHNYCGPo7+ayB4OO6YaDwP6FYd6rQctiEzwPRbA9SmIZo9RNlutQvfpU\njYhO7eeN6I+/Ky1F91gABQKCAQEAwNEmjdlmnw1aT7EG91EbaLDnecEobhLfhuBL\npj59BSMpPuXLR8+WYwjOnQhp0U/BoY1oZHvRvStfJtR/eeWDIzAhTrYxQ788XISq\nwb1PfFqiv8XSCzqCVZtn68/QtcaJCJiWe433DBe3nQP1ky4+Wg261nDAsslR9lik\nO+Z0+FNscwKtffIqHJKZ4YxT22/GAKDYH9Qr4meP0Y4+fzKgc2Gt7cW3+7C5c53w\nTzP0OfBcZVEUypFQ0Y6Gs1ZXDfUuIA7XQzg6zRQRC7n4FhcwhW6dD5TMr7qp+BRk\n9fqQaI2zkIh3nPXzCBmJ07wPzgOvyYYGUM8d+jXuYzXLwWnJWwKCAQEAzSz+qqOR\n9BtdKMVLOGvKPiLYUDkEdk/UYIKIUwRUu1MbLV7UzsPHQzwHqvvIFybpj+IXlXQz\npUgGNYvFQWmvOwmwoJOKJHML8MUQJ8x1YrKCYDrARJcyQibEJ8d+Njixm7c00VGw\n2DGDHC4hEkdCZ7/ujH1JbpIG+OY7O8T99ZhNfDUTq9iMiOqWCJeo29Oc2XDTu1Pt\nWyDn0ae2+OpmSYPrXW4E/JlBUkq+KnE8L1etkXDViBmunqVfCvjRyGG3mh/ExRY4\nwgLKbXUdEvHMxUXJnT//MUZyN3S9JpN2TgklAzMAllhac9RStO2/kwmszcFx2z8U\nFVqsrRCV8sq5SwKCAQEAmGLz2Hmv/BYegQsE2WNViSj+2CALZustk7gisZGDVxMR\n3u7X+LocPcrRGBR1JQKmoppSnc+p1Jq5icO5t8nnGWFJgZ7GUqeJ+gizt4h5kGtF\nYtDiDxO/vA6lVB4a8f6lgJCvpZhuXjVEXSiq5hZPGvbs6duUv/gR+eLWcazSVwv/\nkunT2c0Q8SH/0d0IzU2KLCbyiD00LavxYwnLZNXLL0VMo7V2kcl61+BD8yS5aS0I\nqN4q02mDeQrudD/Rb2uNd7Ki+DIxbrDkQ+NHKZZMN7hTEuRj3KJnAHSF0k2j4a3T\n82+XMQrEd2tPnXJs/0G0pU1yIl1+cKg87lWu4f5MLwKCAQA3uE54/O74Qi4sklf5\nPJyx/ziLoNBraQaeJxTqprR0Iv+wdJ6KgHSu97CFaNdQIksvvhD1j5cu/b5h8FFj\nkFX8TIdhNHBBsdS+UGYwyL/gS+ZIR+xLNFx7xpdizjSieQcS6NA5QFwselXG42gr\n1JpeHqukD6pPkuy9z5iqhLcLaY8xeiCbfLW9wSd5seYzvOZNzuxRZVuCcg9Cyq9Q\nLigVMvRKbUSBbQVmWdIHKLVVjhQe+WukCIV5pCOJkUU3jAIWoyYG+B/14FglHbcF\nnBEmSeuU/vpI4X7HPLbZsRZh3u3kToeMTPZTmofThvWN8wSw5CYNirXjjrpyTZzL\nUO69AoIBAQCHN8Kjxq3a0DF34r3Ac18IGZR7yeWgYuYg2iM2OWe0BLh5PkCMngPC\nI71X5kLTxqxd3D+txhegMSrYjoRLXgbI2r0xqgmQgHfS497qIdi+NQ7FT1RXSq+u\nB31BuMVUNx3PfcCq4+I5DaWZY9njfGUt2WoyVBNN5aYTXOvq1GwP5M6VSC+ow2rx\ntfge3vkqXOBieDV5DVV9BHzSvg4BBlQzjvts18vS2PCDbQqycUt3MbrNJwBqr9qX\nrMi5MyGTZWyBBp9OzOgwSWzYzJ6zBSAo7+ri3m3USTaeY8R4iI1OR34M/oVaI2Kc\nbShWDQURwyJ1YqGXK3RmXVFgT0qjohOR\n-----END PRIVATE KEY-----\n",
            "public_key_fingerprint_md5": "94:79:4d:91:e9:65:0d:33:18:a3:8d:14:5f:ed:b6:02",
            "public_key_fingerprint_sha256": "SHA256:J3oUvMTailEjGh82eC8HJO6o+FcMeKvfLvzsCEa+8G4",
            "public_key_openssh": "ssh-rsa AAAAB3NzaC1yc2EAAAADAQABAAACAQCaiV+iQc/8xlRPo8iI3/YWx8gX8f5xxpXtt3o6xVZLUixBsD3kgHgfdI90wbnR3jaJzQ4XXrIPEeF3N/ZXUxehk4OR0CZ0WZ/pslb/Dr41qzF25Uc6F2lZ6VfLPAOCrsj3ksS8UwwOt3+nZ6xjxC6myBOJXQnDhbcUSZ8oUl8Ya+nJlXgnp8THxUwtTrDZg7qzBOxCImRy84O9YSlk3qncHkcbAurRWmPWCMiwLTO5/SfHkw6GtRLcTmqZDcnqJ4KIQQNZBXbuxbPxwBDKwR5dPspfNyF65yvlIAOtzQ2ad5dJkZPKqNVIHIZUxEjaU9nL0wURtHD4nQu4Lm4LXwFgilf/4mFT4TtgdK8sRtHHJ6CiGOWTT78sOD9Z2S/iiFSFEkzP3YTqFZQBGlPDDTx3Pj9FeuVxp6Hj717GMmx8PeQ7B6Q66LvAkia4sqSwdS87ajOix97UeQBm6SNnR9Vrxd4tPgadDYb92605+s8lHpu+tTFcdO76YAcRrcrWg+hCjwJhwlSbnqqr2MCbtt/l7nkvlrls2FmW1rT4NWuVVHVXeHUJILg1kGsOTkUAIZ4xsXrxFL3sMWS9nKAJwxgsjpIzIo36KUNfy2C1gIQ+K0GqIkLu2FpR+GBvlpr5NwlqeD8OQB47nO0ho8GL3A6GId72K8ISPqf+NIE/BE7AqQ==\n",
            "public_key_pem": "-----BEGIN PUBLIC KEY-----\nMIICIjANBgkqhkiG9w0BAQEFAAOCAg8AMIICCgKCAgEAmolfokHP/MZUT6PIiN/2\nFsfIF/H+ccaV7bd6OsVWS1IsQbA95IB4H3SPdMG50d42ic0OF16yDxHhdzf2V1MX\noZODkdAmdFmf6bJW/w6+NasxduVHOhdpWelXyzwDgq7I95LEvFMMDrd/p2esY8Qu\npsgTiV0Jw4W3FEmfKFJfGGvpyZV4J6fEx8VMLU6w2YO6swTsQiJkcvODvWEpZN6p\n3B5HGwLq0Vpj1gjIsC0zuf0nx5MOhrUS3E5qmQ3J6ieCiEEDWQV27sWz8cAQysEe\nXT7KXzcheucr5SADrc0NmneXSZGTyqjVSByGVMRI2lPZy9MFEbRw+J0LuC5uC18B\nYIpX/+JhU+E7YHSvLEbRxyegohjlk0+/LDg/Wdkv4ohUhRJMz92E6hWUARpTww08\ndz4/RXrlcaeh4+9exjJsfD3kOwekOui7wJImuLKksHUvO2ozosfe1HkAZukjZ0fV\na8XeLT4GnQ2G/dutOfrPJR6bvrUxXHTu+mAHEa3K1oPoQo8CYcJUm56qq9jAm7bf\n5e55L5a5bNhZlta0+DVrlVR1V3h1CSC4NZBrDk5FACGeMbF68RS97DFkvZygCcMY\nLI6SMyKN+ilDX8tgtYCEPitBqiJC7thaUfhgb5aa+TcJang/DkAeO5ztIaPBi9wO\nhiHe9ivCEj6n/jSBPwROwKkCAwEAAQ==\n-----END PUBLIC KEY-----\n",
            "rsa_bits": 4096
          },
          "sensitive_attributes": []
        }
      ]
    }
  ],
  "check_results": null
}
